// !$*UTF8*$!
{
	archiveVersion = 1;
	classes = {
	};
	objectVersion = 50;
	objects = {

/* Begin PBXBuildFile section */
		9A022AE5249908C00052E819 /* AppDelegate.swift in Sources */ = {isa = PBXBuildFile; fileRef = 9A022AE4249908C00052E819 /* AppDelegate.swift */; };
		9A022AE7249908C00052E819 /* SceneDelegate.swift in Sources */ = {isa = PBXBuildFile; fileRef = 9A022AE6249908C00052E819 /* SceneDelegate.swift */; };
		9A022AE9249908C00052E819 /* NotePickerViewController.swift in Sources */ = {isa = PBXBuildFile; fileRef = 9A022AE8249908C00052E819 /* NotePickerViewController.swift */; };
		9A022AEE249908C20052E819 /* Assets.xcassets in Resources */ = {isa = PBXBuildFile; fileRef = 9A022AED249908C20052E819 /* Assets.xcassets */; };
		9A022AF1249908C20052E819 /* LaunchScreen.storyboard in Resources */ = {isa = PBXBuildFile; fileRef = 9A022AEF249908C20052E819 /* LaunchScreen.storyboard */; };
		9A28E10E24A79828005B3EA4 /* NoteTests.swift in Sources */ = {isa = PBXBuildFile; fileRef = 9A28E10D24A79828005B3EA4 /* NoteTests.swift */; };
		9A3D738924E96EA300A1A515 /* FingeringView.swift in Sources */ = {isa = PBXBuildFile; fileRef = 9A3D738824E96EA300A1A515 /* FingeringView.swift */; };
		9A3D738B24E9787C00A1A515 /* ThreeValveFingeringView.swift in Sources */ = {isa = PBXBuildFile; fileRef = 9A3D738A24E9787C00A1A515 /* ThreeValveFingeringView.swift */; };
		9A3D738D24E97C3800A1A515 /* FourValveFingeringView.swift in Sources */ = {isa = PBXBuildFile; fileRef = 9A3D738C24E97C3800A1A515 /* FourValveFingeringView.swift */; };
		9A438144249D5CE600EDC58F /* UIViewController+Extensions.swift in Sources */ = {isa = PBXBuildFile; fileRef = 9A438143249D5CE600EDC58F /* UIViewController+Extensions.swift */; };
		9A438148249E3CE400EDC58F /* NotePicker.swift in Sources */ = {isa = PBXBuildFile; fileRef = 9A438147249E3CE400EDC58F /* NotePicker.swift */; };
		9A43814A249E3E2600EDC58F /* NotePickerCell.swift in Sources */ = {isa = PBXBuildFile; fileRef = 9A438149249E3E2600EDC58F /* NotePickerCell.swift */; };
		9A55D70824DB795300B493A1 /* DecodingTests.swift in Sources */ = {isa = PBXBuildFile; fileRef = 9A55D70724DB795300B493A1 /* DecodingTests.swift */; };
		9A55D70E24DC7C9E00B493A1 /* StaffView.swift in Sources */ = {isa = PBXBuildFile; fileRef = 9A55D70D24DC7C9E00B493A1 /* StaffView.swift */; };
		9A55D71024DDB8D600B493A1 /* InstrumentsViewController.swift in Sources */ = {isa = PBXBuildFile; fileRef = 9A55D70F24DDB8D600B493A1 /* InstrumentsViewController.swift */; };
		9A55D71424E0337200B493A1 /* LetterArrowViewController.swift in Sources */ = {isa = PBXBuildFile; fileRef = 9A55D71324E0337200B493A1 /* LetterArrowViewController.swift */; };
		9A5CFB3E249A89B300DF319F /* NoteChartCell.swift in Sources */ = {isa = PBXBuildFile; fileRef = 9A5CFB3D249A89B300DF319F /* NoteChartCell.swift */; };
		9A5CFB41249AC09A00DF319F /* UIImage+Extensions.swift in Sources */ = {isa = PBXBuildFile; fileRef = 9A5CFB40249AC09A00DF319F /* UIImage+Extensions.swift */; };
		9A5CFB43249C203800DF319F /* ChartsController.swift in Sources */ = {isa = PBXBuildFile; fileRef = 9A5CFB42249C203800DF319F /* ChartsController.swift */; };
		9A6CD4D424B4C35400D91A83 /* TutorialInfo.swift in Sources */ = {isa = PBXBuildFile; fileRef = 9A6CD4D324B4C35400D91A83 /* TutorialInfo.swift */; };
		9A73FED024AEB27C0002D50C /* SettingsViewController.swift in Sources */ = {isa = PBXBuildFile; fileRef = 9A73FECF24AEB27C0002D50C /* SettingsViewController.swift */; };
		9A73FED224B278380002D50C /* TutorialViewController.swift in Sources */ = {isa = PBXBuildFile; fileRef = 9A73FED124B278380002D50C /* TutorialViewController.swift */; };
		9A81D424249C3BE1001E108B /* ChartsLoader.swift in Sources */ = {isa = PBXBuildFile; fileRef = 9A81D423249C3BE1001E108B /* ChartsLoader.swift */; };
		9A81D426249D5219001E108B /* FingeringPageViewController.swift in Sources */ = {isa = PBXBuildFile; fileRef = 9A81D425249D5218001E108B /* FingeringPageViewController.swift */; };
		9A81D428249D53A2001E108B /* FingeringViewController.swift in Sources */ = {isa = PBXBuildFile; fileRef = 9A81D427249D53A2001E108B /* FingeringViewController.swift */; };
		9A89FFE024F015830059295C /* PositionFingeringView.swift in Sources */ = {isa = PBXBuildFile; fileRef = 9A89FFDF24F015830059295C /* PositionFingeringView.swift */; };
		9A89FFE224F016F10059295C /* Position.swift in Sources */ = {isa = PBXBuildFile; fileRef = 9A89FFE124F016F10059295C /* Position.swift */; };
		9AA70C202499A4FF00FD4DDB /* NoteChartViewController.swift in Sources */ = {isa = PBXBuildFile; fileRef = 9AA70C1F2499A4FF00FD4DDB /* NoteChartViewController.swift */; };
		9AAFFEA224F08C06002CD2B8 /* FTriggerPositionFingeringView.swift in Sources */ = {isa = PBXBuildFile; fileRef = 9AAFFEA124F08C06002CD2B8 /* FTriggerPositionFingeringView.swift */; };
		9ABA603824B8E6C900633E06 /* TutorialCell.swift in Sources */ = {isa = PBXBuildFile; fileRef = 9ABA603724B8E6C900633E06 /* TutorialCell.swift */; };
		9ABA76B924CE5AD200666BE8 /* UIImpactFeedbackGenerator+Extensions.swift in Sources */ = {isa = PBXBuildFile; fileRef = 9ABA76B824CE5AD200666BE8 /* UIImpactFeedbackGenerator+Extensions.swift */; };
		9AC57B7124E42EF4002F8CB9 /* InstrumentTitleLabel.swift in Sources */ = {isa = PBXBuildFile; fileRef = 9AC57B7024E42EF4002F8CB9 /* InstrumentTitleLabel.swift */; };
		9AC57B7324E436F0002F8CB9 /* TitleCell.swift in Sources */ = {isa = PBXBuildFile; fileRef = 9AC57B7224E436F0002F8CB9 /* TitleCell.swift */; };
		9AD5572F24994F120078CB7E /* Colors.xcassets in Resources */ = {isa = PBXBuildFile; fileRef = 9AD5572E24994F110078CB7E /* Colors.xcassets */; };
		9AD5573124994F880078CB7E /* UIFont+Extensions.swift in Sources */ = {isa = PBXBuildFile; fileRef = 9AD5573024994F880078CB7E /* UIFont+Extensions.swift */; };
		9AD55737249954B10078CB7E /* UIView+Extensions.swift in Sources */ = {isa = PBXBuildFile; fileRef = 9AD55736249954B10078CB7E /* UIView+Extensions.swift */; };
		9AD5573A249955AD0078CB7E /* Note.swift in Sources */ = {isa = PBXBuildFile; fileRef = 9AD55739249955AD0078CB7E /* Note.swift */; };
		9AD5573D249957A50078CB7E /* Fingering.swift in Sources */ = {isa = PBXBuildFile; fileRef = 9AD5573C249957A50078CB7E /* Fingering.swift */; };
		9AD5574124995A000078CB7E /* FingeringChart.swift in Sources */ = {isa = PBXBuildFile; fileRef = 9AD5574024995A000078CB7E /* FingeringChart.swift */; };
		9AD5574324995B1D0078CB7E /* Instrument.swift in Sources */ = {isa = PBXBuildFile; fileRef = 9AD5574224995B1D0078CB7E /* Instrument.swift */; };
		9AD5574524995CAB0078CB7E /* NoteFingering.swift in Sources */ = {isa = PBXBuildFile; fileRef = 9AD5574424995CAB0078CB7E /* NoteFingering.swift */; };
		9AD5574724995EC10078CB7E /* Charts.json in Resources */ = {isa = PBXBuildFile; fileRef = 9AD5574624995EC10078CB7E /* Charts.json */; };
		9AED650824B6AE8C00760672 /* UserDefaults+Extensions.swift in Sources */ = {isa = PBXBuildFile; fileRef = 9AED650724B6AE8C00760672 /* UserDefaults+Extensions.swift */; };
/* End PBXBuildFile section */

/* Begin PBXContainerItemProxy section */
		9A022AF8249908C30052E819 /* PBXContainerItemProxy */ = {
			isa = PBXContainerItemProxy;
			containerPortal = 9A022AD9249908C00052E819 /* Project object */;
			proxyType = 1;
			remoteGlobalIDString = 9A022AE0249908C00052E819;
			remoteInfo = NOTEbook;
		};
/* End PBXContainerItemProxy section */

/* Begin PBXFileReference section */
		9A022AE1249908C00052E819 /* NOTEbook.app */ = {isa = PBXFileReference; explicitFileType = wrapper.application; includeInIndex = 0; path = NOTEbook.app; sourceTree = BUILT_PRODUCTS_DIR; };
		9A022AE4249908C00052E819 /* AppDelegate.swift */ = {isa = PBXFileReference; lastKnownFileType = sourcecode.swift; path = AppDelegate.swift; sourceTree = "<group>"; };
		9A022AE6249908C00052E819 /* SceneDelegate.swift */ = {isa = PBXFileReference; lastKnownFileType = sourcecode.swift; path = SceneDelegate.swift; sourceTree = "<group>"; };
		9A022AE8249908C00052E819 /* NotePickerViewController.swift */ = {isa = PBXFileReference; lastKnownFileType = sourcecode.swift; path = NotePickerViewController.swift; sourceTree = "<group>"; };
		9A022AED249908C20052E819 /* Assets.xcassets */ = {isa = PBXFileReference; lastKnownFileType = folder.assetcatalog; path = Assets.xcassets; sourceTree = "<group>"; };
		9A022AF0249908C20052E819 /* Base */ = {isa = PBXFileReference; lastKnownFileType = file.storyboard; name = Base; path = Base.lproj/LaunchScreen.storyboard; sourceTree = "<group>"; };
		9A022AF2249908C20052E819 /* Info.plist */ = {isa = PBXFileReference; lastKnownFileType = text.plist.xml; path = Info.plist; sourceTree = "<group>"; };
		9A022AF7249908C30052E819 /* NOTEbookTests.xctest */ = {isa = PBXFileReference; explicitFileType = wrapper.cfbundle; includeInIndex = 0; path = NOTEbookTests.xctest; sourceTree = BUILT_PRODUCTS_DIR; };
		9A022AFD249908C30052E819 /* Info.plist */ = {isa = PBXFileReference; lastKnownFileType = text.plist.xml; path = Info.plist; sourceTree = "<group>"; };
		9A28E10D24A79828005B3EA4 /* NoteTests.swift */ = {isa = PBXFileReference; lastKnownFileType = sourcecode.swift; path = NoteTests.swift; sourceTree = "<group>"; };
		9A3D738824E96EA300A1A515 /* FingeringView.swift */ = {isa = PBXFileReference; lastKnownFileType = sourcecode.swift; path = FingeringView.swift; sourceTree = "<group>"; };
		9A3D738A24E9787C00A1A515 /* ThreeValveFingeringView.swift */ = {isa = PBXFileReference; lastKnownFileType = sourcecode.swift; path = ThreeValveFingeringView.swift; sourceTree = "<group>"; };
		9A3D738C24E97C3800A1A515 /* FourValveFingeringView.swift */ = {isa = PBXFileReference; lastKnownFileType = sourcecode.swift; path = FourValveFingeringView.swift; sourceTree = "<group>"; };
		9A438143249D5CE600EDC58F /* UIViewController+Extensions.swift */ = {isa = PBXFileReference; lastKnownFileType = sourcecode.swift; path = "UIViewController+Extensions.swift"; sourceTree = "<group>"; };
		9A438147249E3CE400EDC58F /* NotePicker.swift */ = {isa = PBXFileReference; lastKnownFileType = sourcecode.swift; path = NotePicker.swift; sourceTree = "<group>"; };
		9A438149249E3E2600EDC58F /* NotePickerCell.swift */ = {isa = PBXFileReference; lastKnownFileType = sourcecode.swift; path = NotePickerCell.swift; sourceTree = "<group>"; };
		9A55D70724DB795300B493A1 /* DecodingTests.swift */ = {isa = PBXFileReference; lastKnownFileType = sourcecode.swift; path = DecodingTests.swift; sourceTree = "<group>"; };
		9A55D70D24DC7C9E00B493A1 /* StaffView.swift */ = {isa = PBXFileReference; lastKnownFileType = sourcecode.swift; path = StaffView.swift; sourceTree = "<group>"; };
		9A55D70F24DDB8D600B493A1 /* InstrumentsViewController.swift */ = {isa = PBXFileReference; lastKnownFileType = sourcecode.swift; path = InstrumentsViewController.swift; sourceTree = "<group>"; };
		9A55D71324E0337200B493A1 /* LetterArrowViewController.swift */ = {isa = PBXFileReference; lastKnownFileType = sourcecode.swift; path = LetterArrowViewController.swift; sourceTree = "<group>"; };
		9A5CFB3D249A89B300DF319F /* NoteChartCell.swift */ = {isa = PBXFileReference; lastKnownFileType = sourcecode.swift; path = NoteChartCell.swift; sourceTree = "<group>"; };
		9A5CFB40249AC09A00DF319F /* UIImage+Extensions.swift */ = {isa = PBXFileReference; lastKnownFileType = sourcecode.swift; path = "UIImage+Extensions.swift"; sourceTree = "<group>"; };
		9A5CFB42249C203800DF319F /* ChartsController.swift */ = {isa = PBXFileReference; lastKnownFileType = sourcecode.swift; path = ChartsController.swift; sourceTree = "<group>"; };
		9A6CD4D324B4C35400D91A83 /* TutorialInfo.swift */ = {isa = PBXFileReference; lastKnownFileType = sourcecode.swift; path = TutorialInfo.swift; sourceTree = "<group>"; };
		9A73FECF24AEB27C0002D50C /* SettingsViewController.swift */ = {isa = PBXFileReference; lastKnownFileType = sourcecode.swift; path = SettingsViewController.swift; sourceTree = "<group>"; };
		9A73FED124B278380002D50C /* TutorialViewController.swift */ = {isa = PBXFileReference; lastKnownFileType = sourcecode.swift; path = TutorialViewController.swift; sourceTree = "<group>"; };
		9A81D423249C3BE1001E108B /* ChartsLoader.swift */ = {isa = PBXFileReference; lastKnownFileType = sourcecode.swift; path = ChartsLoader.swift; sourceTree = "<group>"; };
		9A81D425249D5218001E108B /* FingeringPageViewController.swift */ = {isa = PBXFileReference; lastKnownFileType = sourcecode.swift; path = FingeringPageViewController.swift; sourceTree = "<group>"; };
		9A81D427249D53A2001E108B /* FingeringViewController.swift */ = {isa = PBXFileReference; lastKnownFileType = sourcecode.swift; path = FingeringViewController.swift; sourceTree = "<group>"; };
		9A89FFDF24F015830059295C /* PositionFingeringView.swift */ = {isa = PBXFileReference; lastKnownFileType = sourcecode.swift; path = PositionFingeringView.swift; sourceTree = "<group>"; };
		9A89FFE124F016F10059295C /* Position.swift */ = {isa = PBXFileReference; lastKnownFileType = sourcecode.swift; path = Position.swift; sourceTree = "<group>"; };
		9AA70C1F2499A4FF00FD4DDB /* NoteChartViewController.swift */ = {isa = PBXFileReference; lastKnownFileType = sourcecode.swift; path = NoteChartViewController.swift; sourceTree = "<group>"; };
		9AAFFEA124F08C06002CD2B8 /* FTriggerPositionFingeringView.swift */ = {isa = PBXFileReference; lastKnownFileType = sourcecode.swift; path = FTriggerPositionFingeringView.swift; sourceTree = "<group>"; };
		9ABA603724B8E6C900633E06 /* TutorialCell.swift */ = {isa = PBXFileReference; lastKnownFileType = sourcecode.swift; path = TutorialCell.swift; sourceTree = "<group>"; };
		9ABA76B824CE5AD200666BE8 /* UIImpactFeedbackGenerator+Extensions.swift */ = {isa = PBXFileReference; lastKnownFileType = sourcecode.swift; path = "UIImpactFeedbackGenerator+Extensions.swift"; sourceTree = "<group>"; };
		9AC57B7024E42EF4002F8CB9 /* InstrumentTitleLabel.swift */ = {isa = PBXFileReference; lastKnownFileType = sourcecode.swift; path = InstrumentTitleLabel.swift; sourceTree = "<group>"; };
		9AC57B7224E436F0002F8CB9 /* TitleCell.swift */ = {isa = PBXFileReference; lastKnownFileType = sourcecode.swift; path = TitleCell.swift; sourceTree = "<group>"; };
		9AD5572E24994F110078CB7E /* Colors.xcassets */ = {isa = PBXFileReference; lastKnownFileType = folder.assetcatalog; path = Colors.xcassets; sourceTree = "<group>"; };
		9AD5573024994F880078CB7E /* UIFont+Extensions.swift */ = {isa = PBXFileReference; lastKnownFileType = sourcecode.swift; path = "UIFont+Extensions.swift"; sourceTree = "<group>"; };
		9AD55736249954B10078CB7E /* UIView+Extensions.swift */ = {isa = PBXFileReference; lastKnownFileType = sourcecode.swift; path = "UIView+Extensions.swift"; sourceTree = "<group>"; };
		9AD55739249955AD0078CB7E /* Note.swift */ = {isa = PBXFileReference; lastKnownFileType = sourcecode.swift; path = Note.swift; sourceTree = "<group>"; };
		9AD5573C249957A50078CB7E /* Fingering.swift */ = {isa = PBXFileReference; lastKnownFileType = sourcecode.swift; path = Fingering.swift; sourceTree = "<group>"; };
		9AD5574024995A000078CB7E /* FingeringChart.swift */ = {isa = PBXFileReference; lastKnownFileType = sourcecode.swift; path = FingeringChart.swift; sourceTree = "<group>"; };
		9AD5574224995B1D0078CB7E /* Instrument.swift */ = {isa = PBXFileReference; lastKnownFileType = sourcecode.swift; path = Instrument.swift; sourceTree = "<group>"; };
		9AD5574424995CAB0078CB7E /* NoteFingering.swift */ = {isa = PBXFileReference; lastKnownFileType = sourcecode.swift; path = NoteFingering.swift; sourceTree = "<group>"; };
		9AD5574624995EC10078CB7E /* Charts.json */ = {isa = PBXFileReference; lastKnownFileType = text.json; path = Charts.json; sourceTree = "<group>"; };
		9AED650724B6AE8C00760672 /* UserDefaults+Extensions.swift */ = {isa = PBXFileReference; lastKnownFileType = sourcecode.swift; path = "UserDefaults+Extensions.swift"; sourceTree = "<group>"; };
/* End PBXFileReference section */

/* Begin PBXFrameworksBuildPhase section */
		9A022ADE249908C00052E819 /* Frameworks */ = {
			isa = PBXFrameworksBuildPhase;
			buildActionMask = 2147483647;
			files = (
			);
			runOnlyForDeploymentPostprocessing = 0;
		};
		9A022AF4249908C30052E819 /* Frameworks */ = {
			isa = PBXFrameworksBuildPhase;
			buildActionMask = 2147483647;
			files = (
			);
			runOnlyForDeploymentPostprocessing = 0;
		};
/* End PBXFrameworksBuildPhase section */

/* Begin PBXGroup section */
		9A022AD8249908C00052E819 = {
			isa = PBXGroup;
			children = (
				9A022AE3249908C00052E819 /* NOTEbook */,
				9A022AFA249908C30052E819 /* NOTEbookTests */,
				9A022AE2249908C00052E819 /* Products */,
			);
			sourceTree = "<group>";
		};
		9A022AE2249908C00052E819 /* Products */ = {
			isa = PBXGroup;
			children = (
				9A022AE1249908C00052E819 /* NOTEbook.app */,
				9A022AF7249908C30052E819 /* NOTEbookTests.xctest */,
			);
			name = Products;
			sourceTree = "<group>";
		};
		9A022AE3249908C00052E819 /* NOTEbook */ = {
			isa = PBXGroup;
			children = (
				9A022AE4249908C00052E819 /* AppDelegate.swift */,
				9A022AE6249908C00052E819 /* SceneDelegate.swift */,
				9A5CFB44249C204500DF319F /* Controllers */,
				9A5CFB3F249A8B9500DF319F /* Views */,
				9AD5573B249957960078CB7E /* Models */,
				9AD55738249954F70078CB7E /* Extensions */,
				9A022AED249908C20052E819 /* Assets.xcassets */,
				9AD5572E24994F110078CB7E /* Colors.xcassets */,
				9AD5574624995EC10078CB7E /* Charts.json */,
				9A022AEF249908C20052E819 /* LaunchScreen.storyboard */,
				9A022AF2249908C20052E819 /* Info.plist */,
			);
			path = NOTEbook;
			sourceTree = "<group>";
		};
		9A022AFA249908C30052E819 /* NOTEbookTests */ = {
			isa = PBXGroup;
			children = (
				9A022AFD249908C30052E819 /* Info.plist */,
				9A28E10D24A79828005B3EA4 /* NoteTests.swift */,
				9A55D70724DB795300B493A1 /* DecodingTests.swift */,
			);
			path = NOTEbookTests;
			sourceTree = "<group>";
		};
		9A5CFB3A2499C2C400DF319F /* ViewControllers */ = {
			isa = PBXGroup;
			children = (
				9A022AE8249908C00052E819 /* NotePickerViewController.swift */,
				9AA70C1F2499A4FF00FD4DDB /* NoteChartViewController.swift */,
				9A55D70F24DDB8D600B493A1 /* InstrumentsViewController.swift */,
				9A73FECF24AEB27C0002D50C /* SettingsViewController.swift */,
				9A73FED124B278380002D50C /* TutorialViewController.swift */,
				9A89FFE424F0223D0059295C /* Supplemental */,
			);
			path = ViewControllers;
			sourceTree = "<group>";
		};
		9A5CFB3F249A8B9500DF319F /* Views */ = {
			isa = PBXGroup;
			children = (
				9A89FFE324F022110059295C /* Cells */,
				9A438147249E3CE400EDC58F /* NotePicker.swift */,
				9A55D70D24DC7C9E00B493A1 /* StaffView.swift */,
				9AC57B7024E42EF4002F8CB9 /* InstrumentTitleLabel.swift */,
				9A3D738824E96EA300A1A515 /* FingeringView.swift */,
				9A3D738A24E9787C00A1A515 /* ThreeValveFingeringView.swift */,
				9A3D738C24E97C3800A1A515 /* FourValveFingeringView.swift */,
				9A89FFDF24F015830059295C /* PositionFingeringView.swift */,
				9AAFFEA124F08C06002CD2B8 /* FTriggerPositionFingeringView.swift */,
			);
			path = Views;
			sourceTree = "<group>";
		};
		9A5CFB44249C204500DF319F /* Controllers */ = {
			isa = PBXGroup;
			children = (
				9A5CFB3A2499C2C400DF319F /* ViewControllers */,
				9A5CFB42249C203800DF319F /* ChartsController.swift */,
				9A81D423249C3BE1001E108B /* ChartsLoader.swift */,
			);
			path = Controllers;
			sourceTree = "<group>";
		};
		9A89FFE324F022110059295C /* Cells */ = {
			isa = PBXGroup;
			children = (
				9A438149249E3E2600EDC58F /* NotePickerCell.swift */,
				9A5CFB3D249A89B300DF319F /* NoteChartCell.swift */,
				9AC57B7224E436F0002F8CB9 /* TitleCell.swift */,
				9ABA603724B8E6C900633E06 /* TutorialCell.swift */,
			);
			path = Cells;
			sourceTree = "<group>";
		};
		9A89FFE424F0223D0059295C /* Supplemental */ = {
			isa = PBXGroup;
			children = (
				9A55D71324E0337200B493A1 /* LetterArrowViewController.swift */,
				9A81D425249D5218001E108B /* FingeringPageViewController.swift */,
				9A81D427249D53A2001E108B /* FingeringViewController.swift */,
			);
			path = Supplemental;
			sourceTree = "<group>";
		};
		9AD55738249954F70078CB7E /* Extensions */ = {
			isa = PBXGroup;
			children = (
				9AD5573024994F880078CB7E /* UIFont+Extensions.swift */,
				9ABA76B824CE5AD200666BE8 /* UIImpactFeedbackGenerator+Extensions.swift */,
				9AD55736249954B10078CB7E /* UIView+Extensions.swift */,
				9A5CFB40249AC09A00DF319F /* UIImage+Extensions.swift */,
				9A438143249D5CE600EDC58F /* UIViewController+Extensions.swift */,
				9AED650724B6AE8C00760672 /* UserDefaults+Extensions.swift */,
			);
			path = Extensions;
			sourceTree = "<group>";
		};
		9AD5573B249957960078CB7E /* Models */ = {
			isa = PBXGroup;
			children = (
				9AD5574024995A000078CB7E /* FingeringChart.swift */,
				9AD5574224995B1D0078CB7E /* Instrument.swift */,
				9AD5574424995CAB0078CB7E /* NoteFingering.swift */,
				9AD5573C249957A50078CB7E /* Fingering.swift */,
				9A89FFE124F016F10059295C /* Position.swift */,
				9AD55739249955AD0078CB7E /* Note.swift */,
				9A6CD4D324B4C35400D91A83 /* TutorialInfo.swift */,
			);
			path = Models;
			sourceTree = "<group>";
		};
/* End PBXGroup section */

/* Begin PBXNativeTarget section */
		9A022AE0249908C00052E819 /* NOTEbook */ = {
			isa = PBXNativeTarget;
			buildConfigurationList = 9A022B0B249908C30052E819 /* Build configuration list for PBXNativeTarget "NOTEbook" */;
			buildPhases = (
				9A022ADD249908C00052E819 /* Sources */,
				9A022ADE249908C00052E819 /* Frameworks */,
				9A022ADF249908C00052E819 /* Resources */,
			);
			buildRules = (
			);
			dependencies = (
			);
			name = NOTEbook;
			productName = NOTEbook;
			productReference = 9A022AE1249908C00052E819 /* NOTEbook.app */;
			productType = "com.apple.product-type.application";
		};
		9A022AF6249908C30052E819 /* NOTEbookTests */ = {
			isa = PBXNativeTarget;
			buildConfigurationList = 9A022B0E249908C30052E819 /* Build configuration list for PBXNativeTarget "NOTEbookTests" */;
			buildPhases = (
				9A022AF3249908C30052E819 /* Sources */,
				9A022AF4249908C30052E819 /* Frameworks */,
				9A022AF5249908C30052E819 /* Resources */,
			);
			buildRules = (
			);
			dependencies = (
				9A022AF9249908C30052E819 /* PBXTargetDependency */,
			);
			name = NOTEbookTests;
			productName = NOTEbookTests;
			productReference = 9A022AF7249908C30052E819 /* NOTEbookTests.xctest */;
			productType = "com.apple.product-type.bundle.unit-test";
		};
/* End PBXNativeTarget section */

/* Begin PBXProject section */
		9A022AD9249908C00052E819 /* Project object */ = {
			isa = PBXProject;
			attributes = {
				LastSwiftUpdateCheck = 1150;
				LastUpgradeCheck = 1200;
				ORGANIZATIONNAME = "Matt Free";
				TargetAttributes = {
					9A022AE0249908C00052E819 = {
						CreatedOnToolsVersion = 11.5;
					};
					9A022AF6249908C30052E819 = {
						CreatedOnToolsVersion = 11.5;
						LastSwiftMigration = 1200;
						TestTargetID = 9A022AE0249908C00052E819;
					};
				};
			};
			buildConfigurationList = 9A022ADC249908C00052E819 /* Build configuration list for PBXProject "NOTEbook" */;
			compatibilityVersion = "Xcode 9.3";
			developmentRegion = en;
			hasScannedForEncodings = 0;
			knownRegions = (
				en,
				Base,
			);
			mainGroup = 9A022AD8249908C00052E819;
			productRefGroup = 9A022AE2249908C00052E819 /* Products */;
			projectDirPath = "";
			projectRoot = "";
			targets = (
				9A022AE0249908C00052E819 /* NOTEbook */,
				9A022AF6249908C30052E819 /* NOTEbookTests */,
			);
		};
/* End PBXProject section */

/* Begin PBXResourcesBuildPhase section */
		9A022ADF249908C00052E819 /* Resources */ = {
			isa = PBXResourcesBuildPhase;
			buildActionMask = 2147483647;
			files = (
				9AD5574724995EC10078CB7E /* Charts.json in Resources */,
				9AD5572F24994F120078CB7E /* Colors.xcassets in Resources */,
				9A022AF1249908C20052E819 /* LaunchScreen.storyboard in Resources */,
				9A022AEE249908C20052E819 /* Assets.xcassets in Resources */,
			);
			runOnlyForDeploymentPostprocessing = 0;
		};
		9A022AF5249908C30052E819 /* Resources */ = {
			isa = PBXResourcesBuildPhase;
			buildActionMask = 2147483647;
			files = (
			);
			runOnlyForDeploymentPostprocessing = 0;
		};
/* End PBXResourcesBuildPhase section */

/* Begin PBXSourcesBuildPhase section */
		9A022ADD249908C00052E819 /* Sources */ = {
			isa = PBXSourcesBuildPhase;
			buildActionMask = 2147483647;
			files = (
				9AD55737249954B10078CB7E /* UIView+Extensions.swift in Sources */,
				9A022AE9249908C00052E819 /* NotePickerViewController.swift in Sources */,
				9A3D738924E96EA300A1A515 /* FingeringView.swift in Sources */,
				9AC57B7324E436F0002F8CB9 /* TitleCell.swift in Sources */,
				9A022AE5249908C00052E819 /* AppDelegate.swift in Sources */,
				9A81D426249D5219001E108B /* FingeringPageViewController.swift in Sources */,
				9A438144249D5CE600EDC58F /* UIViewController+Extensions.swift in Sources */,
				9A3D738D24E97C3800A1A515 /* FourValveFingeringView.swift in Sources */,
				9AD5573D249957A50078CB7E /* Fingering.swift in Sources */,
				9A81D428249D53A2001E108B /* FingeringViewController.swift in Sources */,
				9AD5574124995A000078CB7E /* FingeringChart.swift in Sources */,
				9AC57B7124E42EF4002F8CB9 /* InstrumentTitleLabel.swift in Sources */,
				9AD5573124994F880078CB7E /* UIFont+Extensions.swift in Sources */,
				9A55D70E24DC7C9E00B493A1 /* StaffView.swift in Sources */,
				9A022AE7249908C00052E819 /* SceneDelegate.swift in Sources */,
				9A438148249E3CE400EDC58F /* NotePicker.swift in Sources */,
				9A73FED224B278380002D50C /* TutorialViewController.swift in Sources */,
				9A55D71024DDB8D600B493A1 /* InstrumentsViewController.swift in Sources */,
				9AA70C202499A4FF00FD4DDB /* NoteChartViewController.swift in Sources */,
				9AED650824B6AE8C00760672 /* UserDefaults+Extensions.swift in Sources */,
				9A6CD4D424B4C35400D91A83 /* TutorialInfo.swift in Sources */,
				9A5CFB43249C203800DF319F /* ChartsController.swift in Sources */,
				9A3D738B24E9787C00A1A515 /* ThreeValveFingeringView.swift in Sources */,
				9A73FED024AEB27C0002D50C /* SettingsViewController.swift in Sources */,
				9AD5574524995CAB0078CB7E /* NoteFingering.swift in Sources */,
				9A89FFE024F015830059295C /* PositionFingeringView.swift in Sources */,
				9AAFFEA224F08C06002CD2B8 /* FTriggerPositionFingeringView.swift in Sources */,
				9A89FFE224F016F10059295C /* Position.swift in Sources */,
				9AD5574324995B1D0078CB7E /* Instrument.swift in Sources */,
				9ABA603824B8E6C900633E06 /* TutorialCell.swift in Sources */,
				9A5CFB41249AC09A00DF319F /* UIImage+Extensions.swift in Sources */,
				9A81D424249C3BE1001E108B /* ChartsLoader.swift in Sources */,
				9A55D71424E0337200B493A1 /* LetterArrowViewController.swift in Sources */,
				9A5CFB3E249A89B300DF319F /* NoteChartCell.swift in Sources */,
				9A43814A249E3E2600EDC58F /* NotePickerCell.swift in Sources */,
				9ABA76B924CE5AD200666BE8 /* UIImpactFeedbackGenerator+Extensions.swift in Sources */,
				9AD5573A249955AD0078CB7E /* Note.swift in Sources */,
			);
			runOnlyForDeploymentPostprocessing = 0;
		};
		9A022AF3249908C30052E819 /* Sources */ = {
			isa = PBXSourcesBuildPhase;
			buildActionMask = 2147483647;
			files = (
				9A55D70824DB795300B493A1 /* DecodingTests.swift in Sources */,
				9A28E10E24A79828005B3EA4 /* NoteTests.swift in Sources */,
			);
			runOnlyForDeploymentPostprocessing = 0;
		};
/* End PBXSourcesBuildPhase section */

/* Begin PBXTargetDependency section */
		9A022AF9249908C30052E819 /* PBXTargetDependency */ = {
			isa = PBXTargetDependency;
			target = 9A022AE0249908C00052E819 /* NOTEbook */;
			targetProxy = 9A022AF8249908C30052E819 /* PBXContainerItemProxy */;
		};
/* End PBXTargetDependency section */

/* Begin PBXVariantGroup section */
		9A022AEF249908C20052E819 /* LaunchScreen.storyboard */ = {
			isa = PBXVariantGroup;
			children = (
				9A022AF0249908C20052E819 /* Base */,
			);
			name = LaunchScreen.storyboard;
			sourceTree = "<group>";
		};
/* End PBXVariantGroup section */

/* Begin XCBuildConfiguration section */
		9A022B09249908C30052E819 /* Debug */ = {
			isa = XCBuildConfiguration;
			buildSettings = {
				ALWAYS_SEARCH_USER_PATHS = NO;
				CLANG_ANALYZER_NONNULL = YES;
				CLANG_ANALYZER_NUMBER_OBJECT_CONVERSION = YES_AGGRESSIVE;
				CLANG_CXX_LANGUAGE_STANDARD = "gnu++14";
				CLANG_CXX_LIBRARY = "libc++";
				CLANG_ENABLE_MODULES = YES;
				CLANG_ENABLE_OBJC_ARC = YES;
				CLANG_ENABLE_OBJC_WEAK = YES;
				CLANG_WARN_BLOCK_CAPTURE_AUTORELEASING = YES;
				CLANG_WARN_BOOL_CONVERSION = YES;
				CLANG_WARN_COMMA = YES;
				CLANG_WARN_CONSTANT_CONVERSION = YES;
				CLANG_WARN_DEPRECATED_OBJC_IMPLEMENTATIONS = YES;
				CLANG_WARN_DIRECT_OBJC_ISA_USAGE = YES_ERROR;
				CLANG_WARN_DOCUMENTATION_COMMENTS = YES;
				CLANG_WARN_EMPTY_BODY = YES;
				CLANG_WARN_ENUM_CONVERSION = YES;
				CLANG_WARN_INFINITE_RECURSION = YES;
				CLANG_WARN_INT_CONVERSION = YES;
				CLANG_WARN_NON_LITERAL_NULL_CONVERSION = YES;
				CLANG_WARN_OBJC_IMPLICIT_RETAIN_SELF = YES;
				CLANG_WARN_OBJC_LITERAL_CONVERSION = YES;
				CLANG_WARN_OBJC_ROOT_CLASS = YES_ERROR;
				CLANG_WARN_QUOTED_INCLUDE_IN_FRAMEWORK_HEADER = YES;
				CLANG_WARN_RANGE_LOOP_ANALYSIS = YES;
				CLANG_WARN_STRICT_PROTOTYPES = YES;
				CLANG_WARN_SUSPICIOUS_MOVE = YES;
				CLANG_WARN_UNGUARDED_AVAILABILITY = YES_AGGRESSIVE;
				CLANG_WARN_UNREACHABLE_CODE = YES;
				CLANG_WARN__DUPLICATE_METHOD_MATCH = YES;
				COPY_PHASE_STRIP = NO;
				DEBUG_INFORMATION_FORMAT = dwarf;
				ENABLE_STRICT_OBJC_MSGSEND = YES;
				ENABLE_TESTABILITY = YES;
				GCC_C_LANGUAGE_STANDARD = gnu11;
				GCC_DYNAMIC_NO_PIC = NO;
				GCC_NO_COMMON_BLOCKS = YES;
				GCC_OPTIMIZATION_LEVEL = 0;
				GCC_PREPROCESSOR_DEFINITIONS = (
					"DEBUG=1",
					"$(inherited)",
				);
				GCC_WARN_64_TO_32_BIT_CONVERSION = YES;
				GCC_WARN_ABOUT_RETURN_TYPE = YES_ERROR;
				GCC_WARN_UNDECLARED_SELECTOR = YES;
				GCC_WARN_UNINITIALIZED_AUTOS = YES_AGGRESSIVE;
				GCC_WARN_UNUSED_FUNCTION = YES;
				GCC_WARN_UNUSED_VARIABLE = YES;
				IPHONEOS_DEPLOYMENT_TARGET = 13.5;
				MTL_ENABLE_DEBUG_INFO = INCLUDE_SOURCE;
				MTL_FAST_MATH = YES;
				ONLY_ACTIVE_ARCH = YES;
				SDKROOT = iphoneos;
				SWIFT_ACTIVE_COMPILATION_CONDITIONS = DEBUG;
				SWIFT_OPTIMIZATION_LEVEL = "-Onone";
			};
			name = Debug;
		};
		9A022B0A249908C30052E819 /* Release */ = {
			isa = XCBuildConfiguration;
			buildSettings = {
				ALWAYS_SEARCH_USER_PATHS = NO;
				CLANG_ANALYZER_NONNULL = YES;
				CLANG_ANALYZER_NUMBER_OBJECT_CONVERSION = YES_AGGRESSIVE;
				CLANG_CXX_LANGUAGE_STANDARD = "gnu++14";
				CLANG_CXX_LIBRARY = "libc++";
				CLANG_ENABLE_MODULES = YES;
				CLANG_ENABLE_OBJC_ARC = YES;
				CLANG_ENABLE_OBJC_WEAK = YES;
				CLANG_WARN_BLOCK_CAPTURE_AUTORELEASING = YES;
				CLANG_WARN_BOOL_CONVERSION = YES;
				CLANG_WARN_COMMA = YES;
				CLANG_WARN_CONSTANT_CONVERSION = YES;
				CLANG_WARN_DEPRECATED_OBJC_IMPLEMENTATIONS = YES;
				CLANG_WARN_DIRECT_OBJC_ISA_USAGE = YES_ERROR;
				CLANG_WARN_DOCUMENTATION_COMMENTS = YES;
				CLANG_WARN_EMPTY_BODY = YES;
				CLANG_WARN_ENUM_CONVERSION = YES;
				CLANG_WARN_INFINITE_RECURSION = YES;
				CLANG_WARN_INT_CONVERSION = YES;
				CLANG_WARN_NON_LITERAL_NULL_CONVERSION = YES;
				CLANG_WARN_OBJC_IMPLICIT_RETAIN_SELF = YES;
				CLANG_WARN_OBJC_LITERAL_CONVERSION = YES;
				CLANG_WARN_OBJC_ROOT_CLASS = YES_ERROR;
				CLANG_WARN_QUOTED_INCLUDE_IN_FRAMEWORK_HEADER = YES;
				CLANG_WARN_RANGE_LOOP_ANALYSIS = YES;
				CLANG_WARN_STRICT_PROTOTYPES = YES;
				CLANG_WARN_SUSPICIOUS_MOVE = YES;
				CLANG_WARN_UNGUARDED_AVAILABILITY = YES_AGGRESSIVE;
				CLANG_WARN_UNREACHABLE_CODE = YES;
				CLANG_WARN__DUPLICATE_METHOD_MATCH = YES;
				COPY_PHASE_STRIP = NO;
				DEBUG_INFORMATION_FORMAT = "dwarf-with-dsym";
				ENABLE_NS_ASSERTIONS = NO;
				ENABLE_STRICT_OBJC_MSGSEND = YES;
				GCC_C_LANGUAGE_STANDARD = gnu11;
				GCC_NO_COMMON_BLOCKS = YES;
				GCC_WARN_64_TO_32_BIT_CONVERSION = YES;
				GCC_WARN_ABOUT_RETURN_TYPE = YES_ERROR;
				GCC_WARN_UNDECLARED_SELECTOR = YES;
				GCC_WARN_UNINITIALIZED_AUTOS = YES_AGGRESSIVE;
				GCC_WARN_UNUSED_FUNCTION = YES;
				GCC_WARN_UNUSED_VARIABLE = YES;
				IPHONEOS_DEPLOYMENT_TARGET = 13.5;
				MTL_ENABLE_DEBUG_INFO = NO;
				MTL_FAST_MATH = YES;
				SDKROOT = iphoneos;
				SWIFT_COMPILATION_MODE = wholemodule;
				SWIFT_OPTIMIZATION_LEVEL = "-O";
				VALIDATE_PRODUCT = YES;
			};
			name = Release;
		};
		9A022B0C249908C30052E819 /* Debug */ = {
			isa = XCBuildConfiguration;
			buildSettings = {
				ASSETCATALOG_COMPILER_APPICON_NAME = AppIcon;
				CODE_SIGN_STYLE = Automatic;
				CURRENT_PROJECT_VERSION = 10;
				DEVELOPMENT_TEAM = 3245FW657Z;
				INFOPLIST_FILE = NOTEbook/Info.plist;
				IPHONEOS_DEPLOYMENT_TARGET = 13.5;
				LD_RUNPATH_SEARCH_PATHS = (
					"$(inherited)",
					"@executable_path/Frameworks",
				);
				MARKETING_VERSION = 1.0.0;
				PRODUCT_BUNDLE_IDENTIFIER = com.MattFree.NOTEbook;
				PRODUCT_NAME = "$(TARGET_NAME)";
				SWIFT_VERSION = 5.0;
				TARGETED_DEVICE_FAMILY = 1;
			};
			name = Debug;
		};
		9A022B0D249908C30052E819 /* Release */ = {
			isa = XCBuildConfiguration;
			buildSettings = {
				ASSETCATALOG_COMPILER_APPICON_NAME = AppIcon;
				CODE_SIGN_STYLE = Automatic;
				CURRENT_PROJECT_VERSION = 10;
				DEVELOPMENT_TEAM = 3245FW657Z;
				INFOPLIST_FILE = NOTEbook/Info.plist;
				IPHONEOS_DEPLOYMENT_TARGET = 13.5;
				LD_RUNPATH_SEARCH_PATHS = (
					"$(inherited)",
					"@executable_path/Frameworks",
				);
				MARKETING_VERSION = 1.0.0;
				PRODUCT_BUNDLE_IDENTIFIER = com.MattFree.NOTEbook;
				PRODUCT_NAME = "$(TARGET_NAME)";
				SWIFT_VERSION = 5.0;
				TARGETED_DEVICE_FAMILY = 1;
			};
			name = Release;
		};
		9A022B0F249908C30052E819 /* Debug */ = {
			isa = XCBuildConfiguration;
			buildSettings = {
				ALWAYS_EMBED_SWIFT_STANDARD_LIBRARIES = YES;
				BUNDLE_LOADER = "$(TEST_HOST)";
				CLANG_ENABLE_MODULES = YES;
				CODE_SIGN_STYLE = Automatic;
				DEVELOPMENT_TEAM = 3245FW657Z;
				INFOPLIST_FILE = NOTEbookTests/Info.plist;
				IPHONEOS_DEPLOYMENT_TARGET = 13.5;
				LD_RUNPATH_SEARCH_PATHS = (
					"$(inherited)",
					"@executable_path/Frameworks",
					"@loader_path/Frameworks",
				);
				PRODUCT_BUNDLE_IDENTIFIER = com.MattFree.NOTEbookTests;
				PRODUCT_NAME = "$(TARGET_NAME)";
				SWIFT_OPTIMIZATION_LEVEL = "-Onone";
				SWIFT_VERSION = 5.0;
				TARGETED_DEVICE_FAMILY = "1,2";
				TEST_HOST = "$(BUILT_PRODUCTS_DIR)/NOTEbook.app/NOTEbook";
			};
			name = Debug;
		};
		9A022B10249908C30052E819 /* Release */ = {
			isa = XCBuildConfiguration;
			buildSettings = {
				ALWAYS_EMBED_SWIFT_STANDARD_LIBRARIES = YES;
				BUNDLE_LOADER = "$(TEST_HOST)";
				CLANG_ENABLE_MODULES = YES;
				CODE_SIGN_STYLE = Automatic;
				DEVELOPMENT_TEAM = 3245FW657Z;
				INFOPLIST_FILE = NOTEbookTests/Info.plist;
				IPHONEOS_DEPLOYMENT_TARGET = 13.5;
				LD_RUNPATH_SEARCH_PATHS = (
					"$(inherited)",
					"@executable_path/Frameworks",
					"@loader_path/Frameworks",
				);
				PRODUCT_BUNDLE_IDENTIFIER = com.MattFree.NOTEbookTests;
				PRODUCT_NAME = "$(TARGET_NAME)";
				SWIFT_VERSION = 5.0;
				TARGETED_DEVICE_FAMILY = "1,2";
				TEST_HOST = "$(BUILT_PRODUCTS_DIR)/NOTEbook.app/NOTEbook";
			};
			name = Release;
		};
/* End XCBuildConfiguration section */

/* Begin XCConfigurationList section */
		9A022ADC249908C00052E819 /* Build configuration list for PBXProject "NOTEbook" */ = {
			isa = XCConfigurationList;
			buildConfigurations = (
				9A022B09249908C30052E819 /* Debug */,
				9A022B0A249908C30052E819 /* Release */,
			);
			defaultConfigurationIsVisible = 0;
			defaultConfigurationName = Release;
		};
		9A022B0B249908C30052E819 /* Build configuration list for PBXNativeTarget "NOTEbook" */ = {
			isa = XCConfigurationList;
			buildConfigurations = (
				9A022B0C249908C30052E819 /* Debug */,
				9A022B0D249908C30052E819 /* Release */,
			);
			defaultConfigurationIsVisible = 0;
			defaultConfigurationName = Release;
		};
		9A022B0E249908C30052E819 /* Build configuration list for PBXNativeTarget "NOTEbookTests" */ = {
			isa = XCConfigurationList;
			buildConfigurations = (
				9A022B0F249908C30052E819 /* Debug */,
				9A022B10249908C30052E819 /* Release */,
			);
			defaultConfigurationIsVisible = 0;
			defaultConfigurationName = Release;
		};
/* End XCConfigurationList section */
	};
	rootObject = 9A022AD9249908C00052E819 /* Project object */;
}
