// !$*UTF8*$!
{
	archiveVersion = 1;
	classes = {
	};
	objectVersion = 56;
	objects = {

/* Begin PBXBuildFile section */
		9ABC94692A632BF000C185FF /* ChartDomain in Frameworks */ = {isa = PBXBuildFile; productRef = 9ABC94682A632BF000C185FF /* ChartDomain */; };
		9ABC946B2A632BF000C185FF /* ChartUI in Frameworks */ = {isa = PBXBuildFile; productRef = 9ABC946A2A632BF000C185FF /* ChartUI */; };
		9ABC946D2A632BF900C185FF /* ChartDomain in Frameworks */ = {isa = PBXBuildFile; productRef = 9ABC946C2A632BF900C185FF /* ChartDomain */; };
		9ABC946F2A632BF900C185FF /* ChartUI in Frameworks */ = {isa = PBXBuildFile; productRef = 9ABC946E2A632BF900C185FF /* ChartUI */; };
		9ABC94782A6334C200C185FF /* NOTEbookApp.swift in Sources */ = {isa = PBXBuildFile; fileRef = 9ABC94772A6334C200C185FF /* NOTEbookApp.swift */; };
		9ABC947B2A6334EE00C185FF /* NOTEbookHelperApp.swift in Sources */ = {isa = PBXBuildFile; fileRef = 9ABC947A2A6334EE00C185FF /* NOTEbookHelperApp.swift */; };
		9ABC947E2A63350700C185FF /* NOTEbookTests.swift in Sources */ = {isa = PBXBuildFile; fileRef = 9ABC947D2A63350700C185FF /* NOTEbookTests.swift */; };
		9ABC94832A63356A00C185FF /* DisposeBag.swift in Sources */ = {isa = PBXBuildFile; fileRef = 9ABC94822A63356A00C185FF /* DisposeBag.swift */; };
		9ABC94862A63359D00C185FF /* Constants.swift in Sources */ = {isa = PBXBuildFile; fileRef = 9ABC94852A63359C00C185FF /* Constants.swift */; };
		9ABC94872A6335A200C185FF /* Constants.swift in Sources */ = {isa = PBXBuildFile; fileRef = 9ABC94852A63359C00C185FF /* Constants.swift */; };
		9ABC94892A6335AF00C185FF /* Colors.xcassets in Resources */ = {isa = PBXBuildFile; fileRef = 9ABC94882A6335AF00C185FF /* Colors.xcassets */; };
		9ABC948A2A6335AF00C185FF /* Colors.xcassets in Resources */ = {isa = PBXBuildFile; fileRef = 9ABC94882A6335AF00C185FF /* Colors.xcassets */; };
		9ABC948C2A6335D300C185FF /* Color+Extensions.swift in Sources */ = {isa = PBXBuildFile; fileRef = 9ABC948B2A6335D300C185FF /* Color+Extensions.swift */; };
		9ABC948E2A63363000C185FF /* AppIcons.xcassets in Resources */ = {isa = PBXBuildFile; fileRef = 9ABC948D2A63363000C185FF /* AppIcons.xcassets */; };
		9ABC948F2A63363000C185FF /* AppIcons.xcassets in Resources */ = {isa = PBXBuildFile; fileRef = 9ABC948D2A63363000C185FF /* AppIcons.xcassets */; };
		9ABC949B2A63375500C185FF /* AddFluteFingeringView.swift in Sources */ = {isa = PBXBuildFile; fileRef = 9ABC94922A63375400C185FF /* AddFluteFingeringView.swift */; };
		9ABC949C2A63375500C185FF /* AddBaritoneSaxophoneFingeringView.swift in Sources */ = {isa = PBXBuildFile; fileRef = 9ABC94932A63375500C185FF /* AddBaritoneSaxophoneFingeringView.swift */; };
		9ABC949D2A63375500C185FF /* AddThreeValveFingeringView.swift in Sources */ = {isa = PBXBuildFile; fileRef = 9ABC94942A63375500C185FF /* AddThreeValveFingeringView.swift */; };
		9ABC949E2A63375500C185FF /* AddFourValveFingeringView.swift in Sources */ = {isa = PBXBuildFile; fileRef = 9ABC94952A63375500C185FF /* AddFourValveFingeringView.swift */; };
		9ABC949F2A63375500C185FF /* AddSaxophoneFingeringView.swift in Sources */ = {isa = PBXBuildFile; fileRef = 9ABC94962A63375500C185FF /* AddSaxophoneFingeringView.swift */; };
		9ABC94A02A63375500C185FF /* AddClarinetFingeringView.swift in Sources */ = {isa = PBXBuildFile; fileRef = 9ABC94972A63375500C185FF /* AddClarinetFingeringView.swift */; };
		9ABC94A12A63375500C185FF /* AddPositionFingeringView.swift in Sources */ = {isa = PBXBuildFile; fileRef = 9ABC94982A63375500C185FF /* AddPositionFingeringView.swift */; };
		9ABC94A22A63375500C185FF /* AddBbTriggerThreeValveFingeringView.swift in Sources */ = {isa = PBXBuildFile; fileRef = 9ABC94992A63375500C185FF /* AddBbTriggerThreeValveFingeringView.swift */; };
		9ABC94A32A63375500C185FF /* AddFTriggerPositionFingeringView.swift in Sources */ = {isa = PBXBuildFile; fileRef = 9ABC949A2A63375500C185FF /* AddFTriggerPositionFingeringView.swift */; };
		9ABC94A62A63375E00C185FF /* AddFingeringChartView.swift in Sources */ = {isa = PBXBuildFile; fileRef = 9ABC94A42A63375E00C185FF /* AddFingeringChartView.swift */; };
		9ABC94A72A63375E00C185FF /* AddFingeringChartCategoryView.swift in Sources */ = {isa = PBXBuildFile; fileRef = 9ABC94A52A63375E00C185FF /* AddFingeringChartCategoryView.swift */; };
		9ABC94A92A6337BB00C185FF /* HelperChartsController.swift in Sources */ = {isa = PBXBuildFile; fileRef = 9ABC94A82A6337BB00C185FF /* HelperChartsController.swift */; };
		9ABC94AD2A63381E00C185FF /* Symbols.xcassets in Resources */ = {isa = PBXBuildFile; fileRef = 9ABC94AC2A63381E00C185FF /* Symbols.xcassets */; };
		9ABC94B22A63387300C185FF /* FingeringChartDetailView.swift in Sources */ = {isa = PBXBuildFile; fileRef = 9ABC94B12A63387300C185FF /* FingeringChartDetailView.swift */; };
		9ABC94B42A63388000C185FF /* MusicSymbols.xcassets in Resources */ = {isa = PBXBuildFile; fileRef = 9ABC94B32A63388000C185FF /* MusicSymbols.xcassets */; };
		9ABC94B52A63388000C185FF /* MusicSymbols.xcassets in Resources */ = {isa = PBXBuildFile; fileRef = 9ABC94B32A63388000C185FF /* MusicSymbols.xcassets */; };
		9ABC94B62A63388300C185FF /* Symbols.xcassets in Resources */ = {isa = PBXBuildFile; fileRef = 9ABC94AC2A63381E00C185FF /* Symbols.xcassets */; };
		9ABC94B82A6338A900C185FF /* NoteCell.swift in Sources */ = {isa = PBXBuildFile; fileRef = 9ABC94B72A6338A900C185FF /* NoteCell.swift */; };
		9ABC94BA2A6338B300C185FF /* NoteFingeringDetailView.swift in Sources */ = {isa = PBXBuildFile; fileRef = 9ABC94B92A6338B300C185FF /* NoteFingeringDetailView.swift */; };
		9ABC94BC2A6338BA00C185FF /* NotePickerView.swift in Sources */ = {isa = PBXBuildFile; fileRef = 9ABC94BB2A6338BA00C185FF /* NotePickerView.swift */; };
		9ABC94BF2A63390700C185FF /* Instruments.xcassets in Resources */ = {isa = PBXBuildFile; fileRef = 9ABC94BE2A63390600C185FF /* Instruments.xcassets */; };
		9ABC94C02A63390700C185FF /* Instruments.xcassets in Resources */ = {isa = PBXBuildFile; fileRef = 9ABC94BE2A63390600C185FF /* Instruments.xcassets */; };
		9ABC94C22A63391D00C185FF /* InstrumentsListView.swift in Sources */ = {isa = PBXBuildFile; fileRef = 9ABC94C12A63391D00C185FF /* InstrumentsListView.swift */; };
		9ABC94C52A63392E00C185FF /* KeyValueStorage.swift in Sources */ = {isa = PBXBuildFile; fileRef = 9ABC94C32A63392E00C185FF /* KeyValueStorage.swift */; };
		9ABC94C62A63392E00C185FF /* KeyValueStorageKey.swift in Sources */ = {isa = PBXBuildFile; fileRef = 9ABC94C42A63392E00C185FF /* KeyValueStorageKey.swift */; };
		9ABC94C82A63394600C185FF /* Theme.swift in Sources */ = {isa = PBXBuildFile; fileRef = 9ABC94C72A63394600C185FF /* Theme.swift */; };
		9ABC94CA2A63399300C185FF /* UserDefaultsKeyValueStorage.swift in Sources */ = {isa = PBXBuildFile; fileRef = 9ABC94C92A63399300C185FF /* UserDefaultsKeyValueStorage.swift */; };
		9ABC94CD2A6339B100C185FF /* ChartsRepository.swift in Sources */ = {isa = PBXBuildFile; fileRef = 9ABC94CB2A6339B100C185FF /* ChartsRepository.swift */; };
		9ABC94CE2A6339B100C185FF /* ChartLoadError.swift in Sources */ = {isa = PBXBuildFile; fileRef = 9ABC94CC2A6339B100C185FF /* ChartLoadError.swift */; };
		9ABC94D02A6339B900C185FF /* ChartsViewModel.swift in Sources */ = {isa = PBXBuildFile; fileRef = 9ABC94CF2A6339B900C185FF /* ChartsViewModel.swift */; };
		9ADA46782A5FA2A900EFDB74 /* Common in Frameworks */ = {isa = PBXBuildFile; productRef = 9ADA46772A5FA2A900EFDB74 /* Common */; };
		9ADA467A2A5FA2A900EFDB74 /* CommonUI in Frameworks */ = {isa = PBXBuildFile; productRef = 9ADA46792A5FA2A900EFDB74 /* CommonUI */; };
		9ADA467C2A5FA2B400EFDB74 /* Common in Frameworks */ = {isa = PBXBuildFile; productRef = 9ADA467B2A5FA2B400EFDB74 /* Common */; };
		9ADA467E2A5FA2B400EFDB74 /* CommonUI in Frameworks */ = {isa = PBXBuildFile; productRef = 9ADA467D2A5FA2B400EFDB74 /* CommonUI */; };
/* End PBXBuildFile section */

/* Begin PBXContainerItemProxy section */
		9AB75CA12A3BDE6A001F24E7 /* PBXContainerItemProxy */ = {
			isa = PBXContainerItemProxy;
			containerPortal = 9AB75C882A3BDE69001F24E7 /* Project object */;
			proxyType = 1;
			remoteGlobalIDString = 9AB75C8F2A3BDE69001F24E7;
			remoteInfo = NOTEbook;
		};
/* End PBXContainerItemProxy section */

/* Begin PBXFileReference section */
		9AB75C902A3BDE69001F24E7 /* NOTEbook.app */ = {isa = PBXFileReference; explicitFileType = wrapper.application; includeInIndex = 0; path = NOTEbook.app; sourceTree = BUILT_PRODUCTS_DIR; };
		9AB75CA02A3BDE6A001F24E7 /* NOTEbookTests.xctest */ = {isa = PBXFileReference; explicitFileType = wrapper.cfbundle; includeInIndex = 0; path = NOTEbookTests.xctest; sourceTree = BUILT_PRODUCTS_DIR; };
		9ABC94672A62F42300C185FF /* Chart */ = {isa = PBXFileReference; lastKnownFileType = wrapper; name = Chart; path = ../Chart; sourceTree = "<group>"; };
		9ABC94772A6334C200C185FF /* NOTEbookApp.swift */ = {isa = PBXFileReference; fileEncoding = 4; lastKnownFileType = sourcecode.swift; path = NOTEbookApp.swift; sourceTree = "<group>"; };
		9ABC947A2A6334EE00C185FF /* NOTEbookHelperApp.swift */ = {isa = PBXFileReference; fileEncoding = 4; lastKnownFileType = sourcecode.swift; path = NOTEbookHelperApp.swift; sourceTree = "<group>"; };
		9ABC947D2A63350700C185FF /* NOTEbookTests.swift */ = {isa = PBXFileReference; fileEncoding = 4; lastKnownFileType = sourcecode.swift; path = NOTEbookTests.swift; sourceTree = "<group>"; };
		9ABC94822A63356A00C185FF /* DisposeBag.swift */ = {isa = PBXFileReference; fileEncoding = 4; lastKnownFileType = sourcecode.swift; path = DisposeBag.swift; sourceTree = "<group>"; };
		9ABC94852A63359C00C185FF /* Constants.swift */ = {isa = PBXFileReference; fileEncoding = 4; lastKnownFileType = sourcecode.swift; path = Constants.swift; sourceTree = "<group>"; };
		9ABC94882A6335AF00C185FF /* Colors.xcassets */ = {isa = PBXFileReference; lastKnownFileType = folder.assetcatalog; path = Colors.xcassets; sourceTree = "<group>"; };
		9ABC948B2A6335D300C185FF /* Color+Extensions.swift */ = {isa = PBXFileReference; fileEncoding = 4; lastKnownFileType = sourcecode.swift; path = "Color+Extensions.swift"; sourceTree = "<group>"; };
		9ABC948D2A63363000C185FF /* AppIcons.xcassets */ = {isa = PBXFileReference; lastKnownFileType = folder.assetcatalog; path = AppIcons.xcassets; sourceTree = "<group>"; };
		9ABC94922A63375400C185FF /* AddFluteFingeringView.swift */ = {isa = PBXFileReference; fileEncoding = 4; lastKnownFileType = sourcecode.swift; path = AddFluteFingeringView.swift; sourceTree = "<group>"; };
		9ABC94932A63375500C185FF /* AddBaritoneSaxophoneFingeringView.swift */ = {isa = PBXFileReference; fileEncoding = 4; lastKnownFileType = sourcecode.swift; path = AddBaritoneSaxophoneFingeringView.swift; sourceTree = "<group>"; };
		9ABC94942A63375500C185FF /* AddThreeValveFingeringView.swift */ = {isa = PBXFileReference; fileEncoding = 4; lastKnownFileType = sourcecode.swift; path = AddThreeValveFingeringView.swift; sourceTree = "<group>"; };
		9ABC94952A63375500C185FF /* AddFourValveFingeringView.swift */ = {isa = PBXFileReference; fileEncoding = 4; lastKnownFileType = sourcecode.swift; path = AddFourValveFingeringView.swift; sourceTree = "<group>"; };
		9ABC94962A63375500C185FF /* AddSaxophoneFingeringView.swift */ = {isa = PBXFileReference; fileEncoding = 4; lastKnownFileType = sourcecode.swift; path = AddSaxophoneFingeringView.swift; sourceTree = "<group>"; };
		9ABC94972A63375500C185FF /* AddClarinetFingeringView.swift */ = {isa = PBXFileReference; fileEncoding = 4; lastKnownFileType = sourcecode.swift; path = AddClarinetFingeringView.swift; sourceTree = "<group>"; };
		9ABC94982A63375500C185FF /* AddPositionFingeringView.swift */ = {isa = PBXFileReference; fileEncoding = 4; lastKnownFileType = sourcecode.swift; path = AddPositionFingeringView.swift; sourceTree = "<group>"; };
		9ABC94992A63375500C185FF /* AddBbTriggerThreeValveFingeringView.swift */ = {isa = PBXFileReference; fileEncoding = 4; lastKnownFileType = sourcecode.swift; path = AddBbTriggerThreeValveFingeringView.swift; sourceTree = "<group>"; };
		9ABC949A2A63375500C185FF /* AddFTriggerPositionFingeringView.swift */ = {isa = PBXFileReference; fileEncoding = 4; lastKnownFileType = sourcecode.swift; path = AddFTriggerPositionFingeringView.swift; sourceTree = "<group>"; };
		9ABC94A42A63375E00C185FF /* AddFingeringChartView.swift */ = {isa = PBXFileReference; fileEncoding = 4; lastKnownFileType = sourcecode.swift; path = AddFingeringChartView.swift; sourceTree = "<group>"; };
		9ABC94A52A63375E00C185FF /* AddFingeringChartCategoryView.swift */ = {isa = PBXFileReference; fileEncoding = 4; lastKnownFileType = sourcecode.swift; path = AddFingeringChartCategoryView.swift; sourceTree = "<group>"; };
		9ABC94A82A6337BB00C185FF /* HelperChartsController.swift */ = {isa = PBXFileReference; fileEncoding = 4; lastKnownFileType = sourcecode.swift; path = HelperChartsController.swift; sourceTree = "<group>"; };
		9ABC94AC2A63381E00C185FF /* Symbols.xcassets */ = {isa = PBXFileReference; lastKnownFileType = folder.assetcatalog; path = Symbols.xcassets; sourceTree = "<group>"; };
		9ABC94B12A63387300C185FF /* FingeringChartDetailView.swift */ = {isa = PBXFileReference; fileEncoding = 4; lastKnownFileType = sourcecode.swift; path = FingeringChartDetailView.swift; sourceTree = "<group>"; };
		9ABC94B32A63388000C185FF /* MusicSymbols.xcassets */ = {isa = PBXFileReference; lastKnownFileType = folder.assetcatalog; path = MusicSymbols.xcassets; sourceTree = "<group>"; };
		9ABC94B72A6338A900C185FF /* NoteCell.swift */ = {isa = PBXFileReference; fileEncoding = 4; lastKnownFileType = sourcecode.swift; path = NoteCell.swift; sourceTree = "<group>"; };
		9ABC94B92A6338B300C185FF /* NoteFingeringDetailView.swift */ = {isa = PBXFileReference; fileEncoding = 4; lastKnownFileType = sourcecode.swift; path = NoteFingeringDetailView.swift; sourceTree = "<group>"; };
		9ABC94BB2A6338BA00C185FF /* NotePickerView.swift */ = {isa = PBXFileReference; fileEncoding = 4; lastKnownFileType = sourcecode.swift; path = NotePickerView.swift; sourceTree = "<group>"; };
		9ABC94BE2A63390600C185FF /* Instruments.xcassets */ = {isa = PBXFileReference; lastKnownFileType = folder.assetcatalog; path = Instruments.xcassets; sourceTree = "<group>"; };
		9ABC94C12A63391D00C185FF /* InstrumentsListView.swift */ = {isa = PBXFileReference; fileEncoding = 4; lastKnownFileType = sourcecode.swift; path = InstrumentsListView.swift; sourceTree = "<group>"; };
		9ABC94C32A63392E00C185FF /* KeyValueStorage.swift */ = {isa = PBXFileReference; fileEncoding = 4; lastKnownFileType = sourcecode.swift; path = KeyValueStorage.swift; sourceTree = "<group>"; };
		9ABC94C42A63392E00C185FF /* KeyValueStorageKey.swift */ = {isa = PBXFileReference; fileEncoding = 4; lastKnownFileType = sourcecode.swift; path = KeyValueStorageKey.swift; sourceTree = "<group>"; };
		9ABC94C72A63394600C185FF /* Theme.swift */ = {isa = PBXFileReference; fileEncoding = 4; lastKnownFileType = sourcecode.swift; path = Theme.swift; sourceTree = "<group>"; };
		9ABC94C92A63399300C185FF /* UserDefaultsKeyValueStorage.swift */ = {isa = PBXFileReference; fileEncoding = 4; lastKnownFileType = sourcecode.swift; path = UserDefaultsKeyValueStorage.swift; sourceTree = "<group>"; };
		9ABC94CB2A6339B100C185FF /* ChartsRepository.swift */ = {isa = PBXFileReference; fileEncoding = 4; lastKnownFileType = sourcecode.swift; path = ChartsRepository.swift; sourceTree = "<group>"; };
		9ABC94CC2A6339B100C185FF /* ChartLoadError.swift */ = {isa = PBXFileReference; fileEncoding = 4; lastKnownFileType = sourcecode.swift; path = ChartLoadError.swift; sourceTree = "<group>"; };
		9ABC94CF2A6339B900C185FF /* ChartsViewModel.swift */ = {isa = PBXFileReference; fileEncoding = 4; lastKnownFileType = sourcecode.swift; path = ChartsViewModel.swift; sourceTree = "<group>"; };
		9ADA464A2A5F9FEF00EFDB74 /* NOTEbookHelper.app */ = {isa = PBXFileReference; explicitFileType = wrapper.application; includeInIndex = 0; path = NOTEbookHelper.app; sourceTree = BUILT_PRODUCTS_DIR; };
		9ADA46732A5FA1CA00EFDB74 /* Common */ = {isa = PBXFileReference; lastKnownFileType = wrapper; name = Common; path = ../Common; sourceTree = "<group>"; };
		9ADA46742A5FA1DE00EFDB74 /* CommonUI */ = {isa = PBXFileReference; lastKnownFileType = wrapper; name = CommonUI; path = ../CommonUI; sourceTree = "<group>"; };
/* End PBXFileReference section */

/* Begin PBXFrameworksBuildPhase section */
		9AB75C8D2A3BDE69001F24E7 /* Frameworks */ = {
			isa = PBXFrameworksBuildPhase;
			buildActionMask = 2147483647;
			files = (
				9ADA46782A5FA2A900EFDB74 /* Common in Frameworks */,
				9ADA467A2A5FA2A900EFDB74 /* CommonUI in Frameworks */,
				9ABC94692A632BF000C185FF /* ChartDomain in Frameworks */,
				9ABC946B2A632BF000C185FF /* ChartUI in Frameworks */,
			);
			runOnlyForDeploymentPostprocessing = 0;
		};
		9AB75C9D2A3BDE6A001F24E7 /* Frameworks */ = {
			isa = PBXFrameworksBuildPhase;
			buildActionMask = 2147483647;
			files = (
			);
			runOnlyForDeploymentPostprocessing = 0;
		};
		9ADA46472A5F9FEF00EFDB74 /* Frameworks */ = {
			isa = PBXFrameworksBuildPhase;
			buildActionMask = 2147483647;
			files = (
				9ADA467C2A5FA2B400EFDB74 /* Common in Frameworks */,
				9ADA467E2A5FA2B400EFDB74 /* CommonUI in Frameworks */,
				9ABC946D2A632BF900C185FF /* ChartDomain in Frameworks */,
				9ABC946F2A632BF900C185FF /* ChartUI in Frameworks */,
			);
			runOnlyForDeploymentPostprocessing = 0;
		};
/* End PBXFrameworksBuildPhase section */

/* Begin PBXGroup section */
		9AB75C872A3BDE69001F24E7 = {
			isa = PBXGroup;
			children = (
				9ABC94672A62F42300C185FF /* Chart */,
				9ADA46732A5FA1CA00EFDB74 /* Common */,
				9ADA46742A5FA1DE00EFDB74 /* CommonUI */,
				9AB75C922A3BDE69001F24E7 /* NOTEbook */,
				9ABC94792A6334E300C185FF /* NOTEbookHelper */,
				9ABC947C2A6334FB00C185FF /* NOTEbookTests */,
				9AB75C912A3BDE69001F24E7 /* Products */,
				9ADA46762A5FA2A900EFDB74 /* Frameworks */,
			);
			sourceTree = "<group>";
		};
		9AB75C912A3BDE69001F24E7 /* Products */ = {
			isa = PBXGroup;
			children = (
				9AB75C902A3BDE69001F24E7 /* NOTEbook.app */,
				9AB75CA02A3BDE6A001F24E7 /* NOTEbookTests.xctest */,
				9ADA464A2A5F9FEF00EFDB74 /* NOTEbookHelper.app */,
			);
			name = Products;
			sourceTree = "<group>";
		};
		9AB75C922A3BDE69001F24E7 /* NOTEbook */ = {
			isa = PBXGroup;
			children = (
				9ABC94772A6334C200C185FF /* NOTEbookApp.swift */,
				9ABC94852A63359C00C185FF /* Constants.swift */,
				9ABC94CF2A6339B900C185FF /* ChartsViewModel.swift */,
				9ABC94BB2A6338BA00C185FF /* NotePickerView.swift */,
				9ABC94802A63355800C185FF /* Common */,
				9ABC947F2A63353400C185FF /* Extensions */,
				9ABC948D2A63363000C185FF /* AppIcons.xcassets */,
				9ABC94882A6335AF00C185FF /* Colors.xcassets */,
				9ABC94BE2A63390600C185FF /* Instruments.xcassets */,
				9ABC94B32A63388000C185FF /* MusicSymbols.xcassets */,
				9ABC94AC2A63381E00C185FF /* Symbols.xcassets */,
			);
			path = NOTEbook;
			sourceTree = "<group>";
		};
		9ABC94792A6334E300C185FF /* NOTEbookHelper */ = {
			isa = PBXGroup;
			children = (
				9ABC947A2A6334EE00C185FF /* NOTEbookHelperApp.swift */,
				9ABC94A82A6337BB00C185FF /* HelperChartsController.swift */,
				9ABC94902A63370900C185FF /* AddViews */,
				9ABC94B02A63386F00C185FF /* MainViews */,
				9ABC94AB2A63381800C185FF /* SupplementaryViews */,
				9ABC94912A63374400C185FF /* AddFingeringViews */,
			);
			path = NOTEbookHelper;
			sourceTree = "<group>";
		};
		9ABC947C2A6334FB00C185FF /* NOTEbookTests */ = {
			isa = PBXGroup;
			children = (
				9ABC947D2A63350700C185FF /* NOTEbookTests.swift */,
			);
			path = NOTEbookTests;
			sourceTree = "<group>";
		};
		9ABC947F2A63353400C185FF /* Extensions */ = {
			isa = PBXGroup;
			children = (
				9ABC948B2A6335D300C185FF /* Color+Extensions.swift */,
			);
			path = Extensions;
			sourceTree = "<group>";
		};
		9ABC94802A63355800C185FF /* Common */ = {
			isa = PBXGroup;
			children = (
				9ABC94812A63356A00C185FF /* DisposeBag */,
				9ABC94BD2A6338D900C185FF /* Loading */,
				9ABC94AA2A63380D00C185FF /* Storage */,
				9ABC94C72A63394600C185FF /* Theme.swift */,
			);
			path = Common;
			sourceTree = "<group>";
		};
		9ABC94812A63356A00C185FF /* DisposeBag */ = {
			isa = PBXGroup;
			children = (
				9ABC94822A63356A00C185FF /* DisposeBag.swift */,
			);
			path = DisposeBag;
			sourceTree = "<group>";
		};
		9ABC94902A63370900C185FF /* AddViews */ = {
			isa = PBXGroup;
			children = (
				9ABC94A52A63375E00C185FF /* AddFingeringChartCategoryView.swift */,
				9ABC94A42A63375E00C185FF /* AddFingeringChartView.swift */,
			);
			path = AddViews;
			sourceTree = "<group>";
		};
		9ABC94912A63374400C185FF /* AddFingeringViews */ = {
			isa = PBXGroup;
			children = (
				9ABC94932A63375500C185FF /* AddBaritoneSaxophoneFingeringView.swift */,
				9ABC94992A63375500C185FF /* AddBbTriggerThreeValveFingeringView.swift */,
				9ABC94972A63375500C185FF /* AddClarinetFingeringView.swift */,
				9ABC94922A63375400C185FF /* AddFluteFingeringView.swift */,
				9ABC94952A63375500C185FF /* AddFourValveFingeringView.swift */,
				9ABC949A2A63375500C185FF /* AddFTriggerPositionFingeringView.swift */,
				9ABC94982A63375500C185FF /* AddPositionFingeringView.swift */,
				9ABC94962A63375500C185FF /* AddSaxophoneFingeringView.swift */,
				9ABC94942A63375500C185FF /* AddThreeValveFingeringView.swift */,
			);
			path = AddFingeringViews;
			sourceTree = "<group>";
		};
		9ABC94AA2A63380D00C185FF /* Storage */ = {
			isa = PBXGroup;
			children = (
				9ABC94C32A63392E00C185FF /* KeyValueStorage.swift */,
				9ABC94C42A63392E00C185FF /* KeyValueStorageKey.swift */,
				9ABC94C92A63399300C185FF /* UserDefaultsKeyValueStorage.swift */,
			);
			path = Storage;
			sourceTree = "<group>";
		};
		9ABC94AB2A63381800C185FF /* SupplementaryViews */ = {
			isa = PBXGroup;
			children = (
				9ABC94B72A6338A900C185FF /* NoteCell.swift */,
			);
			path = SupplementaryViews;
			sourceTree = "<group>";
		};
		9ABC94B02A63386F00C185FF /* MainViews */ = {
			isa = PBXGroup;
			children = (
				9ABC94B12A63387300C185FF /* FingeringChartDetailView.swift */,
				9ABC94C12A63391D00C185FF /* InstrumentsListView.swift */,
				9ABC94B92A6338B300C185FF /* NoteFingeringDetailView.swift */,
			);
			path = MainViews;
			sourceTree = "<group>";
		};
		9ABC94BD2A6338D900C185FF /* Loading */ = {
			isa = PBXGroup;
			children = (
				9ABC94CC2A6339B100C185FF /* ChartLoadError.swift */,
				9ABC94CB2A6339B100C185FF /* ChartsRepository.swift */,
			);
			path = Loading;
			sourceTree = "<group>";
		};
		9ADA46762A5FA2A900EFDB74 /* Frameworks */ = {
			isa = PBXGroup;
			children = (
			);
			name = Frameworks;
			sourceTree = "<group>";
		};
/* End PBXGroup section */

/* Begin PBXNativeTarget section */
		9AB75C8F2A3BDE69001F24E7 /* NOTEbook */ = {
			isa = PBXNativeTarget;
			buildConfigurationList = 9AB75CB42A3BDE6A001F24E7 /* Build configuration list for PBXNativeTarget "NOTEbook" */;
			buildPhases = (
				9AB75C8C2A3BDE69001F24E7 /* Sources */,
				9AB75C8D2A3BDE69001F24E7 /* Frameworks */,
				9AB75C8E2A3BDE69001F24E7 /* Resources */,
				9AB77F922A4E5689008712B0 /* ShellScript */,
			);
			buildRules = (
			);
			dependencies = (
			);
			name = NOTEbook;
			packageProductDependencies = (
				9ADA46772A5FA2A900EFDB74 /* Common */,
				9ADA46792A5FA2A900EFDB74 /* CommonUI */,
				9ABC94682A632BF000C185FF /* ChartDomain */,
				9ABC946A2A632BF000C185FF /* ChartUI */,
			);
			productName = NOTEbook;
			productReference = 9AB75C902A3BDE69001F24E7 /* NOTEbook.app */;
			productType = "com.apple.product-type.application";
		};
		9AB75C9F2A3BDE6A001F24E7 /* NOTEbookTests */ = {
			isa = PBXNativeTarget;
			buildConfigurationList = 9AB75CB72A3BDE6A001F24E7 /* Build configuration list for PBXNativeTarget "NOTEbookTests" */;
			buildPhases = (
				9AB75C9C2A3BDE6A001F24E7 /* Sources */,
				9AB75C9D2A3BDE6A001F24E7 /* Frameworks */,
				9AB75C9E2A3BDE6A001F24E7 /* Resources */,
			);
			buildRules = (
			);
			dependencies = (
				9AB75CA22A3BDE6A001F24E7 /* PBXTargetDependency */,
			);
			name = NOTEbookTests;
			productName = NOTEbookTests;
			productReference = 9AB75CA02A3BDE6A001F24E7 /* NOTEbookTests.xctest */;
			productType = "com.apple.product-type.bundle.unit-test";
		};
		9ADA46492A5F9FEF00EFDB74 /* NOTEbookHelper */ = {
			isa = PBXNativeTarget;
			buildConfigurationList = 9ADA46552A5F9FF000EFDB74 /* Build configuration list for PBXNativeTarget "NOTEbookHelper" */;
			buildPhases = (
				9ADA46462A5F9FEF00EFDB74 /* Sources */,
				9ADA46472A5F9FEF00EFDB74 /* Frameworks */,
				9ADA46482A5F9FEF00EFDB74 /* Resources */,
				9ADA46752A5FA27D00EFDB74 /* ShellScript */,
			);
			buildRules = (
			);
			dependencies = (
			);
			name = NOTEbookHelper;
			packageProductDependencies = (
				9ADA467B2A5FA2B400EFDB74 /* Common */,
				9ADA467D2A5FA2B400EFDB74 /* CommonUI */,
				9ABC946C2A632BF900C185FF /* ChartDomain */,
				9ABC946E2A632BF900C185FF /* ChartUI */,
			);
			productName = NOTEbookHelper;
			productReference = 9ADA464A2A5F9FEF00EFDB74 /* NOTEbookHelper.app */;
			productType = "com.apple.product-type.application";
		};
/* End PBXNativeTarget section */

/* Begin PBXProject section */
		9AB75C882A3BDE69001F24E7 /* Project object */ = {
			isa = PBXProject;
			attributes = {
				BuildIndependentTargetsInParallel = 1;
				LastSwiftUpdateCheck = 1430;
				LastUpgradeCheck = 1430;
				ORGANIZATIONNAME = "Matthew Free";
				TargetAttributes = {
					9AB75C8F2A3BDE69001F24E7 = {
						CreatedOnToolsVersion = 14.3.1;
					};
					9AB75C9F2A3BDE6A001F24E7 = {
						CreatedOnToolsVersion = 14.3.1;
						TestTargetID = 9AB75C8F2A3BDE69001F24E7;
					};
					9ADA46492A5F9FEF00EFDB74 = {
						CreatedOnToolsVersion = 14.3.1;
					};
				};
			};
			buildConfigurationList = 9AB75C8B2A3BDE69001F24E7 /* Build configuration list for PBXProject "NOTEbook" */;
			compatibilityVersion = "Xcode 14.0";
			developmentRegion = en;
			hasScannedForEncodings = 0;
			knownRegions = (
				en,
				Base,
			);
			mainGroup = 9AB75C872A3BDE69001F24E7;
			productRefGroup = 9AB75C912A3BDE69001F24E7 /* Products */;
			projectDirPath = "";
			projectRoot = "";
			targets = (
				9AB75C8F2A3BDE69001F24E7 /* NOTEbook */,
				9ADA46492A5F9FEF00EFDB74 /* NOTEbookHelper */,
				9AB75C9F2A3BDE6A001F24E7 /* NOTEbookTests */,
			);
		};
/* End PBXProject section */

/* Begin PBXResourcesBuildPhase section */
		9AB75C8E2A3BDE69001F24E7 /* Resources */ = {
			isa = PBXResourcesBuildPhase;
			buildActionMask = 2147483647;
			files = (
				9ABC948E2A63363000C185FF /* AppIcons.xcassets in Resources */,
				9ABC94AD2A63381E00C185FF /* Symbols.xcassets in Resources */,
				9ABC94892A6335AF00C185FF /* Colors.xcassets in Resources */,
				9ABC94BF2A63390700C185FF /* Instruments.xcassets in Resources */,
				9ABC94B42A63388000C185FF /* MusicSymbols.xcassets in Resources */,
			);
			runOnlyForDeploymentPostprocessing = 0;
		};
		9AB75C9E2A3BDE6A001F24E7 /* Resources */ = {
			isa = PBXResourcesBuildPhase;
			buildActionMask = 2147483647;
			files = (
			);
			runOnlyForDeploymentPostprocessing = 0;
		};
		9ADA46482A5F9FEF00EFDB74 /* Resources */ = {
			isa = PBXResourcesBuildPhase;
			buildActionMask = 2147483647;
			files = (
				9ABC948F2A63363000C185FF /* AppIcons.xcassets in Resources */,
				9ABC94B62A63388300C185FF /* Symbols.xcassets in Resources */,
				9ABC948A2A6335AF00C185FF /* Colors.xcassets in Resources */,
				9ABC94C02A63390700C185FF /* Instruments.xcassets in Resources */,
				9ABC94B52A63388000C185FF /* MusicSymbols.xcassets in Resources */,
			);
			runOnlyForDeploymentPostprocessing = 0;
		};
/* End PBXResourcesBuildPhase section */

/* Begin PBXShellScriptBuildPhase section */
		9AB77F922A4E5689008712B0 /* ShellScript */ = {
			isa = PBXShellScriptBuildPhase;
			alwaysOutOfDate = 1;
			buildActionMask = 2147483647;
			files = (
			);
			inputFileListPaths = (
			);
			inputPaths = (
			);
			outputFileListPaths = (
			);
			outputPaths = (
			);
			runOnlyForDeploymentPostprocessing = 0;
			shellPath = /bin/sh;
			shellScript = "if [[ \"$(uname -m)\" == arm64 ]]; then\n    export PATH=\"/opt/homebrew/bin:$PATH\"\n    cd ..\nfi\n\nif which swiftlint > /dev/null; then\n  swiftlint lint --fix --format\nelse\n  echo \"warning: SwiftLint not installed, download from https://github.com/realm/SwiftLint\"\nfi\n";
		};
		9ADA46752A5FA27D00EFDB74 /* ShellScript */ = {
			isa = PBXShellScriptBuildPhase;
			alwaysOutOfDate = 1;
			buildActionMask = 2147483647;
			files = (
			);
			inputFileListPaths = (
			);
			inputPaths = (
			);
			outputFileListPaths = (
			);
			outputPaths = (
			);
			runOnlyForDeploymentPostprocessing = 0;
			shellPath = /bin/sh;
			shellScript = "if [[ \"$(uname -m)\" == arm64 ]]; then\n    export PATH=\"/opt/homebrew/bin:$PATH\"\n    cd ..\nfi\n\nif which swiftlint > /dev/null; then\n  swiftlint lint --fix --format\nelse\n  echo \"warning: SwiftLint not installed, download from https://github.com/realm/SwiftLint\"\nfi\n";
		};
/* End PBXShellScriptBuildPhase section */

/* Begin PBXSourcesBuildPhase section */
		9AB75C8C2A3BDE69001F24E7 /* Sources */ = {
			isa = PBXSourcesBuildPhase;
			buildActionMask = 2147483647;
			files = (
				9ABC94CD2A6339B100C185FF /* ChartsRepository.swift in Sources */,
				9ABC94CA2A63399300C185FF /* UserDefaultsKeyValueStorage.swift in Sources */,
				9ABC94D02A6339B900C185FF /* ChartsViewModel.swift in Sources */,
				9ABC94862A63359D00C185FF /* Constants.swift in Sources */,
				9ABC948C2A6335D300C185FF /* Color+Extensions.swift in Sources */,
				9ABC94C52A63392E00C185FF /* KeyValueStorage.swift in Sources */,
				9ABC94C62A63392E00C185FF /* KeyValueStorageKey.swift in Sources */,
				9ABC94832A63356A00C185FF /* DisposeBag.swift in Sources */,
				9ABC94782A6334C200C185FF /* NOTEbookApp.swift in Sources */,
				9ABC94CE2A6339B100C185FF /* ChartLoadError.swift in Sources */,
				9ABC94BC2A6338BA00C185FF /* NotePickerView.swift in Sources */,
				9ABC94C82A63394600C185FF /* Theme.swift in Sources */,
			);
			runOnlyForDeploymentPostprocessing = 0;
		};
		9AB75C9C2A3BDE6A001F24E7 /* Sources */ = {
			isa = PBXSourcesBuildPhase;
			buildActionMask = 2147483647;
			files = (
				9ABC947E2A63350700C185FF /* NOTEbookTests.swift in Sources */,
			);
			runOnlyForDeploymentPostprocessing = 0;
		};
		9ADA46462A5F9FEF00EFDB74 /* Sources */ = {
			isa = PBXSourcesBuildPhase;
			buildActionMask = 2147483647;
			files = (
				9ABC94BA2A6338B300C185FF /* NoteFingeringDetailView.swift in Sources */,
				9ABC94A92A6337BB00C185FF /* HelperChartsController.swift in Sources */,
				9ABC949E2A63375500C185FF /* AddFourValveFingeringView.swift in Sources */,
				9ABC94872A6335A200C185FF /* Constants.swift in Sources */,
				9ABC94A12A63375500C185FF /* AddPositionFingeringView.swift in Sources */,
				9ABC94A22A63375500C185FF /* AddBbTriggerThreeValveFingeringView.swift in Sources */,
				9ABC949D2A63375500C185FF /* AddThreeValveFingeringView.swift in Sources */,
				9ABC949B2A63375500C185FF /* AddFluteFingeringView.swift in Sources */,
				9ABC94B22A63387300C185FF /* FingeringChartDetailView.swift in Sources */,
				9ABC94A72A63375E00C185FF /* AddFingeringChartCategoryView.swift in Sources */,
				9ABC949C2A63375500C185FF /* AddBaritoneSaxophoneFingeringView.swift in Sources */,
				9ABC94A02A63375500C185FF /* AddClarinetFingeringView.swift in Sources */,
				9ABC94B82A6338A900C185FF /* NoteCell.swift in Sources */,
				9ABC94A62A63375E00C185FF /* AddFingeringChartView.swift in Sources */,
				9ABC94A32A63375500C185FF /* AddFTriggerPositionFingeringView.swift in Sources */,
				9ABC947B2A6334EE00C185FF /* NOTEbookHelperApp.swift in Sources */,
				9ABC949F2A63375500C185FF /* AddSaxophoneFingeringView.swift in Sources */,
				9ABC94C22A63391D00C185FF /* InstrumentsListView.swift in Sources */,
			);
			runOnlyForDeploymentPostprocessing = 0;
		};
/* End PBXSourcesBuildPhase section */

/* Begin PBXTargetDependency section */
		9AB75CA22A3BDE6A001F24E7 /* PBXTargetDependency */ = {
			isa = PBXTargetDependency;
			target = 9AB75C8F2A3BDE69001F24E7 /* NOTEbook */;
			targetProxy = 9AB75CA12A3BDE6A001F24E7 /* PBXContainerItemProxy */;
		};
/* End PBXTargetDependency section */

/* Begin XCBuildConfiguration section */
		9AB75CB22A3BDE6A001F24E7 /* Debug */ = {
			isa = XCBuildConfiguration;
			buildSettings = {
				ALWAYS_SEARCH_USER_PATHS = NO;
				CLANG_ANALYZER_NONNULL = YES;
				CLANG_ANALYZER_NUMBER_OBJECT_CONVERSION = YES_AGGRESSIVE;
				CLANG_CXX_LANGUAGE_STANDARD = "gnu++20";
				CLANG_ENABLE_MODULES = YES;
				CLANG_ENABLE_OBJC_ARC = YES;
				CLANG_ENABLE_OBJC_WEAK = YES;
				CLANG_WARN_BLOCK_CAPTURE_AUTORELEASING = YES;
				CLANG_WARN_BOOL_CONVERSION = YES;
				CLANG_WARN_COMMA = YES;
				CLANG_WARN_CONSTANT_CONVERSION = YES;
				CLANG_WARN_DEPRECATED_OBJC_IMPLEMENTATIONS = YES;
				CLANG_WARN_DIRECT_OBJC_ISA_USAGE = YES_ERROR;
				CLANG_WARN_DOCUMENTATION_COMMENTS = YES;
				CLANG_WARN_EMPTY_BODY = YES;
				CLANG_WARN_ENUM_CONVERSION = YES;
				CLANG_WARN_INFINITE_RECURSION = YES;
				CLANG_WARN_INT_CONVERSION = YES;
				CLANG_WARN_NON_LITERAL_NULL_CONVERSION = YES;
				CLANG_WARN_OBJC_IMPLICIT_RETAIN_SELF = YES;
				CLANG_WARN_OBJC_LITERAL_CONVERSION = YES;
				CLANG_WARN_OBJC_ROOT_CLASS = YES_ERROR;
				CLANG_WARN_QUOTED_INCLUDE_IN_FRAMEWORK_HEADER = YES;
				CLANG_WARN_RANGE_LOOP_ANALYSIS = YES;
				CLANG_WARN_STRICT_PROTOTYPES = YES;
				CLANG_WARN_SUSPICIOUS_MOVE = YES;
				CLANG_WARN_UNGUARDED_AVAILABILITY = YES_AGGRESSIVE;
				CLANG_WARN_UNREACHABLE_CODE = YES;
				CLANG_WARN__DUPLICATE_METHOD_MATCH = YES;
				COPY_PHASE_STRIP = NO;
				DEBUG_INFORMATION_FORMAT = dwarf;
				ENABLE_STRICT_OBJC_MSGSEND = YES;
				ENABLE_TESTABILITY = YES;
				GCC_C_LANGUAGE_STANDARD = gnu11;
				GCC_DYNAMIC_NO_PIC = NO;
				GCC_NO_COMMON_BLOCKS = YES;
				GCC_OPTIMIZATION_LEVEL = 0;
				GCC_PREPROCESSOR_DEFINITIONS = (
					"DEBUG=1",
					"$(inherited)",
				);
				GCC_WARN_64_TO_32_BIT_CONVERSION = YES;
				GCC_WARN_ABOUT_RETURN_TYPE = YES_ERROR;
				GCC_WARN_UNDECLARED_SELECTOR = YES;
				GCC_WARN_UNINITIALIZED_AUTOS = YES_AGGRESSIVE;
				GCC_WARN_UNUSED_FUNCTION = YES;
				GCC_WARN_UNUSED_VARIABLE = YES;
				IPHONEOS_DEPLOYMENT_TARGET = 16.0;
				MTL_ENABLE_DEBUG_INFO = INCLUDE_SOURCE;
				MTL_FAST_MATH = YES;
				ONLY_ACTIVE_ARCH = YES;
				SDKROOT = iphoneos;
				SWIFT_ACTIVE_COMPILATION_CONDITIONS = DEBUG;
				SWIFT_OPTIMIZATION_LEVEL = "-Onone";
			};
			name = Debug;
		};
		9AB75CB32A3BDE6A001F24E7 /* Release */ = {
			isa = XCBuildConfiguration;
			buildSettings = {
				ALWAYS_SEARCH_USER_PATHS = NO;
				CLANG_ANALYZER_NONNULL = YES;
				CLANG_ANALYZER_NUMBER_OBJECT_CONVERSION = YES_AGGRESSIVE;
				CLANG_CXX_LANGUAGE_STANDARD = "gnu++20";
				CLANG_ENABLE_MODULES = YES;
				CLANG_ENABLE_OBJC_ARC = YES;
				CLANG_ENABLE_OBJC_WEAK = YES;
				CLANG_WARN_BLOCK_CAPTURE_AUTORELEASING = YES;
				CLANG_WARN_BOOL_CONVERSION = YES;
				CLANG_WARN_COMMA = YES;
				CLANG_WARN_CONSTANT_CONVERSION = YES;
				CLANG_WARN_DEPRECATED_OBJC_IMPLEMENTATIONS = YES;
				CLANG_WARN_DIRECT_OBJC_ISA_USAGE = YES_ERROR;
				CLANG_WARN_DOCUMENTATION_COMMENTS = YES;
				CLANG_WARN_EMPTY_BODY = YES;
				CLANG_WARN_ENUM_CONVERSION = YES;
				CLANG_WARN_INFINITE_RECURSION = YES;
				CLANG_WARN_INT_CONVERSION = YES;
				CLANG_WARN_NON_LITERAL_NULL_CONVERSION = YES;
				CLANG_WARN_OBJC_IMPLICIT_RETAIN_SELF = YES;
				CLANG_WARN_OBJC_LITERAL_CONVERSION = YES;
				CLANG_WARN_OBJC_ROOT_CLASS = YES_ERROR;
				CLANG_WARN_QUOTED_INCLUDE_IN_FRAMEWORK_HEADER = YES;
				CLANG_WARN_RANGE_LOOP_ANALYSIS = YES;
				CLANG_WARN_STRICT_PROTOTYPES = YES;
				CLANG_WARN_SUSPICIOUS_MOVE = YES;
				CLANG_WARN_UNGUARDED_AVAILABILITY = YES_AGGRESSIVE;
				CLANG_WARN_UNREACHABLE_CODE = YES;
				CLANG_WARN__DUPLICATE_METHOD_MATCH = YES;
				COPY_PHASE_STRIP = NO;
				DEBUG_INFORMATION_FORMAT = "dwarf-with-dsym";
				ENABLE_NS_ASSERTIONS = NO;
				ENABLE_STRICT_OBJC_MSGSEND = YES;
				GCC_C_LANGUAGE_STANDARD = gnu11;
				GCC_NO_COMMON_BLOCKS = YES;
				GCC_WARN_64_TO_32_BIT_CONVERSION = YES;
				GCC_WARN_ABOUT_RETURN_TYPE = YES_ERROR;
				GCC_WARN_UNDECLARED_SELECTOR = YES;
				GCC_WARN_UNINITIALIZED_AUTOS = YES_AGGRESSIVE;
				GCC_WARN_UNUSED_FUNCTION = YES;
				GCC_WARN_UNUSED_VARIABLE = YES;
				IPHONEOS_DEPLOYMENT_TARGET = 16.0;
				MTL_ENABLE_DEBUG_INFO = NO;
				MTL_FAST_MATH = YES;
				SDKROOT = iphoneos;
				SWIFT_COMPILATION_MODE = wholemodule;
				SWIFT_OPTIMIZATION_LEVEL = "-O";
				VALIDATE_PRODUCT = YES;
			};
			name = Release;
		};
		9AB75CB52A3BDE6A001F24E7 /* Debug */ = {
			isa = XCBuildConfiguration;
			buildSettings = {
				ASSETCATALOG_COMPILER_APPICON_NAME = AquaLightIcon;
				ASSETCATALOG_COMPILER_GLOBAL_ACCENT_COLOR_NAME = AccentColor;
				ASSETCATALOG_COMPILER_INCLUDE_ALL_APPICON_ASSETS = YES;
				CODE_SIGN_STYLE = Automatic;
				CURRENT_PROJECT_VERSION = 5;
				DEVELOPMENT_TEAM = 3245FW657Z;
				ENABLE_PREVIEWS = YES;
				GENERATE_INFOPLIST_FILE = YES;
				INFOPLIST_FILE = NOTEbook/Info.plist;
				INFOPLIST_KEY_CFBundleDisplayName = NOTEbook;
				INFOPLIST_KEY_LSApplicationCategoryType = "public.app-category.music";
				INFOPLIST_KEY_UIApplicationSceneManifest_Generation = YES;
				INFOPLIST_KEY_UIApplicationSupportsIndirectInputEvents = YES;
				INFOPLIST_KEY_UILaunchScreen_Generation = YES;
				INFOPLIST_KEY_UIStatusBarStyle = "";
				INFOPLIST_KEY_UISupportedInterfaceOrientations_iPad = "UIInterfaceOrientationPortrait UIInterfaceOrientationPortraitUpsideDown UIInterfaceOrientationLandscapeLeft UIInterfaceOrientationLandscapeRight";
				INFOPLIST_KEY_UISupportedInterfaceOrientations_iPhone = "UIInterfaceOrientationPortrait UIInterfaceOrientationLandscapeLeft UIInterfaceOrientationLandscapeRight";
				IPHONEOS_DEPLOYMENT_TARGET = 16.0;
				LD_RUNPATH_SEARCH_PATHS = (
					"$(inherited)",
					"@executable_path/Frameworks",
				);
				MARKETING_VERSION = 2.0;
				PRODUCT_BUNDLE_IDENTIFIER = com.MatthewFree.NOTEbook;
				PRODUCT_NAME = "$(TARGET_NAME)";
				SWIFT_EMIT_LOC_STRINGS = YES;
				SWIFT_VERSION = 5.0;
				TARGETED_DEVICE_FAMILY = "1,2";
			};
			name = Debug;
		};
		9AB75CB62A3BDE6A001F24E7 /* Release */ = {
			isa = XCBuildConfiguration;
			buildSettings = {
				ASSETCATALOG_COMPILER_APPICON_NAME = AquaLightIcon;
				ASSETCATALOG_COMPILER_GLOBAL_ACCENT_COLOR_NAME = AccentColor;
				ASSETCATALOG_COMPILER_INCLUDE_ALL_APPICON_ASSETS = YES;
				CODE_SIGN_STYLE = Automatic;
				CURRENT_PROJECT_VERSION = 5;
				DEVELOPMENT_TEAM = 3245FW657Z;
				ENABLE_PREVIEWS = YES;
				GENERATE_INFOPLIST_FILE = YES;
				INFOPLIST_FILE = NOTEbook/Info.plist;
				INFOPLIST_KEY_CFBundleDisplayName = NOTEbook;
				INFOPLIST_KEY_LSApplicationCategoryType = "public.app-category.music";
				INFOPLIST_KEY_UIApplicationSceneManifest_Generation = YES;
				INFOPLIST_KEY_UIApplicationSupportsIndirectInputEvents = YES;
				INFOPLIST_KEY_UILaunchScreen_Generation = YES;
				INFOPLIST_KEY_UIStatusBarStyle = "";
				INFOPLIST_KEY_UISupportedInterfaceOrientations_iPad = "UIInterfaceOrientationPortrait UIInterfaceOrientationPortraitUpsideDown UIInterfaceOrientationLandscapeLeft UIInterfaceOrientationLandscapeRight";
				INFOPLIST_KEY_UISupportedInterfaceOrientations_iPhone = "UIInterfaceOrientationPortrait UIInterfaceOrientationLandscapeLeft UIInterfaceOrientationLandscapeRight";
				IPHONEOS_DEPLOYMENT_TARGET = 16.0;
				LD_RUNPATH_SEARCH_PATHS = (
					"$(inherited)",
					"@executable_path/Frameworks",
				);
				MARKETING_VERSION = 2.0;
				PRODUCT_BUNDLE_IDENTIFIER = com.MatthewFree.NOTEbook;
				PRODUCT_NAME = "$(TARGET_NAME)";
				SWIFT_EMIT_LOC_STRINGS = YES;
				SWIFT_VERSION = 5.0;
				TARGETED_DEVICE_FAMILY = "1,2";
			};
			name = Release;
		};
		9AB75CB82A3BDE6A001F24E7 /* Debug */ = {
			isa = XCBuildConfiguration;
			buildSettings = {
				ALWAYS_EMBED_SWIFT_STANDARD_LIBRARIES = YES;
				BUNDLE_LOADER = "$(TEST_HOST)";
				CODE_SIGN_STYLE = Automatic;
				CURRENT_PROJECT_VERSION = 1;
				DEVELOPMENT_TEAM = 3245FW657Z;
				GENERATE_INFOPLIST_FILE = YES;
				IPHONEOS_DEPLOYMENT_TARGET = 16.0;
				MARKETING_VERSION = 1.0;
				PRODUCT_BUNDLE_IDENTIFIER = com.MatthewFree.NOTEbookTests;
				PRODUCT_NAME = "$(TARGET_NAME)";
				SWIFT_EMIT_LOC_STRINGS = NO;
				SWIFT_VERSION = 5.0;
				TARGETED_DEVICE_FAMILY = "1,2";
				TEST_HOST = "$(BUILT_PRODUCTS_DIR)/NOTEbook.app/$(BUNDLE_EXECUTABLE_FOLDER_PATH)/NOTEbook";
			};
			name = Debug;
		};
		9AB75CB92A3BDE6A001F24E7 /* Release */ = {
			isa = XCBuildConfiguration;
			buildSettings = {
				ALWAYS_EMBED_SWIFT_STANDARD_LIBRARIES = YES;
				BUNDLE_LOADER = "$(TEST_HOST)";
				CODE_SIGN_STYLE = Automatic;
				CURRENT_PROJECT_VERSION = 1;
				DEVELOPMENT_TEAM = 3245FW657Z;
				GENERATE_INFOPLIST_FILE = YES;
				IPHONEOS_DEPLOYMENT_TARGET = 16.0;
				MARKETING_VERSION = 1.0;
				PRODUCT_BUNDLE_IDENTIFIER = com.MatthewFree.NOTEbookTests;
				PRODUCT_NAME = "$(TARGET_NAME)";
				SWIFT_EMIT_LOC_STRINGS = NO;
				SWIFT_VERSION = 5.0;
				TARGETED_DEVICE_FAMILY = "1,2";
				TEST_HOST = "$(BUILT_PRODUCTS_DIR)/NOTEbook.app/$(BUNDLE_EXECUTABLE_FOLDER_PATH)/NOTEbook";
			};
			name = Release;
		};
		9ADA46562A5F9FF000EFDB74 /* Debug */ = {
			isa = XCBuildConfiguration;
			buildSettings = {
				ASSETCATALOG_COMPILER_APPICON_NAME = HelperIcon;
				ASSETCATALOG_COMPILER_GLOBAL_ACCENT_COLOR_NAME = AccentColor;
				ASSETCATALOG_COMPILER_INCLUDE_ALL_APPICON_ASSETS = YES;
				CODE_SIGN_STYLE = Automatic;
				CURRENT_PROJECT_VERSION = 1;
				DEVELOPMENT_ASSET_PATHS = "";
				DEVELOPMENT_TEAM = 3245FW657Z;
				ENABLE_PREVIEWS = YES;
				GENERATE_INFOPLIST_FILE = YES;
				INFOPLIST_KEY_CFBundleDisplayName = Helper;
				INFOPLIST_KEY_UIApplicationSceneManifest_Generation = YES;
				INFOPLIST_KEY_UIApplicationSupportsIndirectInputEvents = YES;
				INFOPLIST_KEY_UILaunchScreen_Generation = YES;
				INFOPLIST_KEY_UISupportedInterfaceOrientations_iPad = "UIInterfaceOrientationPortrait UIInterfaceOrientationPortraitUpsideDown UIInterfaceOrientationLandscapeLeft UIInterfaceOrientationLandscapeRight";
				INFOPLIST_KEY_UISupportedInterfaceOrientations_iPhone = "UIInterfaceOrientationPortrait UIInterfaceOrientationLandscapeLeft UIInterfaceOrientationLandscapeRight";
				IPHONEOS_DEPLOYMENT_TARGET = 16.0;
				LD_RUNPATH_SEARCH_PATHS = (
					"$(inherited)",
					"@executable_path/Frameworks",
				);
				MARKETING_VERSION = 1.0;
				PRODUCT_BUNDLE_IDENTIFIER = com.MatthewFree.NOTEbookHelper;
				PRODUCT_NAME = "$(TARGET_NAME)";
				SWIFT_EMIT_LOC_STRINGS = YES;
				SWIFT_VERSION = 5.0;
				TARGETED_DEVICE_FAMILY = "1,2";
			};
			name = Debug;
		};
		9ADA46572A5F9FF000EFDB74 /* Release */ = {
			isa = XCBuildConfiguration;
			buildSettings = {
				ASSETCATALOG_COMPILER_APPICON_NAME = HelperIcon;
				ASSETCATALOG_COMPILER_GLOBAL_ACCENT_COLOR_NAME = AccentColor;
				ASSETCATALOG_COMPILER_INCLUDE_ALL_APPICON_ASSETS = YES;
				CODE_SIGN_STYLE = Automatic;
				CURRENT_PROJECT_VERSION = 1;
				DEVELOPMENT_ASSET_PATHS = "";
				DEVELOPMENT_TEAM = 3245FW657Z;
				ENABLE_PREVIEWS = YES;
				GENERATE_INFOPLIST_FILE = YES;
				INFOPLIST_KEY_CFBundleDisplayName = Helper;
				INFOPLIST_KEY_UIApplicationSceneManifest_Generation = YES;
				INFOPLIST_KEY_UIApplicationSupportsIndirectInputEvents = YES;
				INFOPLIST_KEY_UILaunchScreen_Generation = YES;
				INFOPLIST_KEY_UISupportedInterfaceOrientations_iPad = "UIInterfaceOrientationPortrait UIInterfaceOrientationPortraitUpsideDown UIInterfaceOrientationLandscapeLeft UIInterfaceOrientationLandscapeRight";
				INFOPLIST_KEY_UISupportedInterfaceOrientations_iPhone = "UIInterfaceOrientationPortrait UIInterfaceOrientationLandscapeLeft UIInterfaceOrientationLandscapeRight";
				IPHONEOS_DEPLOYMENT_TARGET = 16.0;
				LD_RUNPATH_SEARCH_PATHS = (
					"$(inherited)",
					"@executable_path/Frameworks",
				);
				MARKETING_VERSION = 1.0;
				PRODUCT_BUNDLE_IDENTIFIER = com.MatthewFree.NOTEbookHelper;
				PRODUCT_NAME = "$(TARGET_NAME)";
				SWIFT_EMIT_LOC_STRINGS = YES;
				SWIFT_VERSION = 5.0;
				TARGETED_DEVICE_FAMILY = "1,2";
			};
			name = Release;
		};
/* End XCBuildConfiguration section */

/* Begin XCConfigurationList section */
		9AB75C8B2A3BDE69001F24E7 /* Build configuration list for PBXProject "NOTEbook" */ = {
			isa = XCConfigurationList;
			buildConfigurations = (
				9AB75CB22A3BDE6A001F24E7 /* Debug */,
				9AB75CB32A3BDE6A001F24E7 /* Release */,
			);
			defaultConfigurationIsVisible = 0;
			defaultConfigurationName = Release;
		};
		9AB75CB42A3BDE6A001F24E7 /* Build configuration list for PBXNativeTarget "NOTEbook" */ = {
			isa = XCConfigurationList;
			buildConfigurations = (
				9AB75CB52A3BDE6A001F24E7 /* Debug */,
				9AB75CB62A3BDE6A001F24E7 /* Release */,
			);
			defaultConfigurationIsVisible = 0;
			defaultConfigurationName = Release;
		};
		9AB75CB72A3BDE6A001F24E7 /* Build configuration list for PBXNativeTarget "NOTEbookTests" */ = {
			isa = XCConfigurationList;
			buildConfigurations = (
				9AB75CB82A3BDE6A001F24E7 /* Debug */,
				9AB75CB92A3BDE6A001F24E7 /* Release */,
			);
			defaultConfigurationIsVisible = 0;
			defaultConfigurationName = Release;
		};
		9ADA46552A5F9FF000EFDB74 /* Build configuration list for PBXNativeTarget "NOTEbookHelper" */ = {
			isa = XCConfigurationList;
			buildConfigurations = (
				9ADA46562A5F9FF000EFDB74 /* Debug */,
				9ADA46572A5F9FF000EFDB74 /* Release */,
			);
			defaultConfigurationIsVisible = 0;
			defaultConfigurationName = Release;
		};
/* End XCConfigurationList section */

/* Begin XCSwiftPackageProductDependency section */
		9ABC94682A632BF000C185FF /* ChartDomain */ = {
			isa = XCSwiftPackageProductDependency;
			productName = ChartDomain;
		};
		9ABC946A2A632BF000C185FF /* ChartUI */ = {
			isa = XCSwiftPackageProductDependency;
			productName = ChartUI;
		};
		9ABC946C2A632BF900C185FF /* ChartDomain */ = {
			isa = XCSwiftPackageProductDependency;
			productName = ChartDomain;
		};
		9ABC946E2A632BF900C185FF /* ChartUI */ = {
			isa = XCSwiftPackageProductDependency;
			productName = ChartUI;
		};
		9ADA46772A5FA2A900EFDB74 /* Common */ = {
			isa = XCSwiftPackageProductDependency;
			productName = Common;
		};
		9ADA46792A5FA2A900EFDB74 /* CommonUI */ = {
			isa = XCSwiftPackageProductDependency;
			productName = CommonUI;
		};
		9ADA467B2A5FA2B400EFDB74 /* Common */ = {
			isa = XCSwiftPackageProductDependency;
			productName = Common;
		};
		9ADA467D2A5FA2B400EFDB74 /* CommonUI */ = {
			isa = XCSwiftPackageProductDependency;
			productName = CommonUI;
		};
/* End XCSwiftPackageProductDependency section */
	};
	rootObject = 9AB75C882A3BDE69001F24E7 /* Project object */;
}
