{
  "object": {
    "pins": [
      {
        "package": "Purchases",
        "repositoryURL": "https://github.com/RevenueCat/purchases-ios.git",
        "state": {
          "branch": null,
          "revision": "df3b61885c2cdbd1967daececa813300295036db",
          "version": "3.9.2"
        }
      }
    ]
  },
  "version": 1
}
