// !$*UTF8*$!
{
	archiveVersion = 1;
	classes = {
	};
	objectVersion = 55;
	objects = {

/* Begin PBXBuildFile section */
		9A3F0C03295EA20A004CA28E /* NoteFingeringDetailView.swift in Sources */ = {isa = PBXBuildFile; fileRef = 9A3F0C02295EA20A004CA28E /* NoteFingeringDetailView.swift */; };
		9A3F0C04295EA20A004CA28E /* NoteFingeringDetailView.swift in Sources */ = {isa = PBXBuildFile; fileRef = 9A3F0C02295EA20A004CA28E /* NoteFingeringDetailView.swift */; };
		9A3F0C06295F2ECB004CA28E /* NoteCell.swift in Sources */ = {isa = PBXBuildFile; fileRef = 9A3F0C05295F2ECB004CA28E /* NoteCell.swift */; };
		9A3F0C07295F2ECB004CA28E /* NoteCell.swift in Sources */ = {isa = PBXBuildFile; fileRef = 9A3F0C05295F2ECB004CA28E /* NoteCell.swift */; };
		9A3F0C092962127D004CA28E /* AddFingeringChartCategoryView.swift in Sources */ = {isa = PBXBuildFile; fileRef = 9A3F0C082962127D004CA28E /* AddFingeringChartCategoryView.swift */; };
		9A3F0C0A2962127D004CA28E /* AddFingeringChartCategoryView.swift in Sources */ = {isa = PBXBuildFile; fileRef = 9A3F0C082962127D004CA28E /* AddFingeringChartCategoryView.swift */; };
		9A3F0C0C296342A9004CA28E /* AddFingeringChartView.swift in Sources */ = {isa = PBXBuildFile; fileRef = 9A3F0C0B296342A9004CA28E /* AddFingeringChartView.swift */; };
		9A3F0C0D296342A9004CA28E /* AddFingeringChartView.swift in Sources */ = {isa = PBXBuildFile; fileRef = 9A3F0C0B296342A9004CA28E /* AddFingeringChartView.swift */; };
		9A4D8E812A08AA6B00DC483F /* AddThreeValveFingeringView.swift in Sources */ = {isa = PBXBuildFile; fileRef = 9A4D8E802A08AA6B00DC483F /* AddThreeValveFingeringView.swift */; };
		9A4D8E822A08AA6B00DC483F /* AddThreeValveFingeringView.swift in Sources */ = {isa = PBXBuildFile; fileRef = 9A4D8E802A08AA6B00DC483F /* AddThreeValveFingeringView.swift */; };
		9A8D44322A1285A10093ED1B /* AddClarinetFingeringView.swift in Sources */ = {isa = PBXBuildFile; fileRef = 9A8D44312A1285A10093ED1B /* AddClarinetFingeringView.swift */; };
		9A8D44332A1285A10093ED1B /* AddClarinetFingeringView.swift in Sources */ = {isa = PBXBuildFile; fileRef = 9A8D44312A1285A10093ED1B /* AddClarinetFingeringView.swift */; };
		9A8D44382A153B450093ED1B /* AddSaxophoneFingeringView.swift in Sources */ = {isa = PBXBuildFile; fileRef = 9A8D44372A153B450093ED1B /* AddSaxophoneFingeringView.swift */; };
		9A8D44392A153B450093ED1B /* AddSaxophoneFingeringView.swift in Sources */ = {isa = PBXBuildFile; fileRef = 9A8D44372A153B450093ED1B /* AddSaxophoneFingeringView.swift */; };
		9A8D44412A15660B0093ED1B /* AddBaritoneSaxophoneFingeringView.swift in Sources */ = {isa = PBXBuildFile; fileRef = 9A8D44402A15660B0093ED1B /* AddBaritoneSaxophoneFingeringView.swift */; };
		9A8D44422A15660B0093ED1B /* AddBaritoneSaxophoneFingeringView.swift in Sources */ = {isa = PBXBuildFile; fileRef = 9A8D44402A15660B0093ED1B /* AddBaritoneSaxophoneFingeringView.swift */; };
		9AC2F8892A0BF1A6002D6E3D /* AddFourValveFingeringView.swift in Sources */ = {isa = PBXBuildFile; fileRef = 9AC2F8882A0BF1A6002D6E3D /* AddFourValveFingeringView.swift */; };
		9AC2F88A2A0BF1A6002D6E3D /* AddFourValveFingeringView.swift in Sources */ = {isa = PBXBuildFile; fileRef = 9AC2F8882A0BF1A6002D6E3D /* AddFourValveFingeringView.swift */; };
		9AC2F88F2A0BFCB7002D6E3D /* AddPositionFingeringView.swift in Sources */ = {isa = PBXBuildFile; fileRef = 9AC2F88E2A0BFCB7002D6E3D /* AddPositionFingeringView.swift */; };
		9AC2F8902A0BFCB7002D6E3D /* AddPositionFingeringView.swift in Sources */ = {isa = PBXBuildFile; fileRef = 9AC2F88E2A0BFCB7002D6E3D /* AddPositionFingeringView.swift */; };
		9AC2F8952A1191C7002D6E3D /* AddBbTriggerThreeValveFingeringView.swift in Sources */ = {isa = PBXBuildFile; fileRef = 9AC2F8942A1191C7002D6E3D /* AddBbTriggerThreeValveFingeringView.swift */; };
		9AC2F8962A1191C7002D6E3D /* AddBbTriggerThreeValveFingeringView.swift in Sources */ = {isa = PBXBuildFile; fileRef = 9AC2F8942A1191C7002D6E3D /* AddBbTriggerThreeValveFingeringView.swift */; };
		9AC2F89B2A119B9D002D6E3D /* AddFTriggerPositionFingeringView.swift in Sources */ = {isa = PBXBuildFile; fileRef = 9AC2F89A2A119B9D002D6E3D /* AddFTriggerPositionFingeringView.swift */; };
		9AC2F89C2A119B9D002D6E3D /* AddFTriggerPositionFingeringView.swift in Sources */ = {isa = PBXBuildFile; fileRef = 9AC2F89A2A119B9D002D6E3D /* AddFTriggerPositionFingeringView.swift */; };
		9AC2F8A12A119CEB002D6E3D /* AddFluteFingeringView.swift in Sources */ = {isa = PBXBuildFile; fileRef = 9AC2F8A02A119CEB002D6E3D /* AddFluteFingeringView.swift */; };
		9AC2F8A22A119CEB002D6E3D /* AddFluteFingeringView.swift in Sources */ = {isa = PBXBuildFile; fileRef = 9AC2F8A02A119CEB002D6E3D /* AddFluteFingeringView.swift */; };
		9AC60EED2A354D4B000774A0 /* Fingering.swift in Sources */ = {isa = PBXBuildFile; fileRef = 9AC60EE62A354D4B000774A0 /* Fingering.swift */; };
		9AC60EEE2A354D4B000774A0 /* Fingering.swift in Sources */ = {isa = PBXBuildFile; fileRef = 9AC60EE62A354D4B000774A0 /* Fingering.swift */; };
		9AC60EEF2A354D4B000774A0 /* Instrument.swift in Sources */ = {isa = PBXBuildFile; fileRef = 9AC60EE72A354D4B000774A0 /* Instrument.swift */; };
		9AC60EF02A354D4B000774A0 /* Instrument.swift in Sources */ = {isa = PBXBuildFile; fileRef = 9AC60EE72A354D4B000774A0 /* Instrument.swift */; };
		9AC60EF12A354D4B000774A0 /* Note.swift in Sources */ = {isa = PBXBuildFile; fileRef = 9AC60EE82A354D4B000774A0 /* Note.swift */; };
		9AC60EF22A354D4B000774A0 /* Note.swift in Sources */ = {isa = PBXBuildFile; fileRef = 9AC60EE82A354D4B000774A0 /* Note.swift */; };
		9AC60EF32A354D4B000774A0 /* NoteFingering.swift in Sources */ = {isa = PBXBuildFile; fileRef = 9AC60EE92A354D4B000774A0 /* NoteFingering.swift */; };
		9AC60EF42A354D4B000774A0 /* NoteFingering.swift in Sources */ = {isa = PBXBuildFile; fileRef = 9AC60EE92A354D4B000774A0 /* NoteFingering.swift */; };
		9AC60EF52A354D4B000774A0 /* FingeringChart.swift in Sources */ = {isa = PBXBuildFile; fileRef = 9AC60EEA2A354D4B000774A0 /* FingeringChart.swift */; };
		9AC60EF62A354D4B000774A0 /* FingeringChart.swift in Sources */ = {isa = PBXBuildFile; fileRef = 9AC60EEA2A354D4B000774A0 /* FingeringChart.swift */; };
		9AC60EF72A354D4B000774A0 /* ChartCategory.swift in Sources */ = {isa = PBXBuildFile; fileRef = 9AC60EEB2A354D4B000774A0 /* ChartCategory.swift */; };
		9AC60EF82A354D4B000774A0 /* ChartCategory.swift in Sources */ = {isa = PBXBuildFile; fileRef = 9AC60EEB2A354D4B000774A0 /* ChartCategory.swift */; };
		9AC60EF92A354D4B000774A0 /* Position.swift in Sources */ = {isa = PBXBuildFile; fileRef = 9AC60EEC2A354D4B000774A0 /* Position.swift */; };
		9AC60EFA2A354D4B000774A0 /* Position.swift in Sources */ = {isa = PBXBuildFile; fileRef = 9AC60EEC2A354D4B000774A0 /* Position.swift */; };
		9AC60F0B2A354D74000774A0 /* FourValveFingeringView.swift in Sources */ = {isa = PBXBuildFile; fileRef = 9AC60EFC2A354D74000774A0 /* FourValveFingeringView.swift */; };
		9AC60F0C2A354D74000774A0 /* FourValveFingeringView.swift in Sources */ = {isa = PBXBuildFile; fileRef = 9AC60EFC2A354D74000774A0 /* FourValveFingeringView.swift */; };
		9AC60F0D2A354D74000774A0 /* BaritoneSaxophoneFingeringView.swift in Sources */ = {isa = PBXBuildFile; fileRef = 9AC60EFD2A354D74000774A0 /* BaritoneSaxophoneFingeringView.swift */; };
		9AC60F0E2A354D74000774A0 /* BaritoneSaxophoneFingeringView.swift in Sources */ = {isa = PBXBuildFile; fileRef = 9AC60EFD2A354D74000774A0 /* BaritoneSaxophoneFingeringView.swift */; };
		9AC60F0F2A354D74000774A0 /* FTriggerPositionFingeringView.swift in Sources */ = {isa = PBXBuildFile; fileRef = 9AC60EFE2A354D74000774A0 /* FTriggerPositionFingeringView.swift */; };
		9AC60F102A354D74000774A0 /* FTriggerPositionFingeringView.swift in Sources */ = {isa = PBXBuildFile; fileRef = 9AC60EFE2A354D74000774A0 /* FTriggerPositionFingeringView.swift */; };
		9AC60F112A354D74000774A0 /* SaxophoneFingeringView.swift in Sources */ = {isa = PBXBuildFile; fileRef = 9AC60EFF2A354D74000774A0 /* SaxophoneFingeringView.swift */; };
		9AC60F122A354D74000774A0 /* SaxophoneFingeringView.swift in Sources */ = {isa = PBXBuildFile; fileRef = 9AC60EFF2A354D74000774A0 /* SaxophoneFingeringView.swift */; };
		9AC60F132A354D74000774A0 /* ClarinetFingeringView.swift in Sources */ = {isa = PBXBuildFile; fileRef = 9AC60F002A354D74000774A0 /* ClarinetFingeringView.swift */; };
		9AC60F142A354D74000774A0 /* ClarinetFingeringView.swift in Sources */ = {isa = PBXBuildFile; fileRef = 9AC60F002A354D74000774A0 /* ClarinetFingeringView.swift */; };
		9AC60F152A354D74000774A0 /* BbTriggerThreeValveFingeringView.swift in Sources */ = {isa = PBXBuildFile; fileRef = 9AC60F012A354D74000774A0 /* BbTriggerThreeValveFingeringView.swift */; };
		9AC60F162A354D74000774A0 /* BbTriggerThreeValveFingeringView.swift in Sources */ = {isa = PBXBuildFile; fileRef = 9AC60F012A354D74000774A0 /* BbTriggerThreeValveFingeringView.swift */; };
		9AC60F172A354D74000774A0 /* ThreeValveFingeringView.swift in Sources */ = {isa = PBXBuildFile; fileRef = 9AC60F022A354D74000774A0 /* ThreeValveFingeringView.swift */; };
		9AC60F182A354D74000774A0 /* ThreeValveFingeringView.swift in Sources */ = {isa = PBXBuildFile; fileRef = 9AC60F022A354D74000774A0 /* ThreeValveFingeringView.swift */; };
		9AC60F192A354D74000774A0 /* FluteFingeringView.swift in Sources */ = {isa = PBXBuildFile; fileRef = 9AC60F032A354D74000774A0 /* FluteFingeringView.swift */; };
		9AC60F1A2A354D74000774A0 /* FluteFingeringView.swift in Sources */ = {isa = PBXBuildFile; fileRef = 9AC60F032A354D74000774A0 /* FluteFingeringView.swift */; };
		9AC60F1B2A354D74000774A0 /* PositionFingeringView.swift in Sources */ = {isa = PBXBuildFile; fileRef = 9AC60F042A354D74000774A0 /* PositionFingeringView.swift */; };
		9AC60F1C2A354D74000774A0 /* PositionFingeringView.swift in Sources */ = {isa = PBXBuildFile; fileRef = 9AC60F042A354D74000774A0 /* PositionFingeringView.swift */; };
		9AC60F1D2A354D74000774A0 /* Charts-v1.2.json in Resources */ = {isa = PBXBuildFile; fileRef = 9AC60F062A354D74000774A0 /* Charts-v1.2.json */; };
		9AC60F1E2A354D74000774A0 /* Charts-v1.2.json in Resources */ = {isa = PBXBuildFile; fileRef = 9AC60F062A354D74000774A0 /* Charts-v1.2.json */; };
		9AC60F1F2A354D74000774A0 /* Colors.xcassets in Resources */ = {isa = PBXBuildFile; fileRef = 9AC60F082A354D74000774A0 /* Colors.xcassets */; };
		9AC60F202A354D74000774A0 /* Colors.xcassets in Resources */ = {isa = PBXBuildFile; fileRef = 9AC60F082A354D74000774A0 /* Colors.xcassets */; };
		9AC60F212A354D74000774A0 /* MusicSymbols.xcassets in Resources */ = {isa = PBXBuildFile; fileRef = 9AC60F092A354D74000774A0 /* MusicSymbols.xcassets */; };
		9AC60F222A354D74000774A0 /* MusicSymbols.xcassets in Resources */ = {isa = PBXBuildFile; fileRef = 9AC60F092A354D74000774A0 /* MusicSymbols.xcassets */; };
		9AC60F232A354D74000774A0 /* Instruments.xcassets in Resources */ = {isa = PBXBuildFile; fileRef = 9AC60F0A2A354D74000774A0 /* Instruments.xcassets */; };
		9AC60F242A354D74000774A0 /* Instruments.xcassets in Resources */ = {isa = PBXBuildFile; fileRef = 9AC60F0A2A354D74000774A0 /* Instruments.xcassets */; };
		9AC60F262A354D9F000774A0 /* ChartsLoader.swift in Sources */ = {isa = PBXBuildFile; fileRef = 9AC60F252A354D9F000774A0 /* ChartsLoader.swift */; };
		9AC60F272A354D9F000774A0 /* ChartsLoader.swift in Sources */ = {isa = PBXBuildFile; fileRef = 9AC60F252A354D9F000774A0 /* ChartsLoader.swift */; };
		9AE30B4A27E94B4600E3D44A /* NOTEbookHelperApp.swift in Sources */ = {isa = PBXBuildFile; fileRef = 9AE30B3A27E94B4400E3D44A /* NOTEbookHelperApp.swift */; };
		9AE30B4B27E94B4600E3D44A /* NOTEbookHelperApp.swift in Sources */ = {isa = PBXBuildFile; fileRef = 9AE30B3A27E94B4400E3D44A /* NOTEbookHelperApp.swift */; };
		9AE30B4C27E94B4600E3D44A /* InstrumentsListView.swift in Sources */ = {isa = PBXBuildFile; fileRef = 9AE30B3B27E94B4400E3D44A /* InstrumentsListView.swift */; };
		9AE30B4D27E94B4600E3D44A /* InstrumentsListView.swift in Sources */ = {isa = PBXBuildFile; fileRef = 9AE30B3B27E94B4400E3D44A /* InstrumentsListView.swift */; };
		9AE30B4E27E94B4600E3D44A /* Assets.xcassets in Resources */ = {isa = PBXBuildFile; fileRef = 9AE30B3C27E94B4600E3D44A /* Assets.xcassets */; };
		9AE30B4F27E94B4600E3D44A /* Assets.xcassets in Resources */ = {isa = PBXBuildFile; fileRef = 9AE30B3C27E94B4600E3D44A /* Assets.xcassets */; };
		9AE30CD427ECAFAE00E3D44A /* HelperChartsController.swift in Sources */ = {isa = PBXBuildFile; fileRef = 9AE30CD327ECAFAE00E3D44A /* HelperChartsController.swift */; };
		9AE30CD527ECAFAE00E3D44A /* HelperChartsController.swift in Sources */ = {isa = PBXBuildFile; fileRef = 9AE30CD327ECAFAE00E3D44A /* HelperChartsController.swift */; };
		9AE30CE627F0130300E3D44A /* FingeringChartDetailView.swift in Sources */ = {isa = PBXBuildFile; fileRef = 9AE30CE527F0130300E3D44A /* FingeringChartDetailView.swift */; };
		9AE30CE727F0130300E3D44A /* FingeringChartDetailView.swift in Sources */ = {isa = PBXBuildFile; fileRef = 9AE30CE527F0130300E3D44A /* FingeringChartDetailView.swift */; };
/* End PBXBuildFile section */

/* Begin PBXFileReference section */
		9A3F0BFB295C8A5A004CA28E /* NOTEbookHelper--iOS--Info.plist */ = {isa = PBXFileReference; lastKnownFileType = text.plist.xml; path = "NOTEbookHelper--iOS--Info.plist"; sourceTree = "<group>"; };
		9A3F0C02295EA20A004CA28E /* NoteFingeringDetailView.swift */ = {isa = PBXFileReference; lastKnownFileType = sourcecode.swift; path = NoteFingeringDetailView.swift; sourceTree = "<group>"; };
		9A3F0C05295F2ECB004CA28E /* NoteCell.swift */ = {isa = PBXFileReference; lastKnownFileType = sourcecode.swift; path = NoteCell.swift; sourceTree = "<group>"; };
		9A3F0C082962127D004CA28E /* AddFingeringChartCategoryView.swift */ = {isa = PBXFileReference; lastKnownFileType = sourcecode.swift; path = AddFingeringChartCategoryView.swift; sourceTree = "<group>"; };
		9A3F0C0B296342A9004CA28E /* AddFingeringChartView.swift */ = {isa = PBXFileReference; lastKnownFileType = sourcecode.swift; path = AddFingeringChartView.swift; sourceTree = "<group>"; };
		9A4D8E802A08AA6B00DC483F /* AddThreeValveFingeringView.swift */ = {isa = PBXFileReference; lastKnownFileType = sourcecode.swift; path = AddThreeValveFingeringView.swift; sourceTree = "<group>"; };
		9A8D44312A1285A10093ED1B /* AddClarinetFingeringView.swift */ = {isa = PBXFileReference; lastKnownFileType = sourcecode.swift; path = AddClarinetFingeringView.swift; sourceTree = "<group>"; };
		9A8D44372A153B450093ED1B /* AddSaxophoneFingeringView.swift */ = {isa = PBXFileReference; lastKnownFileType = sourcecode.swift; path = AddSaxophoneFingeringView.swift; sourceTree = "<group>"; };
		9A8D44402A15660B0093ED1B /* AddBaritoneSaxophoneFingeringView.swift */ = {isa = PBXFileReference; lastKnownFileType = sourcecode.swift; path = AddBaritoneSaxophoneFingeringView.swift; sourceTree = "<group>"; };
		9AC2F8882A0BF1A6002D6E3D /* AddFourValveFingeringView.swift */ = {isa = PBXFileReference; lastKnownFileType = sourcecode.swift; path = AddFourValveFingeringView.swift; sourceTree = "<group>"; };
		9AC2F88E2A0BFCB7002D6E3D /* AddPositionFingeringView.swift */ = {isa = PBXFileReference; lastKnownFileType = sourcecode.swift; path = AddPositionFingeringView.swift; sourceTree = "<group>"; };
		9AC2F8942A1191C7002D6E3D /* AddBbTriggerThreeValveFingeringView.swift */ = {isa = PBXFileReference; lastKnownFileType = sourcecode.swift; path = AddBbTriggerThreeValveFingeringView.swift; sourceTree = "<group>"; };
		9AC2F89A2A119B9D002D6E3D /* AddFTriggerPositionFingeringView.swift */ = {isa = PBXFileReference; lastKnownFileType = sourcecode.swift; path = AddFTriggerPositionFingeringView.swift; sourceTree = "<group>"; };
		9AC2F8A02A119CEB002D6E3D /* AddFluteFingeringView.swift */ = {isa = PBXFileReference; lastKnownFileType = sourcecode.swift; path = AddFluteFingeringView.swift; sourceTree = "<group>"; };
		9AC60EE62A354D4B000774A0 /* Fingering.swift */ = {isa = PBXFileReference; fileEncoding = 4; lastKnownFileType = sourcecode.swift; path = Fingering.swift; sourceTree = "<group>"; };
		9AC60EE72A354D4B000774A0 /* Instrument.swift */ = {isa = PBXFileReference; fileEncoding = 4; lastKnownFileType = sourcecode.swift; path = Instrument.swift; sourceTree = "<group>"; };
		9AC60EE82A354D4B000774A0 /* Note.swift */ = {isa = PBXFileReference; fileEncoding = 4; lastKnownFileType = sourcecode.swift; path = Note.swift; sourceTree = "<group>"; };
		9AC60EE92A354D4B000774A0 /* NoteFingering.swift */ = {isa = PBXFileReference; fileEncoding = 4; lastKnownFileType = sourcecode.swift; path = NoteFingering.swift; sourceTree = "<group>"; };
		9AC60EEA2A354D4B000774A0 /* FingeringChart.swift */ = {isa = PBXFileReference; fileEncoding = 4; lastKnownFileType = sourcecode.swift; path = FingeringChart.swift; sourceTree = "<group>"; };
		9AC60EEB2A354D4B000774A0 /* ChartCategory.swift */ = {isa = PBXFileReference; fileEncoding = 4; lastKnownFileType = sourcecode.swift; path = ChartCategory.swift; sourceTree = "<group>"; };
		9AC60EEC2A354D4B000774A0 /* Position.swift */ = {isa = PBXFileReference; fileEncoding = 4; lastKnownFileType = sourcecode.swift; path = Position.swift; sourceTree = "<group>"; };
		9AC60EFC2A354D74000774A0 /* FourValveFingeringView.swift */ = {isa = PBXFileReference; fileEncoding = 4; lastKnownFileType = sourcecode.swift; path = FourValveFingeringView.swift; sourceTree = "<group>"; };
		9AC60EFD2A354D74000774A0 /* BaritoneSaxophoneFingeringView.swift */ = {isa = PBXFileReference; fileEncoding = 4; lastKnownFileType = sourcecode.swift; path = BaritoneSaxophoneFingeringView.swift; sourceTree = "<group>"; };
		9AC60EFE2A354D74000774A0 /* FTriggerPositionFingeringView.swift */ = {isa = PBXFileReference; fileEncoding = 4; lastKnownFileType = sourcecode.swift; path = FTriggerPositionFingeringView.swift; sourceTree = "<group>"; };
		9AC60EFF2A354D74000774A0 /* SaxophoneFingeringView.swift */ = {isa = PBXFileReference; fileEncoding = 4; lastKnownFileType = sourcecode.swift; path = SaxophoneFingeringView.swift; sourceTree = "<group>"; };
		9AC60F002A354D74000774A0 /* ClarinetFingeringView.swift */ = {isa = PBXFileReference; fileEncoding = 4; lastKnownFileType = sourcecode.swift; path = ClarinetFingeringView.swift; sourceTree = "<group>"; };
		9AC60F012A354D74000774A0 /* BbTriggerThreeValveFingeringView.swift */ = {isa = PBXFileReference; fileEncoding = 4; lastKnownFileType = sourcecode.swift; path = BbTriggerThreeValveFingeringView.swift; sourceTree = "<group>"; };
		9AC60F022A354D74000774A0 /* ThreeValveFingeringView.swift */ = {isa = PBXFileReference; fileEncoding = 4; lastKnownFileType = sourcecode.swift; path = ThreeValveFingeringView.swift; sourceTree = "<group>"; };
		9AC60F032A354D74000774A0 /* FluteFingeringView.swift */ = {isa = PBXFileReference; fileEncoding = 4; lastKnownFileType = sourcecode.swift; path = FluteFingeringView.swift; sourceTree = "<group>"; };
		9AC60F042A354D74000774A0 /* PositionFingeringView.swift */ = {isa = PBXFileReference; fileEncoding = 4; lastKnownFileType = sourcecode.swift; path = PositionFingeringView.swift; sourceTree = "<group>"; };
		9AC60F062A354D74000774A0 /* Charts-v1.2.json */ = {isa = PBXFileReference; fileEncoding = 4; lastKnownFileType = text.json; path = "Charts-v1.2.json"; sourceTree = "<group>"; };
		9AC60F082A354D74000774A0 /* Colors.xcassets */ = {isa = PBXFileReference; lastKnownFileType = folder.assetcatalog; path = Colors.xcassets; sourceTree = "<group>"; };
		9AC60F092A354D74000774A0 /* MusicSymbols.xcassets */ = {isa = PBXFileReference; lastKnownFileType = folder.assetcatalog; path = MusicSymbols.xcassets; sourceTree = "<group>"; };
		9AC60F0A2A354D74000774A0 /* Instruments.xcassets */ = {isa = PBXFileReference; lastKnownFileType = folder.assetcatalog; path = Instruments.xcassets; sourceTree = "<group>"; };
		9AC60F252A354D9F000774A0 /* ChartsLoader.swift */ = {isa = PBXFileReference; fileEncoding = 4; lastKnownFileType = sourcecode.swift; name = ChartsLoader.swift; path = ../../NOTEbookShared/ChartsLoader.swift; sourceTree = "<group>"; };
		9AE30B3A27E94B4400E3D44A /* NOTEbookHelperApp.swift */ = {isa = PBXFileReference; lastKnownFileType = sourcecode.swift; path = NOTEbookHelperApp.swift; sourceTree = "<group>"; };
		9AE30B3B27E94B4400E3D44A /* InstrumentsListView.swift */ = {isa = PBXFileReference; lastKnownFileType = sourcecode.swift; path = InstrumentsListView.swift; sourceTree = "<group>"; };
		9AE30B3C27E94B4600E3D44A /* Assets.xcassets */ = {isa = PBXFileReference; lastKnownFileType = folder.assetcatalog; path = Assets.xcassets; sourceTree = "<group>"; };
		9AE30B4127E94B4600E3D44A /* NOTEbook Helper.app */ = {isa = PBXFileReference; explicitFileType = wrapper.application; includeInIndex = 0; path = "NOTEbook Helper.app"; sourceTree = BUILT_PRODUCTS_DIR; };
		9AE30B4727E94B4600E3D44A /* NOTEbookHelper.app */ = {isa = PBXFileReference; explicitFileType = wrapper.application; includeInIndex = 0; path = NOTEbookHelper.app; sourceTree = BUILT_PRODUCTS_DIR; };
		9AE30B4927E94B4600E3D44A /* macOS.entitlements */ = {isa = PBXFileReference; lastKnownFileType = text.plist.entitlements; path = macOS.entitlements; sourceTree = "<group>"; };
		9AE30CD327ECAFAE00E3D44A /* HelperChartsController.swift */ = {isa = PBXFileReference; lastKnownFileType = sourcecode.swift; path = HelperChartsController.swift; sourceTree = "<group>"; };
		9AE30CE527F0130300E3D44A /* FingeringChartDetailView.swift */ = {isa = PBXFileReference; lastKnownFileType = sourcecode.swift; path = FingeringChartDetailView.swift; sourceTree = "<group>"; };
/* End PBXFileReference section */

/* Begin PBXFrameworksBuildPhase section */
		9AE30B3E27E94B4600E3D44A /* Frameworks */ = {
			isa = PBXFrameworksBuildPhase;
			buildActionMask = 2147483647;
			files = (
			);
			runOnlyForDeploymentPostprocessing = 0;
		};
		9AE30B4427E94B4600E3D44A /* Frameworks */ = {
			isa = PBXFrameworksBuildPhase;
			buildActionMask = 2147483647;
			files = (
			);
			runOnlyForDeploymentPostprocessing = 0;
		};
/* End PBXFrameworksBuildPhase section */

/* Begin PBXGroup section */
		9A4D8E832A08B0E400DC483F /* AddFingeringViews */ = {
			isa = PBXGroup;
			children = (
				9AC2F8A02A119CEB002D6E3D /* AddFluteFingeringView.swift */,
				9A8D44312A1285A10093ED1B /* AddClarinetFingeringView.swift */,
				9A8D44372A153B450093ED1B /* AddSaxophoneFingeringView.swift */,
				9A8D44402A15660B0093ED1B /* AddBaritoneSaxophoneFingeringView.swift */,
				9A4D8E802A08AA6B00DC483F /* AddThreeValveFingeringView.swift */,
				9AC2F8882A0BF1A6002D6E3D /* AddFourValveFingeringView.swift */,
				9AC2F8942A1191C7002D6E3D /* AddBbTriggerThreeValveFingeringView.swift */,
				9AC2F88E2A0BFCB7002D6E3D /* AddPositionFingeringView.swift */,
				9AC2F89A2A119B9D002D6E3D /* AddFTriggerPositionFingeringView.swift */,
			);
			path = AddFingeringViews;
			sourceTree = "<group>";
		};
		9AC60EDC2A354C20000774A0 /* MainViews */ = {
			isa = PBXGroup;
			children = (
				9AE30B3B27E94B4400E3D44A /* InstrumentsListView.swift */,
				9AE30CE527F0130300E3D44A /* FingeringChartDetailView.swift */,
				9A3F0C02295EA20A004CA28E /* NoteFingeringDetailView.swift */,
			);
			path = MainViews;
			sourceTree = "<group>";
		};
		9AC60EDD2A354C2F000774A0 /* AddViews */ = {
			isa = PBXGroup;
			children = (
				9A3F0C082962127D004CA28E /* AddFingeringChartCategoryView.swift */,
				9A3F0C0B296342A9004CA28E /* AddFingeringChartView.swift */,
			);
			path = AddViews;
			sourceTree = "<group>";
		};
		9AC60EDE2A354C46000774A0 /* SupplementaryViews */ = {
			isa = PBXGroup;
			children = (
				9A3F0C05295F2ECB004CA28E /* NoteCell.swift */,
			);
			path = SupplementaryViews;
			sourceTree = "<group>";
		};
		9AC60EE52A354D4B000774A0 /* Models */ = {
			isa = PBXGroup;
			children = (
				9AC60EE62A354D4B000774A0 /* Fingering.swift */,
				9AC60EE72A354D4B000774A0 /* Instrument.swift */,
				9AC60EE82A354D4B000774A0 /* Note.swift */,
				9AC60EE92A354D4B000774A0 /* NoteFingering.swift */,
				9AC60EEA2A354D4B000774A0 /* FingeringChart.swift */,
				9AC60EEB2A354D4B000774A0 /* ChartCategory.swift */,
				9AC60EEC2A354D4B000774A0 /* Position.swift */,
			);
			name = Models;
			path = ../../NOTEbookShared/Models;
			sourceTree = "<group>";
		};
		9AC60EFB2A354D74000774A0 /* FingeringViews */ = {
			isa = PBXGroup;
			children = (
				9AC60EFC2A354D74000774A0 /* FourValveFingeringView.swift */,
				9AC60EFD2A354D74000774A0 /* BaritoneSaxophoneFingeringView.swift */,
				9AC60EFE2A354D74000774A0 /* FTriggerPositionFingeringView.swift */,
				9AC60EFF2A354D74000774A0 /* SaxophoneFingeringView.swift */,
				9AC60F002A354D74000774A0 /* ClarinetFingeringView.swift */,
				9AC60F012A354D74000774A0 /* BbTriggerThreeValveFingeringView.swift */,
				9AC60F022A354D74000774A0 /* ThreeValveFingeringView.swift */,
				9AC60F032A354D74000774A0 /* FluteFingeringView.swift */,
				9AC60F042A354D74000774A0 /* PositionFingeringView.swift */,
			);
			name = FingeringViews;
			path = ../../NOTEbookShared/FingeringViews;
			sourceTree = "<group>";
		};
		9AC60F052A354D74000774A0 /* Charts */ = {
			isa = PBXGroup;
			children = (
				9AC60F062A354D74000774A0 /* Charts-v1.2.json */,
			);
			name = Charts;
			path = ../../NOTEbookShared/Charts;
			sourceTree = "<group>";
		};
		9AC60F072A354D74000774A0 /* Assets */ = {
			isa = PBXGroup;
			children = (
				9AC60F082A354D74000774A0 /* Colors.xcassets */,
				9AC60F092A354D74000774A0 /* MusicSymbols.xcassets */,
				9AC60F0A2A354D74000774A0 /* Instruments.xcassets */,
			);
			name = Assets;
			path = ../../NOTEbookShared/Assets;
			sourceTree = "<group>";
		};
		9AE30B3427E94B4400E3D44A = {
			isa = PBXGroup;
			children = (
				9A3F0BFB295C8A5A004CA28E /* NOTEbookHelper--iOS--Info.plist */,
				9AE30B3927E94B4400E3D44A /* Shared */,
				9AE30B4827E94B4600E3D44A /* macOS */,
				9AE30B4227E94B4600E3D44A /* Products */,
			);
			sourceTree = "<group>";
		};
		9AE30B3927E94B4400E3D44A /* Shared */ = {
			isa = PBXGroup;
			children = (
				9AE30B3A27E94B4400E3D44A /* NOTEbookHelperApp.swift */,
				9AE30CD327ECAFAE00E3D44A /* HelperChartsController.swift */,
				9AC60F252A354D9F000774A0 /* ChartsLoader.swift */,
				9AC60EDC2A354C20000774A0 /* MainViews */,
				9AC60EDD2A354C2F000774A0 /* AddViews */,
				9AC60EFB2A354D74000774A0 /* FingeringViews */,
				9A4D8E832A08B0E400DC483F /* AddFingeringViews */,
				9AC60EDE2A354C46000774A0 /* SupplementaryViews */,
				9AC60EE52A354D4B000774A0 /* Models */,
				9AC60F052A354D74000774A0 /* Charts */,
				9AC60F072A354D74000774A0 /* Assets */,
				9AE30B3C27E94B4600E3D44A /* Assets.xcassets */,
			);
			path = Shared;
			sourceTree = "<group>";
		};
		9AE30B4227E94B4600E3D44A /* Products */ = {
			isa = PBXGroup;
			children = (
				9AE30B4127E94B4600E3D44A /* NOTEbook Helper.app */,
				9AE30B4727E94B4600E3D44A /* NOTEbookHelper.app */,
			);
			name = Products;
			sourceTree = "<group>";
		};
		9AE30B4827E94B4600E3D44A /* macOS */ = {
			isa = PBXGroup;
			children = (
				9AE30B4927E94B4600E3D44A /* macOS.entitlements */,
			);
			path = macOS;
			sourceTree = "<group>";
		};
/* End PBXGroup section */

/* Begin PBXNativeTarget section */
		9AE30B4027E94B4600E3D44A /* NOTEbookHelper (iOS) */ = {
			isa = PBXNativeTarget;
			buildConfigurationList = 9AE30B5227E94B4600E3D44A /* Build configuration list for PBXNativeTarget "NOTEbookHelper (iOS)" */;
			buildPhases = (
				9AE30B3D27E94B4600E3D44A /* Sources */,
				9AE30B3E27E94B4600E3D44A /* Frameworks */,
				9AE30B3F27E94B4600E3D44A /* Resources */,
			);
			buildRules = (
			);
			dependencies = (
			);
			name = "NOTEbookHelper (iOS)";
			productName = "NOTEbook Helper (iOS)";
			productReference = 9AE30B4127E94B4600E3D44A /* NOTEbook Helper.app */;
			productType = "com.apple.product-type.application";
		};
		9AE30B4627E94B4600E3D44A /* NOTEbookHelper (macOS) */ = {
			isa = PBXNativeTarget;
			buildConfigurationList = 9AE30B5527E94B4600E3D44A /* Build configuration list for PBXNativeTarget "NOTEbookHelper (macOS)" */;
			buildPhases = (
				9AE30B4327E94B4600E3D44A /* Sources */,
				9AE30B4427E94B4600E3D44A /* Frameworks */,
				9AE30B4527E94B4600E3D44A /* Resources */,
			);
			buildRules = (
			);
			dependencies = (
			);
			name = "NOTEbookHelper (macOS)";
			productName = "NOTEbook Helper (macOS)";
			productReference = 9AE30B4727E94B4600E3D44A /* NOTEbookHelper.app */;
			productType = "com.apple.product-type.application";
		};
/* End PBXNativeTarget section */

/* Begin PBXProject section */
		9AE30B3527E94B4400E3D44A /* Project object */ = {
			isa = PBXProject;
			attributes = {
				BuildIndependentTargetsInParallel = 1;
				LastSwiftUpdateCheck = 1330;
				LastUpgradeCheck = 1400;
				TargetAttributes = {
					9AE30B4027E94B4600E3D44A = {
						CreatedOnToolsVersion = 13.3;
					};
					9AE30B4627E94B4600E3D44A = {
						CreatedOnToolsVersion = 13.3;
					};
				};
			};
			buildConfigurationList = 9AE30B3827E94B4400E3D44A /* Build configuration list for PBXProject "NOTEbookHelper" */;
			compatibilityVersion = "Xcode 13.0";
			developmentRegion = en;
			hasScannedForEncodings = 0;
			knownRegions = (
				en,
				Base,
			);
			mainGroup = 9AE30B3427E94B4400E3D44A;
			productRefGroup = 9AE30B4227E94B4600E3D44A /* Products */;
			projectDirPath = "";
			projectRoot = "";
			targets = (
				9AE30B4027E94B4600E3D44A /* NOTEbookHelper (iOS) */,
				9AE30B4627E94B4600E3D44A /* NOTEbookHelper (macOS) */,
			);
		};
/* End PBXProject section */

/* Begin PBXResourcesBuildPhase section */
		9AE30B3F27E94B4600E3D44A /* Resources */ = {
			isa = PBXResourcesBuildPhase;
			buildActionMask = 2147483647;
			files = (
				9AC60F1F2A354D74000774A0 /* Colors.xcassets in Resources */,
				9AE30B4E27E94B4600E3D44A /* Assets.xcassets in Resources */,
				9AC60F1D2A354D74000774A0 /* Charts-v1.2.json in Resources */,
				9AC60F232A354D74000774A0 /* Instruments.xcassets in Resources */,
				9AC60F212A354D74000774A0 /* MusicSymbols.xcassets in Resources */,
			);
			runOnlyForDeploymentPostprocessing = 0;
		};
		9AE30B4527E94B4600E3D44A /* Resources */ = {
			isa = PBXResourcesBuildPhase;
			buildActionMask = 2147483647;
			files = (
				9AC60F202A354D74000774A0 /* Colors.xcassets in Resources */,
				9AE30B4F27E94B4600E3D44A /* Assets.xcassets in Resources */,
				9AC60F1E2A354D74000774A0 /* Charts-v1.2.json in Resources */,
				9AC60F242A354D74000774A0 /* Instruments.xcassets in Resources */,
				9AC60F222A354D74000774A0 /* MusicSymbols.xcassets in Resources */,
			);
			runOnlyForDeploymentPostprocessing = 0;
		};
/* End PBXResourcesBuildPhase section */

/* Begin PBXSourcesBuildPhase section */
		9AE30B3D27E94B4600E3D44A /* Sources */ = {
			isa = PBXSourcesBuildPhase;
			buildActionMask = 2147483647;
			files = (
				9A4D8E812A08AA6B00DC483F /* AddThreeValveFingeringView.swift in Sources */,
				9AC60F152A354D74000774A0 /* BbTriggerThreeValveFingeringView.swift in Sources */,
				9AE30CE627F0130300E3D44A /* FingeringChartDetailView.swift in Sources */,
				9AC60F0D2A354D74000774A0 /* BaritoneSaxophoneFingeringView.swift in Sources */,
				9AC60EEF2A354D4B000774A0 /* Instrument.swift in Sources */,
				9A3F0C0C296342A9004CA28E /* AddFingeringChartView.swift in Sources */,
				9AC60EED2A354D4B000774A0 /* Fingering.swift in Sources */,
				9AC60F192A354D74000774A0 /* FluteFingeringView.swift in Sources */,
				9A3F0C03295EA20A004CA28E /* NoteFingeringDetailView.swift in Sources */,
				9AC60EF32A354D4B000774A0 /* NoteFingering.swift in Sources */,
				9A8D44382A153B450093ED1B /* AddSaxophoneFingeringView.swift in Sources */,
				9AE30CD427ECAFAE00E3D44A /* HelperChartsController.swift in Sources */,
				9AE30B4C27E94B4600E3D44A /* InstrumentsListView.swift in Sources */,
				9AC60EF52A354D4B000774A0 /* FingeringChart.swift in Sources */,
				9AC2F8892A0BF1A6002D6E3D /* AddFourValveFingeringView.swift in Sources */,
				9AE30B4A27E94B4600E3D44A /* NOTEbookHelperApp.swift in Sources */,
				9A3F0C092962127D004CA28E /* AddFingeringChartCategoryView.swift in Sources */,
				9AC60F0F2A354D74000774A0 /* FTriggerPositionFingeringView.swift in Sources */,
				9AC60F112A354D74000774A0 /* SaxophoneFingeringView.swift in Sources */,
				9AC60F0B2A354D74000774A0 /* FourValveFingeringView.swift in Sources */,
				9AC60EF92A354D4B000774A0 /* Position.swift in Sources */,
				9AC60F262A354D9F000774A0 /* ChartsLoader.swift in Sources */,
				9AC60F132A354D74000774A0 /* ClarinetFingeringView.swift in Sources */,
				9AC60F1B2A354D74000774A0 /* PositionFingeringView.swift in Sources */,
				9A8D44412A15660B0093ED1B /* AddBaritoneSaxophoneFingeringView.swift in Sources */,
				9A8D44322A1285A10093ED1B /* AddClarinetFingeringView.swift in Sources */,
				9AC2F8A12A119CEB002D6E3D /* AddFluteFingeringView.swift in Sources */,
				9AC60EF12A354D4B000774A0 /* Note.swift in Sources */,
				9AC2F89B2A119B9D002D6E3D /* AddFTriggerPositionFingeringView.swift in Sources */,
				9AC2F88F2A0BFCB7002D6E3D /* AddPositionFingeringView.swift in Sources */,
				9AC60EF72A354D4B000774A0 /* ChartCategory.swift in Sources */,
				9A3F0C06295F2ECB004CA28E /* NoteCell.swift in Sources */,
				9AC2F8952A1191C7002D6E3D /* AddBbTriggerThreeValveFingeringView.swift in Sources */,
				9AC60F172A354D74000774A0 /* ThreeValveFingeringView.swift in Sources */,
			);
			runOnlyForDeploymentPostprocessing = 0;
		};
		9AE30B4327E94B4600E3D44A /* Sources */ = {
			isa = PBXSourcesBuildPhase;
			buildActionMask = 2147483647;
			files = (
				9A4D8E822A08AA6B00DC483F /* AddThreeValveFingeringView.swift in Sources */,
				9AC60F162A354D74000774A0 /* BbTriggerThreeValveFingeringView.swift in Sources */,
				9AE30CE727F0130300E3D44A /* FingeringChartDetailView.swift in Sources */,
				9AC60F0E2A354D74000774A0 /* BaritoneSaxophoneFingeringView.swift in Sources */,
				9AC60EF02A354D4B000774A0 /* Instrument.swift in Sources */,
				9A3F0C0D296342A9004CA28E /* AddFingeringChartView.swift in Sources */,
				9AC60EEE2A354D4B000774A0 /* Fingering.swift in Sources */,
				9AC60F1A2A354D74000774A0 /* FluteFingeringView.swift in Sources */,
				9A3F0C04295EA20A004CA28E /* NoteFingeringDetailView.swift in Sources */,
				9AC60EF42A354D4B000774A0 /* NoteFingering.swift in Sources */,
				9A8D44392A153B450093ED1B /* AddSaxophoneFingeringView.swift in Sources */,
				9AE30CD527ECAFAE00E3D44A /* HelperChartsController.swift in Sources */,
				9AE30B4D27E94B4600E3D44A /* InstrumentsListView.swift in Sources */,
				9AC60EF62A354D4B000774A0 /* FingeringChart.swift in Sources */,
				9AC2F88A2A0BF1A6002D6E3D /* AddFourValveFingeringView.swift in Sources */,
				9A3F0C0A2962127D004CA28E /* AddFingeringChartCategoryView.swift in Sources */,
				9A8D44422A15660B0093ED1B /* AddBaritoneSaxophoneFingeringView.swift in Sources */,
				9AC60F102A354D74000774A0 /* FTriggerPositionFingeringView.swift in Sources */,
				9AC60F122A354D74000774A0 /* SaxophoneFingeringView.swift in Sources */,
				9AC60F0C2A354D74000774A0 /* FourValveFingeringView.swift in Sources */,
				9AC60EFA2A354D4B000774A0 /* Position.swift in Sources */,
				9AC60F272A354D9F000774A0 /* ChartsLoader.swift in Sources */,
				9AC60F142A354D74000774A0 /* ClarinetFingeringView.swift in Sources */,
				9AC60F1C2A354D74000774A0 /* PositionFingeringView.swift in Sources */,
				9A8D44332A1285A10093ED1B /* AddClarinetFingeringView.swift in Sources */,
				9AC2F8A22A119CEB002D6E3D /* AddFluteFingeringView.swift in Sources */,
				9AC2F89C2A119B9D002D6E3D /* AddFTriggerPositionFingeringView.swift in Sources */,
				9AC60EF22A354D4B000774A0 /* Note.swift in Sources */,
				9AC2F8902A0BFCB7002D6E3D /* AddPositionFingeringView.swift in Sources */,
				9AE30B4B27E94B4600E3D44A /* NOTEbookHelperApp.swift in Sources */,
				9AC60EF82A354D4B000774A0 /* ChartCategory.swift in Sources */,
				9A3F0C07295F2ECB004CA28E /* NoteCell.swift in Sources */,
				9AC2F8962A1191C7002D6E3D /* AddBbTriggerThreeValveFingeringView.swift in Sources */,
				9AC60F182A354D74000774A0 /* ThreeValveFingeringView.swift in Sources */,
			);
			runOnlyForDeploymentPostprocessing = 0;
		};
/* End PBXSourcesBuildPhase section */

/* Begin XCBuildConfiguration section */
		9AE30B5027E94B4600E3D44A /* Debug */ = {
			isa = XCBuildConfiguration;
			buildSettings = {
				ALWAYS_SEARCH_USER_PATHS = NO;
				CLANG_ANALYZER_NONNULL = YES;
				CLANG_ANALYZER_NUMBER_OBJECT_CONVERSION = YES_AGGRESSIVE;
				CLANG_CXX_LANGUAGE_STANDARD = "gnu++17";
				CLANG_ENABLE_MODULES = YES;
				CLANG_ENABLE_OBJC_ARC = YES;
				CLANG_ENABLE_OBJC_WEAK = YES;
				CLANG_WARN_BLOCK_CAPTURE_AUTORELEASING = YES;
				CLANG_WARN_BOOL_CONVERSION = YES;
				CLANG_WARN_COMMA = YES;
				CLANG_WARN_CONSTANT_CONVERSION = YES;
				CLANG_WARN_DEPRECATED_OBJC_IMPLEMENTATIONS = YES;
				CLANG_WARN_DIRECT_OBJC_ISA_USAGE = YES_ERROR;
				CLANG_WARN_DOCUMENTATION_COMMENTS = YES;
				CLANG_WARN_EMPTY_BODY = YES;
				CLANG_WARN_ENUM_CONVERSION = YES;
				CLANG_WARN_INFINITE_RECURSION = YES;
				CLANG_WARN_INT_CONVERSION = YES;
				CLANG_WARN_NON_LITERAL_NULL_CONVERSION = YES;
				CLANG_WARN_OBJC_IMPLICIT_RETAIN_SELF = YES;
				CLANG_WARN_OBJC_LITERAL_CONVERSION = YES;
				CLANG_WARN_OBJC_ROOT_CLASS = YES_ERROR;
				CLANG_WARN_QUOTED_INCLUDE_IN_FRAMEWORK_HEADER = YES;
				CLANG_WARN_RANGE_LOOP_ANALYSIS = YES;
				CLANG_WARN_STRICT_PROTOTYPES = YES;
				CLANG_WARN_SUSPICIOUS_MOVE = YES;
				CLANG_WARN_UNGUARDED_AVAILABILITY = YES_AGGRESSIVE;
				CLANG_WARN_UNREACHABLE_CODE = YES;
				CLANG_WARN__DUPLICATE_METHOD_MATCH = YES;
				COPY_PHASE_STRIP = NO;
				DEAD_CODE_STRIPPING = YES;
				DEBUG_INFORMATION_FORMAT = dwarf;
				ENABLE_STRICT_OBJC_MSGSEND = YES;
				ENABLE_TESTABILITY = YES;
				GCC_C_LANGUAGE_STANDARD = gnu11;
				GCC_DYNAMIC_NO_PIC = NO;
				GCC_NO_COMMON_BLOCKS = YES;
				GCC_OPTIMIZATION_LEVEL = 0;
				GCC_PREPROCESSOR_DEFINITIONS = (
					"DEBUG=1",
					"$(inherited)",
				);
				GCC_WARN_64_TO_32_BIT_CONVERSION = YES;
				GCC_WARN_ABOUT_RETURN_TYPE = YES_ERROR;
				GCC_WARN_UNDECLARED_SELECTOR = YES;
				GCC_WARN_UNINITIALIZED_AUTOS = YES_AGGRESSIVE;
				GCC_WARN_UNUSED_FUNCTION = YES;
				GCC_WARN_UNUSED_VARIABLE = YES;
				MTL_ENABLE_DEBUG_INFO = INCLUDE_SOURCE;
				MTL_FAST_MATH = YES;
				ONLY_ACTIVE_ARCH = YES;
				SWIFT_ACTIVE_COMPILATION_CONDITIONS = DEBUG;
				SWIFT_OPTIMIZATION_LEVEL = "-Onone";
			};
			name = Debug;
		};
		9AE30B5127E94B4600E3D44A /* Release */ = {
			isa = XCBuildConfiguration;
			buildSettings = {
				ALWAYS_SEARCH_USER_PATHS = NO;
				CLANG_ANALYZER_NONNULL = YES;
				CLANG_ANALYZER_NUMBER_OBJECT_CONVERSION = YES_AGGRESSIVE;
				CLANG_CXX_LANGUAGE_STANDARD = "gnu++17";
				CLANG_ENABLE_MODULES = YES;
				CLANG_ENABLE_OBJC_ARC = YES;
				CLANG_ENABLE_OBJC_WEAK = YES;
				CLANG_WARN_BLOCK_CAPTURE_AUTORELEASING = YES;
				CLANG_WARN_BOOL_CONVERSION = YES;
				CLANG_WARN_COMMA = YES;
				CLANG_WARN_CONSTANT_CONVERSION = YES;
				CLANG_WARN_DEPRECATED_OBJC_IMPLEMENTATIONS = YES;
				CLANG_WARN_DIRECT_OBJC_ISA_USAGE = YES_ERROR;
				CLANG_WARN_DOCUMENTATION_COMMENTS = YES;
				CLANG_WARN_EMPTY_BODY = YES;
				CLANG_WARN_ENUM_CONVERSION = YES;
				CLANG_WARN_INFINITE_RECURSION = YES;
				CLANG_WARN_INT_CONVERSION = YES;
				CLANG_WARN_NON_LITERAL_NULL_CONVERSION = YES;
				CLANG_WARN_OBJC_IMPLICIT_RETAIN_SELF = YES;
				CLANG_WARN_OBJC_LITERAL_CONVERSION = YES;
				CLANG_WARN_OBJC_ROOT_CLASS = YES_ERROR;
				CLANG_WARN_QUOTED_INCLUDE_IN_FRAMEWORK_HEADER = YES;
				CLANG_WARN_RANGE_LOOP_ANALYSIS = YES;
				CLANG_WARN_STRICT_PROTOTYPES = YES;
				CLANG_WARN_SUSPICIOUS_MOVE = YES;
				CLANG_WARN_UNGUARDED_AVAILABILITY = YES_AGGRESSIVE;
				CLANG_WARN_UNREACHABLE_CODE = YES;
				CLANG_WARN__DUPLICATE_METHOD_MATCH = YES;
				COPY_PHASE_STRIP = NO;
				DEAD_CODE_STRIPPING = YES;
				DEBUG_INFORMATION_FORMAT = "dwarf-with-dsym";
				ENABLE_NS_ASSERTIONS = NO;
				ENABLE_STRICT_OBJC_MSGSEND = YES;
				GCC_C_LANGUAGE_STANDARD = gnu11;
				GCC_NO_COMMON_BLOCKS = YES;
				GCC_WARN_64_TO_32_BIT_CONVERSION = YES;
				GCC_WARN_ABOUT_RETURN_TYPE = YES_ERROR;
				GCC_WARN_UNDECLARED_SELECTOR = YES;
				GCC_WARN_UNINITIALIZED_AUTOS = YES_AGGRESSIVE;
				GCC_WARN_UNUSED_FUNCTION = YES;
				GCC_WARN_UNUSED_VARIABLE = YES;
				MTL_ENABLE_DEBUG_INFO = NO;
				MTL_FAST_MATH = YES;
				SWIFT_COMPILATION_MODE = wholemodule;
				SWIFT_OPTIMIZATION_LEVEL = "-O";
			};
			name = Release;
		};
		9AE30B5327E94B4600E3D44A /* Debug */ = {
			isa = XCBuildConfiguration;
			buildSettings = {
				ASSETCATALOG_COMPILER_APPICON_NAME = AppIcon;
				ASSETCATALOG_COMPILER_GLOBAL_ACCENT_COLOR_NAME = AccentColor;
				CODE_SIGN_STYLE = Automatic;
				CURRENT_PROJECT_VERSION = 1;
				DEVELOPMENT_TEAM = 3245FW657Z;
				ENABLE_PREVIEWS = YES;
				GENERATE_INFOPLIST_FILE = YES;
				INFOPLIST_FILE = "NOTEbookHelper--iOS--Info.plist";
				INFOPLIST_KEY_UIApplicationSupportsIndirectInputEvents = YES;
				INFOPLIST_KEY_UILaunchScreen_Generation = YES;
				INFOPLIST_KEY_UISupportedInterfaceOrientations_iPad = "UIInterfaceOrientationPortrait UIInterfaceOrientationPortraitUpsideDown UIInterfaceOrientationLandscapeLeft UIInterfaceOrientationLandscapeRight";
				INFOPLIST_KEY_UISupportedInterfaceOrientations_iPhone = "UIInterfaceOrientationPortrait UIInterfaceOrientationLandscapeLeft UIInterfaceOrientationLandscapeRight";
				IPHONEOS_DEPLOYMENT_TARGET = 16.1;
				LD_RUNPATH_SEARCH_PATHS = (
					"$(inherited)",
					"@executable_path/Frameworks",
				);
				MARKETING_VERSION = 1.0;
				PRODUCT_BUNDLE_IDENTIFIER = "com.MatthewFree.NOTEbook-Helper";
				PRODUCT_NAME = "NOTEbook Helper";
				SDKROOT = iphoneos;
				SWIFT_EMIT_LOC_STRINGS = YES;
				SWIFT_VERSION = 5.0;
				TARGETED_DEVICE_FAMILY = "1,2";
			};
			name = Debug;
		};
		9AE30B5427E94B4600E3D44A /* Release */ = {
			isa = XCBuildConfiguration;
			buildSettings = {
				ASSETCATALOG_COMPILER_APPICON_NAME = AppIcon;
				ASSETCATALOG_COMPILER_GLOBAL_ACCENT_COLOR_NAME = AccentColor;
				CODE_SIGN_STYLE = Automatic;
				CURRENT_PROJECT_VERSION = 1;
				DEVELOPMENT_TEAM = 3245FW657Z;
				ENABLE_PREVIEWS = YES;
				GENERATE_INFOPLIST_FILE = YES;
				INFOPLIST_FILE = "NOTEbookHelper--iOS--Info.plist";
				INFOPLIST_KEY_UIApplicationSupportsIndirectInputEvents = YES;
				INFOPLIST_KEY_UILaunchScreen_Generation = YES;
				INFOPLIST_KEY_UISupportedInterfaceOrientations_iPad = "UIInterfaceOrientationPortrait UIInterfaceOrientationPortraitUpsideDown UIInterfaceOrientationLandscapeLeft UIInterfaceOrientationLandscapeRight";
				INFOPLIST_KEY_UISupportedInterfaceOrientations_iPhone = "UIInterfaceOrientationPortrait UIInterfaceOrientationLandscapeLeft UIInterfaceOrientationLandscapeRight";
				IPHONEOS_DEPLOYMENT_TARGET = 16.1;
				LD_RUNPATH_SEARCH_PATHS = (
					"$(inherited)",
					"@executable_path/Frameworks",
				);
				MARKETING_VERSION = 1.0;
				PRODUCT_BUNDLE_IDENTIFIER = "com.MatthewFree.NOTEbook-Helper";
				PRODUCT_NAME = "NOTEbook Helper";
				SDKROOT = iphoneos;
				SWIFT_EMIT_LOC_STRINGS = YES;
				SWIFT_VERSION = 5.0;
				TARGETED_DEVICE_FAMILY = "1,2";
				VALIDATE_PRODUCT = YES;
			};
			name = Release;
		};
		9AE30B5627E94B4600E3D44A /* Debug */ = {
			isa = XCBuildConfiguration;
			buildSettings = {
				ASSETCATALOG_COMPILER_APPICON_NAME = AppIcon;
				ASSETCATALOG_COMPILER_GLOBAL_ACCENT_COLOR_NAME = AccentColor;
				CODE_SIGN_ENTITLEMENTS = macOS/macOS.entitlements;
				CODE_SIGN_IDENTITY = "-";
				CODE_SIGN_STYLE = Automatic;
				COMBINE_HIDPI_IMAGES = YES;
				CURRENT_PROJECT_VERSION = 1;
				DEAD_CODE_STRIPPING = YES;
				DEVELOPMENT_TEAM = 3245FW657Z;
				ENABLE_HARDENED_RUNTIME = YES;
				ENABLE_PREVIEWS = YES;
				GENERATE_INFOPLIST_FILE = YES;
				INFOPLIST_KEY_NSHumanReadableCopyright = "";
				LD_RUNPATH_SEARCH_PATHS = (
					"$(inherited)",
					"@executable_path/../Frameworks",
				);
				MACOSX_DEPLOYMENT_TARGET = 13.0;
				MARKETING_VERSION = 1.0;
				PRODUCT_BUNDLE_IDENTIFIER = "com.MatthewFree.NOTEbook-Helper";
				PRODUCT_NAME = NOTEbookHelper;
				SDKROOT = macosx;
				SWIFT_EMIT_LOC_STRINGS = YES;
				SWIFT_VERSION = 5.0;
			};
			name = Debug;
		};
		9AE30B5727E94B4600E3D44A /* Release */ = {
			isa = XCBuildConfiguration;
			buildSettings = {
				ASSETCATALOG_COMPILER_APPICON_NAME = AppIcon;
				ASSETCATALOG_COMPILER_GLOBAL_ACCENT_COLOR_NAME = AccentColor;
				CODE_SIGN_ENTITLEMENTS = macOS/macOS.entitlements;
				CODE_SIGN_IDENTITY = "-";
				CODE_SIGN_STYLE = Automatic;
				COMBINE_HIDPI_IMAGES = YES;
				CURRENT_PROJECT_VERSION = 1;
				DEAD_CODE_STRIPPING = YES;
				DEVELOPMENT_TEAM = 3245FW657Z;
				ENABLE_HARDENED_RUNTIME = YES;
				ENABLE_PREVIEWS = YES;
				GENERATE_INFOPLIST_FILE = YES;
				INFOPLIST_KEY_NSHumanReadableCopyright = "";
				LD_RUNPATH_SEARCH_PATHS = (
					"$(inherited)",
					"@executable_path/../Frameworks",
				);
				MACOSX_DEPLOYMENT_TARGET = 13.0;
				MARKETING_VERSION = 1.0;
				PRODUCT_BUNDLE_IDENTIFIER = "com.MatthewFree.NOTEbook-Helper";
				PRODUCT_NAME = NOTEbookHelper;
				SDKROOT = macosx;
				SWIFT_EMIT_LOC_STRINGS = YES;
				SWIFT_VERSION = 5.0;
			};
			name = Release;
		};
/* End XCBuildConfiguration section */

/* Begin XCConfigurationList section */
		9AE30B3827E94B4400E3D44A /* Build configuration list for PBXProject "NOTEbookHelper" */ = {
			isa = XCConfigurationList;
			buildConfigurations = (
				9AE30B5027E94B4600E3D44A /* Debug */,
				9AE30B5127E94B4600E3D44A /* Release */,
			);
			defaultConfigurationIsVisible = 0;
			defaultConfigurationName = Release;
		};
		9AE30B5227E94B4600E3D44A /* Build configuration list for PBXNativeTarget "NOTEbookHelper (iOS)" */ = {
			isa = XCConfigurationList;
			buildConfigurations = (
				9AE30B5327E94B4600E3D44A /* Debug */,
				9AE30B5427E94B4600E3D44A /* Release */,
			);
			defaultConfigurationIsVisible = 0;
			defaultConfigurationName = Release;
		};
		9AE30B5527E94B4600E3D44A /* Build configuration list for PBXNativeTarget "NOTEbookHelper (macOS)" */ = {
			isa = XCConfigurationList;
			buildConfigurations = (
				9AE30B5627E94B4600E3D44A /* Debug */,
				9AE30B5727E94B4600E3D44A /* Release */,
			);
			defaultConfigurationIsVisible = 0;
			defaultConfigurationName = Release;
		};
/* End XCConfigurationList section */
	};
	rootObject = 9AE30B3527E94B4400E3D44A /* Project object */;
}
