// !$*UTF8*$!
{
	archiveVersion = 1;
	classes = {
	};
	objectVersion = 55;
	objects = {

/* Begin PBXBuildFile section */
		9A3A96D82A00CDB200BD7FA5 /* Instrument.swift in Sources */ = {isa = PBXBuildFile; fileRef = 9A3A96D12A00CDB100BD7FA5 /* Instrument.swift */; };
		9A3A96D92A00CDB200BD7FA5 /* Instrument.swift in Sources */ = {isa = PBXBuildFile; fileRef = 9A3A96D12A00CDB100BD7FA5 /* Instrument.swift */; };
		9A3A96DA2A00CDB200BD7FA5 /* Note.swift in Sources */ = {isa = PBXBuildFile; fileRef = 9A3A96D22A00CDB100BD7FA5 /* Note.swift */; };
		9A3A96DB2A00CDB200BD7FA5 /* Note.swift in Sources */ = {isa = PBXBuildFile; fileRef = 9A3A96D22A00CDB100BD7FA5 /* Note.swift */; };
		9A3A96DC2A00CDB200BD7FA5 /* FingeringChart.swift in Sources */ = {isa = PBXBuildFile; fileRef = 9A3A96D32A00CDB100BD7FA5 /* FingeringChart.swift */; };
		9A3A96DD2A00CDB200BD7FA5 /* FingeringChart.swift in Sources */ = {isa = PBXBuildFile; fileRef = 9A3A96D32A00CDB100BD7FA5 /* FingeringChart.swift */; };
		9A3A96DE2A00CDB200BD7FA5 /* Position.swift in Sources */ = {isa = PBXBuildFile; fileRef = 9A3A96D42A00CDB100BD7FA5 /* Position.swift */; };
		9A3A96DF2A00CDB200BD7FA5 /* Position.swift in Sources */ = {isa = PBXBuildFile; fileRef = 9A3A96D42A00CDB100BD7FA5 /* Position.swift */; };
		9A3A96E02A00CDB200BD7FA5 /* ChartCategory.swift in Sources */ = {isa = PBXBuildFile; fileRef = 9A3A96D52A00CDB200BD7FA5 /* ChartCategory.swift */; };
		9A3A96E12A00CDB200BD7FA5 /* ChartCategory.swift in Sources */ = {isa = PBXBuildFile; fileRef = 9A3A96D52A00CDB200BD7FA5 /* ChartCategory.swift */; };
		9A3A96E22A00CDB200BD7FA5 /* NoteFingering.swift in Sources */ = {isa = PBXBuildFile; fileRef = 9A3A96D62A00CDB200BD7FA5 /* NoteFingering.swift */; };
		9A3A96E32A00CDB200BD7FA5 /* NoteFingering.swift in Sources */ = {isa = PBXBuildFile; fileRef = 9A3A96D62A00CDB200BD7FA5 /* NoteFingering.swift */; };
		9A3A96E42A00CDB200BD7FA5 /* Fingering.swift in Sources */ = {isa = PBXBuildFile; fileRef = 9A3A96D72A00CDB200BD7FA5 /* Fingering.swift */; };
		9A3A96E52A00CDB200BD7FA5 /* Fingering.swift in Sources */ = {isa = PBXBuildFile; fileRef = 9A3A96D72A00CDB200BD7FA5 /* Fingering.swift */; };
		9A3A96E72A00CDE200BD7FA5 /* ChartsLoader.swift in Sources */ = {isa = PBXBuildFile; fileRef = 9A3A96E62A00CDE200BD7FA5 /* ChartsLoader.swift */; };
		9A3A96E82A00CDE200BD7FA5 /* ChartsLoader.swift in Sources */ = {isa = PBXBuildFile; fileRef = 9A3A96E62A00CDE200BD7FA5 /* ChartsLoader.swift */; };
		9A3A96EB2A00CDFC00BD7FA5 /* Charts.json in Resources */ = {isa = PBXBuildFile; fileRef = 9A3A96E92A00CDFC00BD7FA5 /* Charts.json */; };
		9A3A96EC2A00CDFC00BD7FA5 /* Charts.json in Resources */ = {isa = PBXBuildFile; fileRef = 9A3A96E92A00CDFC00BD7FA5 /* Charts.json */; };
		9A3A96ED2A00CDFC00BD7FA5 /* NoteList.json in Resources */ = {isa = PBXBuildFile; fileRef = 9A3A96EA2A00CDFC00BD7FA5 /* NoteList.json */; };
		9A3A96EE2A00CDFC00BD7FA5 /* NoteList.json in Resources */ = {isa = PBXBuildFile; fileRef = 9A3A96EA2A00CDFC00BD7FA5 /* NoteList.json */; };
		9A3F0BFD295DE827004CA28E /* PathStore.swift in Sources */ = {isa = PBXBuildFile; fileRef = 9A3F0BFC295DE827004CA28E /* PathStore.swift */; };
		9A3F0BFE295DE827004CA28E /* PathStore.swift in Sources */ = {isa = PBXBuildFile; fileRef = 9A3F0BFC295DE827004CA28E /* PathStore.swift */; };
		9A3F0C03295EA20A004CA28E /* NoteFingeringDetailView.swift in Sources */ = {isa = PBXBuildFile; fileRef = 9A3F0C02295EA20A004CA28E /* NoteFingeringDetailView.swift */; };
		9A3F0C04295EA20A004CA28E /* NoteFingeringDetailView.swift in Sources */ = {isa = PBXBuildFile; fileRef = 9A3F0C02295EA20A004CA28E /* NoteFingeringDetailView.swift */; };
		9A3F0C06295F2ECB004CA28E /* NoteCell.swift in Sources */ = {isa = PBXBuildFile; fileRef = 9A3F0C05295F2ECB004CA28E /* NoteCell.swift */; };
		9A3F0C07295F2ECB004CA28E /* NoteCell.swift in Sources */ = {isa = PBXBuildFile; fileRef = 9A3F0C05295F2ECB004CA28E /* NoteCell.swift */; };
		9A3F0C092962127D004CA28E /* AddFingeringChartCategoryView.swift in Sources */ = {isa = PBXBuildFile; fileRef = 9A3F0C082962127D004CA28E /* AddFingeringChartCategoryView.swift */; };
		9A3F0C0A2962127D004CA28E /* AddFingeringChartCategoryView.swift in Sources */ = {isa = PBXBuildFile; fileRef = 9A3F0C082962127D004CA28E /* AddFingeringChartCategoryView.swift */; };
		9A3F0C0C296342A9004CA28E /* AddFingeringChartView.swift in Sources */ = {isa = PBXBuildFile; fileRef = 9A3F0C0B296342A9004CA28E /* AddFingeringChartView.swift */; };
		9A3F0C0D296342A9004CA28E /* AddFingeringChartView.swift in Sources */ = {isa = PBXBuildFile; fileRef = 9A3F0C0B296342A9004CA28E /* AddFingeringChartView.swift */; };
		9A91286B2931AA2A00227449 /* ThreeValveFingeringView.swift in Sources */ = {isa = PBXBuildFile; fileRef = 9A9128682931A8B600227449 /* ThreeValveFingeringView.swift */; };
		9A91286C2931AA2B00227449 /* ThreeValveFingeringView.swift in Sources */ = {isa = PBXBuildFile; fileRef = 9A9128682931A8B600227449 /* ThreeValveFingeringView.swift */; };
		9A955AC1295518140038A1AB /* ChartsRevised.json in Resources */ = {isa = PBXBuildFile; fileRef = 9A955AC0295518140038A1AB /* ChartsRevised.json */; };
		9A955AC2295518140038A1AB /* ChartsRevised.json in Resources */ = {isa = PBXBuildFile; fileRef = 9A955AC0295518140038A1AB /* ChartsRevised.json */; };
		9AE30B4A27E94B4600E3D44A /* NOTEbookHelperApp.swift in Sources */ = {isa = PBXBuildFile; fileRef = 9AE30B3A27E94B4400E3D44A /* NOTEbookHelperApp.swift */; };
		9AE30B4B27E94B4600E3D44A /* NOTEbookHelperApp.swift in Sources */ = {isa = PBXBuildFile; fileRef = 9AE30B3A27E94B4400E3D44A /* NOTEbookHelperApp.swift */; };
		9AE30B4C27E94B4600E3D44A /* InstrumentsListView.swift in Sources */ = {isa = PBXBuildFile; fileRef = 9AE30B3B27E94B4400E3D44A /* InstrumentsListView.swift */; };
		9AE30B4D27E94B4600E3D44A /* InstrumentsListView.swift in Sources */ = {isa = PBXBuildFile; fileRef = 9AE30B3B27E94B4400E3D44A /* InstrumentsListView.swift */; };
		9AE30B4E27E94B4600E3D44A /* Assets.xcassets in Resources */ = {isa = PBXBuildFile; fileRef = 9AE30B3C27E94B4600E3D44A /* Assets.xcassets */; };
		9AE30B4F27E94B4600E3D44A /* Assets.xcassets in Resources */ = {isa = PBXBuildFile; fileRef = 9AE30B3C27E94B4600E3D44A /* Assets.xcassets */; };
		9AE30CD427ECAFAE00E3D44A /* HelperChartsController.swift in Sources */ = {isa = PBXBuildFile; fileRef = 9AE30CD327ECAFAE00E3D44A /* HelperChartsController.swift */; };
		9AE30CD527ECAFAE00E3D44A /* HelperChartsController.swift in Sources */ = {isa = PBXBuildFile; fileRef = 9AE30CD327ECAFAE00E3D44A /* HelperChartsController.swift */; };
		9AE30CDD27ECE1C400E3D44A /* Instruments.xcassets in Resources */ = {isa = PBXBuildFile; fileRef = 9AE30CD927ECE1C400E3D44A /* Instruments.xcassets */; };
		9AE30CDE27ECE1C400E3D44A /* Instruments.xcassets in Resources */ = {isa = PBXBuildFile; fileRef = 9AE30CD927ECE1C400E3D44A /* Instruments.xcassets */; };
		9AE30CDF27ECE1C400E3D44A /* Colors.xcassets in Resources */ = {isa = PBXBuildFile; fileRef = 9AE30CDA27ECE1C400E3D44A /* Colors.xcassets */; };
		9AE30CE027ECE1C400E3D44A /* Colors.xcassets in Resources */ = {isa = PBXBuildFile; fileRef = 9AE30CDA27ECE1C400E3D44A /* Colors.xcassets */; };
		9AE30CE327ECE1C400E3D44A /* MusicSymbols.xcassets in Resources */ = {isa = PBXBuildFile; fileRef = 9AE30CDC27ECE1C400E3D44A /* MusicSymbols.xcassets */; };
		9AE30CE427ECE1C400E3D44A /* MusicSymbols.xcassets in Resources */ = {isa = PBXBuildFile; fileRef = 9AE30CDC27ECE1C400E3D44A /* MusicSymbols.xcassets */; };
		9AE30CE627F0130300E3D44A /* ChartDetailView.swift in Sources */ = {isa = PBXBuildFile; fileRef = 9AE30CE527F0130300E3D44A /* ChartDetailView.swift */; };
		9AE30CE727F0130300E3D44A /* ChartDetailView.swift in Sources */ = {isa = PBXBuildFile; fileRef = 9AE30CE527F0130300E3D44A /* ChartDetailView.swift */; };
/* End PBXBuildFile section */

/* Begin PBXFileReference section */
		9A3A96D12A00CDB100BD7FA5 /* Instrument.swift */ = {isa = PBXFileReference; fileEncoding = 4; lastKnownFileType = sourcecode.swift; name = Instrument.swift; path = "Shared/NOTEbook Files/Models/Instrument.swift"; sourceTree = SOURCE_ROOT; };
		9A3A96D22A00CDB100BD7FA5 /* Note.swift */ = {isa = PBXFileReference; fileEncoding = 4; lastKnownFileType = sourcecode.swift; name = Note.swift; path = "Shared/NOTEbook Files/Models/Note.swift"; sourceTree = SOURCE_ROOT; };
		9A3A96D32A00CDB100BD7FA5 /* FingeringChart.swift */ = {isa = PBXFileReference; fileEncoding = 4; lastKnownFileType = sourcecode.swift; name = FingeringChart.swift; path = "Shared/NOTEbook Files/Models/FingeringChart.swift"; sourceTree = SOURCE_ROOT; };
		9A3A96D42A00CDB100BD7FA5 /* Position.swift */ = {isa = PBXFileReference; fileEncoding = 4; lastKnownFileType = sourcecode.swift; name = Position.swift; path = "Shared/NOTEbook Files/Models/Position.swift"; sourceTree = SOURCE_ROOT; };
		9A3A96D52A00CDB200BD7FA5 /* ChartCategory.swift */ = {isa = PBXFileReference; fileEncoding = 4; lastKnownFileType = sourcecode.swift; name = ChartCategory.swift; path = "Shared/NOTEbook Files/Models/ChartCategory.swift"; sourceTree = SOURCE_ROOT; };
		9A3A96D62A00CDB200BD7FA5 /* NoteFingering.swift */ = {isa = PBXFileReference; fileEncoding = 4; lastKnownFileType = sourcecode.swift; name = NoteFingering.swift; path = "Shared/NOTEbook Files/Models/NoteFingering.swift"; sourceTree = SOURCE_ROOT; };
		9A3A96D72A00CDB200BD7FA5 /* Fingering.swift */ = {isa = PBXFileReference; fileEncoding = 4; lastKnownFileType = sourcecode.swift; name = Fingering.swift; path = "Shared/NOTEbook Files/Models/Fingering.swift"; sourceTree = SOURCE_ROOT; };
		9A3A96E62A00CDE200BD7FA5 /* ChartsLoader.swift */ = {isa = PBXFileReference; fileEncoding = 4; lastKnownFileType = sourcecode.swift; path = ChartsLoader.swift; sourceTree = "<group>"; };
		9A3A96E92A00CDFC00BD7FA5 /* Charts.json */ = {isa = PBXFileReference; fileEncoding = 4; lastKnownFileType = text.json; path = Charts.json; sourceTree = "<group>"; };
		9A3A96EA2A00CDFC00BD7FA5 /* NoteList.json */ = {isa = PBXFileReference; fileEncoding = 4; lastKnownFileType = text.json; path = NoteList.json; sourceTree = "<group>"; };
		9A3F0BFB295C8A5A004CA28E /* NOTEbookHelper--iOS--Info.plist */ = {isa = PBXFileReference; lastKnownFileType = text.plist.xml; path = "NOTEbookHelper--iOS--Info.plist"; sourceTree = "<group>"; };
		9A3F0BFC295DE827004CA28E /* PathStore.swift */ = {isa = PBXFileReference; lastKnownFileType = sourcecode.swift; path = PathStore.swift; sourceTree = "<group>"; };
		9A3F0C02295EA20A004CA28E /* NoteFingeringDetailView.swift */ = {isa = PBXFileReference; lastKnownFileType = sourcecode.swift; path = NoteFingeringDetailView.swift; sourceTree = "<group>"; };
		9A3F0C05295F2ECB004CA28E /* NoteCell.swift */ = {isa = PBXFileReference; lastKnownFileType = sourcecode.swift; path = NoteCell.swift; sourceTree = "<group>"; };
		9A3F0C082962127D004CA28E /* AddFingeringChartCategoryView.swift */ = {isa = PBXFileReference; lastKnownFileType = sourcecode.swift; path = AddFingeringChartCategoryView.swift; sourceTree = "<group>"; };
		9A3F0C0B296342A9004CA28E /* AddFingeringChartView.swift */ = {isa = PBXFileReference; lastKnownFileType = sourcecode.swift; path = AddFingeringChartView.swift; sourceTree = "<group>"; };
		9A9128682931A8B600227449 /* ThreeValveFingeringView.swift */ = {isa = PBXFileReference; lastKnownFileType = sourcecode.swift; path = ThreeValveFingeringView.swift; sourceTree = "<group>"; };
		9A955AC0295518140038A1AB /* ChartsRevised.json */ = {isa = PBXFileReference; lastKnownFileType = text.json; path = ChartsRevised.json; sourceTree = "<group>"; };
		9AE30B3A27E94B4400E3D44A /* NOTEbookHelperApp.swift */ = {isa = PBXFileReference; lastKnownFileType = sourcecode.swift; path = NOTEbookHelperApp.swift; sourceTree = "<group>"; };
		9AE30B3B27E94B4400E3D44A /* InstrumentsListView.swift */ = {isa = PBXFileReference; lastKnownFileType = sourcecode.swift; path = InstrumentsListView.swift; sourceTree = "<group>"; };
		9AE30B3C27E94B4600E3D44A /* Assets.xcassets */ = {isa = PBXFileReference; lastKnownFileType = folder.assetcatalog; path = Assets.xcassets; sourceTree = "<group>"; };
		9AE30B4127E94B4600E3D44A /* NOTEbook Helper.app */ = {isa = PBXFileReference; explicitFileType = wrapper.application; includeInIndex = 0; path = "NOTEbook Helper.app"; sourceTree = BUILT_PRODUCTS_DIR; };
		9AE30B4727E94B4600E3D44A /* NOTEbookHelper.app */ = {isa = PBXFileReference; explicitFileType = wrapper.application; includeInIndex = 0; path = NOTEbookHelper.app; sourceTree = BUILT_PRODUCTS_DIR; };
		9AE30B4927E94B4600E3D44A /* macOS.entitlements */ = {isa = PBXFileReference; lastKnownFileType = text.plist.entitlements; path = macOS.entitlements; sourceTree = "<group>"; };
		9AE30CD327ECAFAE00E3D44A /* HelperChartsController.swift */ = {isa = PBXFileReference; lastKnownFileType = sourcecode.swift; path = HelperChartsController.swift; sourceTree = "<group>"; };
		9AE30CD927ECE1C400E3D44A /* Instruments.xcassets */ = {isa = PBXFileReference; lastKnownFileType = folder.assetcatalog; name = Instruments.xcassets; path = ../../NOTEbook/NOTEbook/Instruments.xcassets; sourceTree = "<group>"; };
		9AE30CDA27ECE1C400E3D44A /* Colors.xcassets */ = {isa = PBXFileReference; lastKnownFileType = folder.assetcatalog; name = Colors.xcassets; path = ../../NOTEbook/NOTEbook/Colors.xcassets; sourceTree = "<group>"; };
		9AE30CDC27ECE1C400E3D44A /* MusicSymbols.xcassets */ = {isa = PBXFileReference; lastKnownFileType = folder.assetcatalog; name = MusicSymbols.xcassets; path = ../../NOTEbook/NOTEbook/MusicSymbols.xcassets; sourceTree = "<group>"; };
		9AE30CE527F0130300E3D44A /* ChartDetailView.swift */ = {isa = PBXFileReference; lastKnownFileType = sourcecode.swift; path = ChartDetailView.swift; sourceTree = "<group>"; };
/* End PBXFileReference section */

/* Begin PBXFrameworksBuildPhase section */
		9AE30B3E27E94B4600E3D44A /* Frameworks */ = {
			isa = PBXFrameworksBuildPhase;
			buildActionMask = 2147483647;
			files = (
			);
			runOnlyForDeploymentPostprocessing = 0;
		};
		9AE30B4427E94B4600E3D44A /* Frameworks */ = {
			isa = PBXFrameworksBuildPhase;
			buildActionMask = 2147483647;
			files = (
			);
			runOnlyForDeploymentPostprocessing = 0;
		};
/* End PBXFrameworksBuildPhase section */

/* Begin PBXGroup section */
		9A9128672931A89600227449 /* NewFingeringViews */ = {
			isa = PBXGroup;
			children = (
				9A9128682931A8B600227449 /* ThreeValveFingeringView.swift */,
			);
			path = NewFingeringViews;
			sourceTree = "<group>";
		};
		9AE30B3427E94B4400E3D44A = {
			isa = PBXGroup;
			children = (
				9A3F0BFB295C8A5A004CA28E /* NOTEbookHelper--iOS--Info.plist */,
				9AE30B3927E94B4400E3D44A /* Shared */,
				9AE30B4827E94B4600E3D44A /* macOS */,
				9AE30B4227E94B4600E3D44A /* Products */,
			);
			sourceTree = "<group>";
		};
		9AE30B3927E94B4400E3D44A /* Shared */ = {
			isa = PBXGroup;
			children = (
				9AE30B5827EB4EFB00E3D44A /* NOTEbook Files */,
				9A9128672931A89600227449 /* NewFingeringViews */,
				9AE30B3A27E94B4400E3D44A /* NOTEbookHelperApp.swift */,
				9AE30B3B27E94B4400E3D44A /* InstrumentsListView.swift */,
				9AE30CE527F0130300E3D44A /* ChartDetailView.swift */,
				9A3F0C05295F2ECB004CA28E /* NoteCell.swift */,
				9A3F0C02295EA20A004CA28E /* NoteFingeringDetailView.swift */,
				9A3F0C082962127D004CA28E /* AddFingeringChartCategoryView.swift */,
				9A3F0C0B296342A9004CA28E /* AddFingeringChartView.swift */,
				9AE30CD327ECAFAE00E3D44A /* HelperChartsController.swift */,
				9A3F0BFC295DE827004CA28E /* PathStore.swift */,
				9A955AC0295518140038A1AB /* ChartsRevised.json */,
				9AE30B3C27E94B4600E3D44A /* Assets.xcassets */,
				9AE30CDA27ECE1C400E3D44A /* Colors.xcassets */,
				9AE30CD927ECE1C400E3D44A /* Instruments.xcassets */,
				9AE30CDC27ECE1C400E3D44A /* MusicSymbols.xcassets */,
			);
			path = Shared;
			sourceTree = "<group>";
		};
		9AE30B4227E94B4600E3D44A /* Products */ = {
			isa = PBXGroup;
			children = (
				9AE30B4127E94B4600E3D44A /* NOTEbook Helper.app */,
				9AE30B4727E94B4600E3D44A /* NOTEbookHelper.app */,
			);
			name = Products;
			sourceTree = "<group>";
		};
		9AE30B4827E94B4600E3D44A /* macOS */ = {
			isa = PBXGroup;
			children = (
				9AE30B4927E94B4600E3D44A /* macOS.entitlements */,
			);
			path = macOS;
			sourceTree = "<group>";
		};
		9AE30B5827EB4EFB00E3D44A /* NOTEbook Files */ = {
			isa = PBXGroup;
			children = (
				9A3A96E92A00CDFC00BD7FA5 /* Charts.json */,
				9A3A96EA2A00CDFC00BD7FA5 /* NoteList.json */,
				9A3A96E62A00CDE200BD7FA5 /* ChartsLoader.swift */,
				9AE30C4027EB8CBB00E3D44A /* Models */,
			);
			path = "NOTEbook Files";
			sourceTree = "<group>";
		};
		9AE30C4027EB8CBB00E3D44A /* Models */ = {
			isa = PBXGroup;
			children = (
				9A3A96D52A00CDB200BD7FA5 /* ChartCategory.swift */,
				9A3A96D72A00CDB200BD7FA5 /* Fingering.swift */,
				9A3A96D32A00CDB100BD7FA5 /* FingeringChart.swift */,
				9A3A96D12A00CDB100BD7FA5 /* Instrument.swift */,
				9A3A96D22A00CDB100BD7FA5 /* Note.swift */,
				9A3A96D62A00CDB200BD7FA5 /* NoteFingering.swift */,
				9A3A96D42A00CDB100BD7FA5 /* Position.swift */,
			);
			name = Models;
			path = ../../../NOTEbook/NOTEbook/Models;
			sourceTree = "<group>";
		};
/* End PBXGroup section */

/* Begin PBXNativeTarget section */
		9AE30B4027E94B4600E3D44A /* NOTEbookHelper (iOS) */ = {
			isa = PBXNativeTarget;
			buildConfigurationList = 9AE30B5227E94B4600E3D44A /* Build configuration list for PBXNativeTarget "NOTEbookHelper (iOS)" */;
			buildPhases = (
				9AE30B3D27E94B4600E3D44A /* Sources */,
				9AE30B3E27E94B4600E3D44A /* Frameworks */,
				9AE30B3F27E94B4600E3D44A /* Resources */,
			);
			buildRules = (
			);
			dependencies = (
			);
			name = "NOTEbookHelper (iOS)";
			productName = "NOTEbook Helper (iOS)";
			productReference = 9AE30B4127E94B4600E3D44A /* NOTEbook Helper.app */;
			productType = "com.apple.product-type.application";
		};
		9AE30B4627E94B4600E3D44A /* NOTEbookHelper (macOS) */ = {
			isa = PBXNativeTarget;
			buildConfigurationList = 9AE30B5527E94B4600E3D44A /* Build configuration list for PBXNativeTarget "NOTEbookHelper (macOS)" */;
			buildPhases = (
				9AE30B4327E94B4600E3D44A /* Sources */,
				9AE30B4427E94B4600E3D44A /* Frameworks */,
				9AE30B4527E94B4600E3D44A /* Resources */,
			);
			buildRules = (
			);
			dependencies = (
			);
			name = "NOTEbookHelper (macOS)";
			productName = "NOTEbook Helper (macOS)";
			productReference = 9AE30B4727E94B4600E3D44A /* NOTEbookHelper.app */;
			productType = "com.apple.product-type.application";
		};
/* End PBXNativeTarget section */

/* Begin PBXProject section */
		9AE30B3527E94B4400E3D44A /* Project object */ = {
			isa = PBXProject;
			attributes = {
				BuildIndependentTargetsInParallel = 1;
				LastSwiftUpdateCheck = 1330;
				LastUpgradeCheck = 1400;
				TargetAttributes = {
					9AE30B4027E94B4600E3D44A = {
						CreatedOnToolsVersion = 13.3;
					};
					9AE30B4627E94B4600E3D44A = {
						CreatedOnToolsVersion = 13.3;
					};
				};
			};
			buildConfigurationList = 9AE30B3827E94B4400E3D44A /* Build configuration list for PBXProject "NOTEbookHelper" */;
			compatibilityVersion = "Xcode 13.0";
			developmentRegion = en;
			hasScannedForEncodings = 0;
			knownRegions = (
				en,
				Base,
			);
			mainGroup = 9AE30B3427E94B4400E3D44A;
			productRefGroup = 9AE30B4227E94B4600E3D44A /* Products */;
			projectDirPath = "";
			projectRoot = "";
			targets = (
				9AE30B4027E94B4600E3D44A /* NOTEbookHelper (iOS) */,
				9AE30B4627E94B4600E3D44A /* NOTEbookHelper (macOS) */,
			);
		};
/* End PBXProject section */

/* Begin PBXResourcesBuildPhase section */
		9AE30B3F27E94B4600E3D44A /* Resources */ = {
			isa = PBXResourcesBuildPhase;
			buildActionMask = 2147483647;
			files = (
				9A3A96EB2A00CDFC00BD7FA5 /* Charts.json in Resources */,
				9A955AC1295518140038A1AB /* ChartsRevised.json in Resources */,
				9AE30CDF27ECE1C400E3D44A /* Colors.xcassets in Resources */,
				9AE30CDD27ECE1C400E3D44A /* Instruments.xcassets in Resources */,
				9A3A96ED2A00CDFC00BD7FA5 /* NoteList.json in Resources */,
				9AE30B4E27E94B4600E3D44A /* Assets.xcassets in Resources */,
				9AE30CE327ECE1C400E3D44A /* MusicSymbols.xcassets in Resources */,
			);
			runOnlyForDeploymentPostprocessing = 0;
		};
		9AE30B4527E94B4600E3D44A /* Resources */ = {
			isa = PBXResourcesBuildPhase;
			buildActionMask = 2147483647;
			files = (
				9A3A96EC2A00CDFC00BD7FA5 /* Charts.json in Resources */,
				9A955AC2295518140038A1AB /* ChartsRevised.json in Resources */,
				9AE30CE027ECE1C400E3D44A /* Colors.xcassets in Resources */,
				9AE30CDE27ECE1C400E3D44A /* Instruments.xcassets in Resources */,
				9A3A96EE2A00CDFC00BD7FA5 /* NoteList.json in Resources */,
				9AE30B4F27E94B4600E3D44A /* Assets.xcassets in Resources */,
				9AE30CE427ECE1C400E3D44A /* MusicSymbols.xcassets in Resources */,
			);
			runOnlyForDeploymentPostprocessing = 0;
		};
/* End PBXResourcesBuildPhase section */

/* Begin PBXSourcesBuildPhase section */
		9AE30B3D27E94B4600E3D44A /* Sources */ = {
			isa = PBXSourcesBuildPhase;
			buildActionMask = 2147483647;
			files = (
				9A3A96DE2A00CDB200BD7FA5 /* Position.swift in Sources */,
				9A3A96D82A00CDB200BD7FA5 /* Instrument.swift in Sources */,
				9A3A96E72A00CDE200BD7FA5 /* ChartsLoader.swift in Sources */,
				9AE30CE627F0130300E3D44A /* ChartDetailView.swift in Sources */,
				9A3F0C0C296342A9004CA28E /* AddFingeringChartView.swift in Sources */,
				9A3A96E42A00CDB200BD7FA5 /* Fingering.swift in Sources */,
				9A3F0C03295EA20A004CA28E /* NoteFingeringDetailView.swift in Sources */,
				9AE30CD427ECAFAE00E3D44A /* HelperChartsController.swift in Sources */,
				9AE30B4C27E94B4600E3D44A /* InstrumentsListView.swift in Sources */,
				9A3F0BFD295DE827004CA28E /* PathStore.swift in Sources */,
				9AE30B4A27E94B4600E3D44A /* NOTEbookHelperApp.swift in Sources */,
				9A3F0C092962127D004CA28E /* AddFingeringChartCategoryView.swift in Sources */,
				9A3A96DA2A00CDB200BD7FA5 /* Note.swift in Sources */,
				9A3A96DC2A00CDB200BD7FA5 /* FingeringChart.swift in Sources */,
				9A91286B2931AA2A00227449 /* ThreeValveFingeringView.swift in Sources */,
				9A3A96E02A00CDB200BD7FA5 /* ChartCategory.swift in Sources */,
				9A3A96E22A00CDB200BD7FA5 /* NoteFingering.swift in Sources */,
				9A3F0C06295F2ECB004CA28E /* NoteCell.swift in Sources */,
			);
			runOnlyForDeploymentPostprocessing = 0;
		};
		9AE30B4327E94B4600E3D44A /* Sources */ = {
			isa = PBXSourcesBuildPhase;
			buildActionMask = 2147483647;
			files = (
				9A3A96DF2A00CDB200BD7FA5 /* Position.swift in Sources */,
				9A3A96D92A00CDB200BD7FA5 /* Instrument.swift in Sources */,
				9A3A96E82A00CDE200BD7FA5 /* ChartsLoader.swift in Sources */,
				9AE30CE727F0130300E3D44A /* ChartDetailView.swift in Sources */,
				9A3F0C0D296342A9004CA28E /* AddFingeringChartView.swift in Sources */,
				9A3A96E52A00CDB200BD7FA5 /* Fingering.swift in Sources */,
				9A3F0C04295EA20A004CA28E /* NoteFingeringDetailView.swift in Sources */,
				9AE30CD527ECAFAE00E3D44A /* HelperChartsController.swift in Sources */,
				9AE30B4D27E94B4600E3D44A /* InstrumentsListView.swift in Sources */,
				9A3F0BFE295DE827004CA28E /* PathStore.swift in Sources */,
				9A3F0C0A2962127D004CA28E /* AddFingeringChartCategoryView.swift in Sources */,
				9A3A96DB2A00CDB200BD7FA5 /* Note.swift in Sources */,
				9A3A96DD2A00CDB200BD7FA5 /* FingeringChart.swift in Sources */,
				9A91286C2931AA2B00227449 /* ThreeValveFingeringView.swift in Sources */,
				9A3A96E12A00CDB200BD7FA5 /* ChartCategory.swift in Sources */,
				9A3A96E32A00CDB200BD7FA5 /* NoteFingering.swift in Sources */,
				9AE30B4B27E94B4600E3D44A /* NOTEbookHelperApp.swift in Sources */,
				9A3F0C07295F2ECB004CA28E /* NoteCell.swift in Sources */,
			);
			runOnlyForDeploymentPostprocessing = 0;
		};
/* End PBXSourcesBuildPhase section */

/* Begin XCBuildConfiguration section */
		9AE30B5027E94B4600E3D44A /* Debug */ = {
			isa = XCBuildConfiguration;
			buildSettings = {
				ALWAYS_SEARCH_USER_PATHS = NO;
				CLANG_ANALYZER_NONNULL = YES;
				CLANG_ANALYZER_NUMBER_OBJECT_CONVERSION = YES_AGGRESSIVE;
				CLANG_CXX_LANGUAGE_STANDARD = "gnu++17";
				CLANG_ENABLE_MODULES = YES;
				CLANG_ENABLE_OBJC_ARC = YES;
				CLANG_ENABLE_OBJC_WEAK = YES;
				CLANG_WARN_BLOCK_CAPTURE_AUTORELEASING = YES;
				CLANG_WARN_BOOL_CONVERSION = YES;
				CLANG_WARN_COMMA = YES;
				CLANG_WARN_CONSTANT_CONVERSION = YES;
				CLANG_WARN_DEPRECATED_OBJC_IMPLEMENTATIONS = YES;
				CLANG_WARN_DIRECT_OBJC_ISA_USAGE = YES_ERROR;
				CLANG_WARN_DOCUMENTATION_COMMENTS = YES;
				CLANG_WARN_EMPTY_BODY = YES;
				CLANG_WARN_ENUM_CONVERSION = YES;
				CLANG_WARN_INFINITE_RECURSION = YES;
				CLANG_WARN_INT_CONVERSION = YES;
				CLANG_WARN_NON_LITERAL_NULL_CONVERSION = YES;
				CLANG_WARN_OBJC_IMPLICIT_RETAIN_SELF = YES;
				CLANG_WARN_OBJC_LITERAL_CONVERSION = YES;
				CLANG_WARN_OBJC_ROOT_CLASS = YES_ERROR;
				CLANG_WARN_QUOTED_INCLUDE_IN_FRAMEWORK_HEADER = YES;
				CLANG_WARN_RANGE_LOOP_ANALYSIS = YES;
				CLANG_WARN_STRICT_PROTOTYPES = YES;
				CLANG_WARN_SUSPICIOUS_MOVE = YES;
				CLANG_WARN_UNGUARDED_AVAILABILITY = YES_AGGRESSIVE;
				CLANG_WARN_UNREACHABLE_CODE = YES;
				CLANG_WARN__DUPLICATE_METHOD_MATCH = YES;
				COPY_PHASE_STRIP = NO;
				DEAD_CODE_STRIPPING = YES;
				DEBUG_INFORMATION_FORMAT = dwarf;
				ENABLE_STRICT_OBJC_MSGSEND = YES;
				ENABLE_TESTABILITY = YES;
				GCC_C_LANGUAGE_STANDARD = gnu11;
				GCC_DYNAMIC_NO_PIC = NO;
				GCC_NO_COMMON_BLOCKS = YES;
				GCC_OPTIMIZATION_LEVEL = 0;
				GCC_PREPROCESSOR_DEFINITIONS = (
					"DEBUG=1",
					"$(inherited)",
				);
				GCC_WARN_64_TO_32_BIT_CONVERSION = YES;
				GCC_WARN_ABOUT_RETURN_TYPE = YES_ERROR;
				GCC_WARN_UNDECLARED_SELECTOR = YES;
				GCC_WARN_UNINITIALIZED_AUTOS = YES_AGGRESSIVE;
				GCC_WARN_UNUSED_FUNCTION = YES;
				GCC_WARN_UNUSED_VARIABLE = YES;
				MTL_ENABLE_DEBUG_INFO = INCLUDE_SOURCE;
				MTL_FAST_MATH = YES;
				ONLY_ACTIVE_ARCH = YES;
				SWIFT_ACTIVE_COMPILATION_CONDITIONS = DEBUG;
				SWIFT_OPTIMIZATION_LEVEL = "-Onone";
			};
			name = Debug;
		};
		9AE30B5127E94B4600E3D44A /* Release */ = {
			isa = XCBuildConfiguration;
			buildSettings = {
				ALWAYS_SEARCH_USER_PATHS = NO;
				CLANG_ANALYZER_NONNULL = YES;
				CLANG_ANALYZER_NUMBER_OBJECT_CONVERSION = YES_AGGRESSIVE;
				CLANG_CXX_LANGUAGE_STANDARD = "gnu++17";
				CLANG_ENABLE_MODULES = YES;
				CLANG_ENABLE_OBJC_ARC = YES;
				CLANG_ENABLE_OBJC_WEAK = YES;
				CLANG_WARN_BLOCK_CAPTURE_AUTORELEASING = YES;
				CLANG_WARN_BOOL_CONVERSION = YES;
				CLANG_WARN_COMMA = YES;
				CLANG_WARN_CONSTANT_CONVERSION = YES;
				CLANG_WARN_DEPRECATED_OBJC_IMPLEMENTATIONS = YES;
				CLANG_WARN_DIRECT_OBJC_ISA_USAGE = YES_ERROR;
				CLANG_WARN_DOCUMENTATION_COMMENTS = YES;
				CLANG_WARN_EMPTY_BODY = YES;
				CLANG_WARN_ENUM_CONVERSION = YES;
				CLANG_WARN_INFINITE_RECURSION = YES;
				CLANG_WARN_INT_CONVERSION = YES;
				CLANG_WARN_NON_LITERAL_NULL_CONVERSION = YES;
				CLANG_WARN_OBJC_IMPLICIT_RETAIN_SELF = YES;
				CLANG_WARN_OBJC_LITERAL_CONVERSION = YES;
				CLANG_WARN_OBJC_ROOT_CLASS = YES_ERROR;
				CLANG_WARN_QUOTED_INCLUDE_IN_FRAMEWORK_HEADER = YES;
				CLANG_WARN_RANGE_LOOP_ANALYSIS = YES;
				CLANG_WARN_STRICT_PROTOTYPES = YES;
				CLANG_WARN_SUSPICIOUS_MOVE = YES;
				CLANG_WARN_UNGUARDED_AVAILABILITY = YES_AGGRESSIVE;
				CLANG_WARN_UNREACHABLE_CODE = YES;
				CLANG_WARN__DUPLICATE_METHOD_MATCH = YES;
				COPY_PHASE_STRIP = NO;
				DEAD_CODE_STRIPPING = YES;
				DEBUG_INFORMATION_FORMAT = "dwarf-with-dsym";
				ENABLE_NS_ASSERTIONS = NO;
				ENABLE_STRICT_OBJC_MSGSEND = YES;
				GCC_C_LANGUAGE_STANDARD = gnu11;
				GCC_NO_COMMON_BLOCKS = YES;
				GCC_WARN_64_TO_32_BIT_CONVERSION = YES;
				GCC_WARN_ABOUT_RETURN_TYPE = YES_ERROR;
				GCC_WARN_UNDECLARED_SELECTOR = YES;
				GCC_WARN_UNINITIALIZED_AUTOS = YES_AGGRESSIVE;
				GCC_WARN_UNUSED_FUNCTION = YES;
				GCC_WARN_UNUSED_VARIABLE = YES;
				MTL_ENABLE_DEBUG_INFO = NO;
				MTL_FAST_MATH = YES;
				SWIFT_COMPILATION_MODE = wholemodule;
				SWIFT_OPTIMIZATION_LEVEL = "-O";
			};
			name = Release;
		};
		9AE30B5327E94B4600E3D44A /* Debug */ = {
			isa = XCBuildConfiguration;
			buildSettings = {
				ASSETCATALOG_COMPILER_APPICON_NAME = AppIcon;
				ASSETCATALOG_COMPILER_GLOBAL_ACCENT_COLOR_NAME = AccentColor;
				CODE_SIGN_STYLE = Automatic;
				CURRENT_PROJECT_VERSION = 1;
				DEVELOPMENT_TEAM = 3245FW657Z;
				ENABLE_PREVIEWS = YES;
				GENERATE_INFOPLIST_FILE = YES;
				INFOPLIST_FILE = "NOTEbookHelper--iOS--Info.plist";
				INFOPLIST_KEY_UIApplicationSupportsIndirectInputEvents = YES;
				INFOPLIST_KEY_UILaunchScreen_Generation = YES;
				INFOPLIST_KEY_UISupportedInterfaceOrientations_iPad = "UIInterfaceOrientationPortrait UIInterfaceOrientationPortraitUpsideDown UIInterfaceOrientationLandscapeLeft UIInterfaceOrientationLandscapeRight";
				INFOPLIST_KEY_UISupportedInterfaceOrientations_iPhone = "UIInterfaceOrientationPortrait UIInterfaceOrientationLandscapeLeft UIInterfaceOrientationLandscapeRight";
				IPHONEOS_DEPLOYMENT_TARGET = 16.1;
				LD_RUNPATH_SEARCH_PATHS = (
					"$(inherited)",
					"@executable_path/Frameworks",
				);
				MARKETING_VERSION = 1.0;
				PRODUCT_BUNDLE_IDENTIFIER = "com.MatthewFree.NOTEbook-Helper";
				PRODUCT_NAME = "NOTEbook Helper";
				SDKROOT = iphoneos;
				SWIFT_EMIT_LOC_STRINGS = YES;
				SWIFT_VERSION = 5.0;
				TARGETED_DEVICE_FAMILY = "1,2";
			};
			name = Debug;
		};
		9AE30B5427E94B4600E3D44A /* Release */ = {
			isa = XCBuildConfiguration;
			buildSettings = {
				ASSETCATALOG_COMPILER_APPICON_NAME = AppIcon;
				ASSETCATALOG_COMPILER_GLOBAL_ACCENT_COLOR_NAME = AccentColor;
				CODE_SIGN_STYLE = Automatic;
				CURRENT_PROJECT_VERSION = 1;
				DEVELOPMENT_TEAM = 3245FW657Z;
				ENABLE_PREVIEWS = YES;
				GENERATE_INFOPLIST_FILE = YES;
				INFOPLIST_FILE = "NOTEbookHelper--iOS--Info.plist";
				INFOPLIST_KEY_UIApplicationSupportsIndirectInputEvents = YES;
				INFOPLIST_KEY_UILaunchScreen_Generation = YES;
				INFOPLIST_KEY_UISupportedInterfaceOrientations_iPad = "UIInterfaceOrientationPortrait UIInterfaceOrientationPortraitUpsideDown UIInterfaceOrientationLandscapeLeft UIInterfaceOrientationLandscapeRight";
				INFOPLIST_KEY_UISupportedInterfaceOrientations_iPhone = "UIInterfaceOrientationPortrait UIInterfaceOrientationLandscapeLeft UIInterfaceOrientationLandscapeRight";
				IPHONEOS_DEPLOYMENT_TARGET = 16.1;
				LD_RUNPATH_SEARCH_PATHS = (
					"$(inherited)",
					"@executable_path/Frameworks",
				);
				MARKETING_VERSION = 1.0;
				PRODUCT_BUNDLE_IDENTIFIER = "com.MatthewFree.NOTEbook-Helper";
				PRODUCT_NAME = "NOTEbook Helper";
				SDKROOT = iphoneos;
				SWIFT_EMIT_LOC_STRINGS = YES;
				SWIFT_VERSION = 5.0;
				TARGETED_DEVICE_FAMILY = "1,2";
				VALIDATE_PRODUCT = YES;
			};
			name = Release;
		};
		9AE30B5627E94B4600E3D44A /* Debug */ = {
			isa = XCBuildConfiguration;
			buildSettings = {
				ASSETCATALOG_COMPILER_APPICON_NAME = AppIcon;
				ASSETCATALOG_COMPILER_GLOBAL_ACCENT_COLOR_NAME = AccentColor;
				CODE_SIGN_ENTITLEMENTS = macOS/macOS.entitlements;
				CODE_SIGN_IDENTITY = "-";
				CODE_SIGN_STYLE = Automatic;
				COMBINE_HIDPI_IMAGES = YES;
				CURRENT_PROJECT_VERSION = 1;
				DEAD_CODE_STRIPPING = YES;
				DEVELOPMENT_TEAM = 3245FW657Z;
				ENABLE_HARDENED_RUNTIME = YES;
				ENABLE_PREVIEWS = YES;
				GENERATE_INFOPLIST_FILE = YES;
				INFOPLIST_KEY_NSHumanReadableCopyright = "";
				LD_RUNPATH_SEARCH_PATHS = (
					"$(inherited)",
					"@executable_path/../Frameworks",
				);
				MACOSX_DEPLOYMENT_TARGET = 13.0;
				MARKETING_VERSION = 1.0;
				PRODUCT_BUNDLE_IDENTIFIER = "com.MatthewFree.NOTEbook-Helper";
				PRODUCT_NAME = NOTEbookHelper;
				SDKROOT = macosx;
				SWIFT_EMIT_LOC_STRINGS = YES;
				SWIFT_VERSION = 5.0;
			};
			name = Debug;
		};
		9AE30B5727E94B4600E3D44A /* Release */ = {
			isa = XCBuildConfiguration;
			buildSettings = {
				ASSETCATALOG_COMPILER_APPICON_NAME = AppIcon;
				ASSETCATALOG_COMPILER_GLOBAL_ACCENT_COLOR_NAME = AccentColor;
				CODE_SIGN_ENTITLEMENTS = macOS/macOS.entitlements;
				CODE_SIGN_IDENTITY = "-";
				CODE_SIGN_STYLE = Automatic;
				COMBINE_HIDPI_IMAGES = YES;
				CURRENT_PROJECT_VERSION = 1;
				DEAD_CODE_STRIPPING = YES;
				DEVELOPMENT_TEAM = 3245FW657Z;
				ENABLE_HARDENED_RUNTIME = YES;
				ENABLE_PREVIEWS = YES;
				GENERATE_INFOPLIST_FILE = YES;
				INFOPLIST_KEY_NSHumanReadableCopyright = "";
				LD_RUNPATH_SEARCH_PATHS = (
					"$(inherited)",
					"@executable_path/../Frameworks",
				);
				MACOSX_DEPLOYMENT_TARGET = 13.0;
				MARKETING_VERSION = 1.0;
				PRODUCT_BUNDLE_IDENTIFIER = "com.MatthewFree.NOTEbook-Helper";
				PRODUCT_NAME = NOTEbookHelper;
				SDKROOT = macosx;
				SWIFT_EMIT_LOC_STRINGS = YES;
				SWIFT_VERSION = 5.0;
			};
			name = Release;
		};
/* End XCBuildConfiguration section */

/* Begin XCConfigurationList section */
		9AE30B3827E94B4400E3D44A /* Build configuration list for PBXProject "NOTEbookHelper" */ = {
			isa = XCConfigurationList;
			buildConfigurations = (
				9AE30B5027E94B4600E3D44A /* Debug */,
				9AE30B5127E94B4600E3D44A /* Release */,
			);
			defaultConfigurationIsVisible = 0;
			defaultConfigurationName = Release;
		};
		9AE30B5227E94B4600E3D44A /* Build configuration list for PBXNativeTarget "NOTEbookHelper (iOS)" */ = {
			isa = XCConfigurationList;
			buildConfigurations = (
				9AE30B5327E94B4600E3D44A /* Debug */,
				9AE30B5427E94B4600E3D44A /* Release */,
			);
			defaultConfigurationIsVisible = 0;
			defaultConfigurationName = Release;
		};
		9AE30B5527E94B4600E3D44A /* Build configuration list for PBXNativeTarget "NOTEbookHelper (macOS)" */ = {
			isa = XCConfigurationList;
			buildConfigurations = (
				9AE30B5627E94B4600E3D44A /* Debug */,
				9AE30B5727E94B4600E3D44A /* Release */,
			);
			defaultConfigurationIsVisible = 0;
			defaultConfigurationName = Release;
		};
/* End XCConfigurationList section */
	};
	rootObject = 9AE30B3527E94B4400E3D44A /* Project object */;
}
